{
  "version": 4,
  "terraform_version": "1.7.5",
  "serial": 2562,
  "lineage": "71cf3029-101f-f3b8-23cf-7614323b681f",
  "outputs": {},
  "resources": [
    {
      "mode": "data",
      "type": "azurerm_client_config",
      "name": "current",
      "provider": "provider[\"registry.terraform.io/hashicorp/azurerm\"]",
      "instances": [
        {
          "schema_version": 0,
          "attributes": {
            "client_id": "04b07795-8ddb-461a-bbee-02f9e1bf7b46",
            "id": "Y2xpZW50Q29uZmlncy9jbGllbnRJZD0wNGIwNzc5NS04ZGRiLTQ2MWEtYmJlZS0wMmY5ZTFiZjdiNDY7b2JqZWN0SWQ9YTFlNTc5M2QtY2M5Ny00M2ZjLWIzYmItM2FkYjJlYWYxMDk1O3N1YnNjcmlwdGlvbklkPWFhYjhmODRjLTc3OTAtNDA3My1hZmUzLWJmMjdlZDViNjM5ZTt0ZW5hbnRJZD00YjkzZDMyNi1mMGJiLTRlMGEtYWRlMy0yZjFhMDBiMGMyYjc=",
            "object_id": "a1e5793d-cc97-43fc-b3bb-3adb2eaf1095",
            "subscription_id": "aab8f84c-7790-4073-afe3-bf27ed5b639e",
            "tenant_id": "4b93d326-f0bb-4e0a-ade3-2f1a00b0c2b7",
            "timeouts": null
          },
          "sensitive_attributes": []
        }
      ]
    },
    {
      "mode": "data",
      "type": "azurerm_subscription",
      "name": "current",
      "provider": "provider[\"registry.terraform.io/hashicorp/azurerm\"]",
      "instances": [
        {
          "schema_version": 0,
          "attributes": {
            "display_name": "NAM_Systems_Engineering",
            "id": "/subscriptions/aab8f84c-7790-4073-afe3-bf27ed5b639e",
            "location_placement_id": "Public_2014-09-01",
            "quota_id": "EnterpriseAgreement_2014-09-01",
            "spending_limit": "Off",
            "state": "Enabled",
            "subscription_id": "aab8f84c-7790-4073-afe3-bf27ed5b639e",
            "tags": {
              "CreatedDate": "2024-03-19T14:30:27.5061877Z",
              "Creator": "ToBeSetByAutomation",
              "c7n-contact": "nam-se-azure-security-contact_tschuler_akaziz",
              "c7n-cost-center": "555117",
              "c7n-environment": "dev",
              "c7n-product": "Sales",
              "ccoe-contact": "nam-se-azure-security-contact_tschuler_akaziz",
              "ccoe-cost-center": "555117",
              "ccoe-environment": "dev",
              "ccoe-product": "Sales"
            },
            "tenant_id": "4b93d326-f0bb-4e0a-ade3-2f1a00b0c2b7",
            "timeouts": null
          },
          "sensitive_attributes": []
        }
      ]
    },
    {
      "mode": "managed",
      "type": "azurerm_public_ip",
      "name": "main",
      "provider": "provider[\"registry.terraform.io/hashicorp/azurerm\"]",
      "instances": [
        {
          "schema_version": 0,
          "attributes": {
            "allocation_method": "Static",
            "ddos_protection_mode": "VirtualNetworkInherited",
            "ddos_protection_plan_id": null,
            "domain_name_label": null,
            "edge_zone": "",
            "fqdn": null,
            "id": "/subscriptions/aab8f84c-7790-4073-afe3-bf27ed5b639e/resourceGroups/brumnet-palo-rg/providers/Microsoft.Network/publicIPAddresses/brumnet-palo-pip",
            "idle_timeout_in_minutes": 4,
            "ip_address": "4.227.245.204",
            "ip_tags": null,
            "ip_version": "IPv4",
            "location": "eastus",
            "name": "brumnet-palo-pip",
            "public_ip_prefix_id": null,
            "resource_group_name": "brumnet-palo-rg",
            "reverse_fqdn": null,
            "sku": "Standard",
            "sku_tier": "Regional",
            "tags": {
              "CreatedDate": "2024-03-29T18:47:13.9697494Z",
              "Creator": "ToBeSetByAutomation",
              "environment": "YOUR_RANGE_ENV",
              "region": "eastus"
            },
            "timeouts": null,
            "zones": null
          },
          "sensitive_attributes": [],
          "private": "eyJlMmJmYjczMC1lY2FhLTExZTYtOGY4OC0zNDM2M2JjN2M0YzAiOnsiY3JlYXRlIjoxODAwMDAwMDAwMDAwLCJkZWxldGUiOjE4MDAwMDAwMDAwMDAsInJlYWQiOjMwMDAwMDAwMDAwMCwidXBkYXRlIjoxODAwMDAwMDAwMDAwfX0=",
          "dependencies": [
            "module.rgroup.azurerm_resource_group.resource_group"
          ]
        }
      ]
    },
    {
      "mode": "managed",
      "type": "azurerm_subnet",
      "name": "boltnet",
      "provider": "provider[\"registry.terraform.io/hashicorp/azurerm\"]",
      "instances": [
        {
          "schema_version": 0,
          "attributes": {
            "address_prefixes": [
              "91.52.62.0/24"
            ],
            "delegation": [],
            "enforce_private_link_endpoint_network_policies": false,
            "enforce_private_link_service_network_policies": false,
            "id": "/subscriptions/aab8f84c-7790-4073-afe3-bf27ed5b639e/resourceGroups/brumnet-palo-rg/providers/Microsoft.Network/virtualNetworks/brumnet-palo-vnet3/subnets/brumnet-palo-boltnet",
            "name": "brumnet-palo-boltnet",
            "private_endpoint_network_policies_enabled": true,
            "private_link_service_network_policies_enabled": true,
            "resource_group_name": "brumnet-palo-rg",
            "service_endpoint_policy_ids": null,
            "service_endpoints": null,
            "timeouts": null,
            "virtual_network_name": "brumnet-palo-vnet3"
          },
          "sensitive_attributes": [],
          "private": "eyJlMmJmYjczMC1lY2FhLTExZTYtOGY4OC0zNDM2M2JjN2M0YzAiOnsiY3JlYXRlIjoxODAwMDAwMDAwMDAwLCJkZWxldGUiOjE4MDAwMDAwMDAwMDAsInJlYWQiOjMwMDAwMDAwMDAwMCwidXBkYXRlIjoxODAwMDAwMDAwMDAwfX0=",
          "dependencies": [
            "azurerm_virtual_network.vnet3",
            "module.rgroup.azurerm_resource_group.resource_group"
          ]
        }
      ]
    },
    {
      "mode": "managed",
      "type": "azurerm_subnet",
      "name": "carbon_desk",
      "provider": "provider[\"registry.terraform.io/hashicorp/azurerm\"]",
      "instances": [
        {
          "schema_version": 0,
          "attributes": {
            "address_prefixes": [
              "10.20.20.0/24"
            ],
            "delegation": [],
            "enforce_private_link_endpoint_network_policies": false,
            "enforce_private_link_service_network_policies": false,
            "id": "/subscriptions/aab8f84c-7790-4073-afe3-bf27ed5b639e/resourceGroups/brumnet-palo-rg/providers/Microsoft.Network/virtualNetworks/brumnet-palo-vnet1/subnets/brumnet-palo-carbon-desk",
            "name": "brumnet-palo-carbon-desk",
            "private_endpoint_network_policies_enabled": true,
            "private_link_service_network_policies_enabled": true,
            "resource_group_name": "brumnet-palo-rg",
            "service_endpoint_policy_ids": null,
            "service_endpoints": null,
            "timeouts": null,
            "virtual_network_name": "brumnet-palo-vnet1"
          },
          "sensitive_attributes": [],
          "private": "eyJlMmJmYjczMC1lY2FhLTExZTYtOGY4OC0zNDM2M2JjN2M0YzAiOnsiY3JlYXRlIjoxODAwMDAwMDAwMDAwLCJkZWxldGUiOjE4MDAwMDAwMDAwMDAsInJlYWQiOjMwMDAwMDAwMDAwMCwidXBkYXRlIjoxODAwMDAwMDAwMDAwfX0=",
          "dependencies": [
            "azurerm_virtual_network.vnet1",
            "module.rgroup.azurerm_resource_group.resource_group"
          ]
        }
      ]
    },
    {
      "mode": "managed",
      "type": "azurerm_subnet",
      "name": "carbon_srv",
      "provider": "provider[\"registry.terraform.io/hashicorp/azurerm\"]",
      "instances": [
        {
          "schema_version": 0,
          "attributes": {
            "address_prefixes": [
              "10.20.10.0/24"
            ],
            "delegation": [],
            "enforce_private_link_endpoint_network_policies": false,
            "enforce_private_link_service_network_policies": false,
            "id": "/subscriptions/aab8f84c-7790-4073-afe3-bf27ed5b639e/resourceGroups/brumnet-palo-rg/providers/Microsoft.Network/virtualNetworks/brumnet-palo-vnet1/subnets/brumnet-palo-carbon-srv",
            "name": "brumnet-palo-carbon-srv",
            "private_endpoint_network_policies_enabled": true,
            "private_link_service_network_policies_enabled": true,
            "resource_group_name": "brumnet-palo-rg",
            "service_endpoint_policy_ids": null,
            "service_endpoints": null,
            "timeouts": null,
            "virtual_network_name": "brumnet-palo-vnet1"
          },
          "sensitive_attributes": [],
          "private": "eyJlMmJmYjczMC1lY2FhLTExZTYtOGY4OC0zNDM2M2JjN2M0YzAiOnsiY3JlYXRlIjoxODAwMDAwMDAwMDAwLCJkZWxldGUiOjE4MDAwMDAwMDAwMDAsInJlYWQiOjMwMDAwMDAwMDAwMCwidXBkYXRlIjoxODAwMDAwMDAwMDAwfX0=",
          "dependencies": [
            "azurerm_virtual_network.vnet1",
            "module.rgroup.azurerm_resource_group.resource_group"
          ]
        }
      ]
    },
    {
      "mode": "managed",
      "type": "azurerm_subnet",
      "name": "red",
      "provider": "provider[\"registry.terraform.io/hashicorp/azurerm\"]",
      "instances": [
        {
          "schema_version": 0,
          "attributes": {
            "address_prefixes": [
              "176.59.15.0/24"
            ],
            "delegation": [],
            "enforce_private_link_endpoint_network_policies": false,
            "enforce_private_link_service_network_policies": false,
            "id": "/subscriptions/aab8f84c-7790-4073-afe3-bf27ed5b639e/resourceGroups/brumnet-palo-rg/providers/Microsoft.Network/virtualNetworks/brumnet-palo-vnet2/subnets/brumnet-palo-red",
            "name": "brumnet-palo-red",
            "private_endpoint_network_policies_enabled": true,
            "private_link_service_network_policies_enabled": true,
            "resource_group_name": "brumnet-palo-rg",
            "service_endpoint_policy_ids": null,
            "service_endpoints": null,
            "timeouts": null,
            "virtual_network_name": "brumnet-palo-vnet2"
          },
          "sensitive_attributes": [],
          "private": "eyJlMmJmYjczMC1lY2FhLTExZTYtOGY4OC0zNDM2M2JjN2M0YzAiOnsiY3JlYXRlIjoxODAwMDAwMDAwMDAwLCJkZWxldGUiOjE4MDAwMDAwMDAwMDAsInJlYWQiOjMwMDAwMDAwMDAwMCwidXBkYXRlIjoxODAwMDAwMDAwMDAwfX0=",
          "dependencies": [
            "azurerm_virtual_network.vnet2",
            "module.rgroup.azurerm_resource_group.resource_group"
          ]
        }
      ]
    },
    {
      "mode": "managed",
      "type": "azurerm_subnet",
      "name": "snake_desk_v2",
      "provider": "provider[\"registry.terraform.io/hashicorp/azurerm\"]",
      "instances": [
        {
          "schema_version": 0,
          "attributes": {
            "address_prefixes": [
              "10.100.40.0/24"
            ],
            "delegation": [],
            "enforce_private_link_endpoint_network_policies": false,
            "enforce_private_link_service_network_policies": false,
            "id": "/subscriptions/aab8f84c-7790-4073-afe3-bf27ed5b639e/resourceGroups/brumnet-palo-rg/providers/Microsoft.Network/virtualNetworks/brumnet-palo-vnet1/subnets/brumnet-palo-snake-desk-v2",
            "name": "brumnet-palo-snake-desk-v2",
            "private_endpoint_network_policies_enabled": true,
            "private_link_service_network_policies_enabled": true,
            "resource_group_name": "brumnet-palo-rg",
            "service_endpoint_policy_ids": null,
            "service_endpoints": null,
            "timeouts": null,
            "virtual_network_name": "brumnet-palo-vnet1"
          },
          "sensitive_attributes": [],
          "private": "eyJlMmJmYjczMC1lY2FhLTExZTYtOGY4OC0zNDM2M2JjN2M0YzAiOnsiY3JlYXRlIjoxODAwMDAwMDAwMDAwLCJkZWxldGUiOjE4MDAwMDAwMDAwMDAsInJlYWQiOjMwMDAwMDAwMDAwMCwidXBkYXRlIjoxODAwMDAwMDAwMDAwfX0=",
          "dependencies": [
            "azurerm_virtual_network.vnet1",
            "module.rgroup.azurerm_resource_group.resource_group"
          ]
        }
      ]
    },
    {
      "mode": "managed",
      "type": "azurerm_subnet",
      "name": "snake_srv_v2",
      "provider": "provider[\"registry.terraform.io/hashicorp/azurerm\"]",
      "instances": [
        {
          "schema_version": 0,
          "attributes": {
            "address_prefixes": [
              "10.100.30.0/24"
            ],
            "delegation": [],
            "enforce_private_link_endpoint_network_policies": false,
            "enforce_private_link_service_network_policies": false,
            "id": "/subscriptions/aab8f84c-7790-4073-afe3-bf27ed5b639e/resourceGroups/brumnet-palo-rg/providers/Microsoft.Network/virtualNetworks/brumnet-palo-vnet1/subnets/brumnet-palo-snake-srv-v2",
            "name": "brumnet-palo-snake-srv-v2",
            "private_endpoint_network_policies_enabled": true,
            "private_link_service_network_policies_enabled": true,
            "resource_group_name": "brumnet-palo-rg",
            "service_endpoint_policy_ids": null,
            "service_endpoints": null,
            "timeouts": null,
            "virtual_network_name": "brumnet-palo-vnet1"
          },
          "sensitive_attributes": [],
          "private": "eyJlMmJmYjczMC1lY2FhLTExZTYtOGY4OC0zNDM2M2JjN2M0YzAiOnsiY3JlYXRlIjoxODAwMDAwMDAwMDAwLCJkZWxldGUiOjE4MDAwMDAwMDAwMDAsInJlYWQiOjMwMDAwMDAwMDAwMCwidXBkYXRlIjoxODAwMDAwMDAwMDAwfX0=",
          "dependencies": [
            "azurerm_virtual_network.vnet1",
            "module.rgroup.azurerm_resource_group.resource_group"
          ]
        }
      ]
    },
    {
      "mode": "managed",
      "type": "azurerm_subnet",
      "name": "support",
      "provider": "provider[\"registry.terraform.io/hashicorp/azurerm\"]",
      "instances": [
        {
          "schema_version": 0,
          "attributes": {
            "address_prefixes": [
              "91.52.201.0/24"
            ],
            "delegation": [],
            "enforce_private_link_endpoint_network_policies": false,
            "enforce_private_link_service_network_policies": false,
            "id": "/subscriptions/aab8f84c-7790-4073-afe3-bf27ed5b639e/resourceGroups/brumnet-palo-rg/providers/Microsoft.Network/virtualNetworks/brumnet-palo-vnet3/subnets/brumnet-palo-support",
            "name": "brumnet-palo-support",
            "private_endpoint_network_policies_enabled": true,
            "private_link_service_network_policies_enabled": true,
            "resource_group_name": "brumnet-palo-rg",
            "service_endpoint_policy_ids": null,
            "service_endpoints": null,
            "timeouts": null,
            "virtual_network_name": "brumnet-palo-vnet3"
          },
          "sensitive_attributes": [],
          "private": "eyJlMmJmYjczMC1lY2FhLTExZTYtOGY4OC0zNDM2M2JjN2M0YzAiOnsiY3JlYXRlIjoxODAwMDAwMDAwMDAwLCJkZWxldGUiOjE4MDAwMDAwMDAwMDAsInJlYWQiOjMwMDAwMDAwMDAwMCwidXBkYXRlIjoxODAwMDAwMDAwMDAwfX0=",
          "dependencies": [
            "azurerm_virtual_network.vnet3",
            "module.rgroup.azurerm_resource_group.resource_group"
          ]
        }
      ]
    },
    {
      "mode": "managed",
      "type": "azurerm_subnet",
      "name": "vpn",
      "provider": "provider[\"registry.terraform.io/hashicorp/azurerm\"]",
      "instances": [
        {
          "schema_version": 0,
          "attributes": {
            "address_prefixes": [
              "10.20.50.0/24"
            ],
            "delegation": [],
            "enforce_private_link_endpoint_network_policies": false,
            "enforce_private_link_service_network_policies": false,
            "id": "/subscriptions/aab8f84c-7790-4073-afe3-bf27ed5b639e/resourceGroups/brumnet-palo-rg/providers/Microsoft.Network/virtualNetworks/brumnet-palo-vnet1/subnets/GatewaySubnet",
            "name": "GatewaySubnet",
            "private_endpoint_network_policies_enabled": true,
            "private_link_service_network_policies_enabled": true,
            "resource_group_name": "brumnet-palo-rg",
            "service_endpoint_policy_ids": null,
            "service_endpoints": null,
            "timeouts": null,
            "virtual_network_name": "brumnet-palo-vnet1"
          },
          "sensitive_attributes": [],
          "private": "eyJlMmJmYjczMC1lY2FhLTExZTYtOGY4OC0zNDM2M2JjN2M0YzAiOnsiY3JlYXRlIjoxODAwMDAwMDAwMDAwLCJkZWxldGUiOjE4MDAwMDAwMDAwMDAsInJlYWQiOjMwMDAwMDAwMDAwMCwidXBkYXRlIjoxODAwMDAwMDAwMDAwfX0=",
          "dependencies": [
            "azurerm_virtual_network.vnet1",
            "module.rgroup.azurerm_resource_group.resource_group"
          ]
        }
      ]
    },
    {
      "mode": "managed",
      "type": "azurerm_virtual_network",
      "name": "vnet1",
      "provider": "provider[\"registry.terraform.io/hashicorp/azurerm\"]",
      "instances": [
        {
          "schema_version": 0,
          "attributes": {
            "address_space": [
              "10.20.0.0/16",
              "10.100.0.0/16"
            ],
            "bgp_community": "",
            "ddos_protection_plan": [],
            "dns_servers": [],
            "edge_zone": "",
            "flow_timeout_in_minutes": 0,
            "guid": "99ca5a58-a844-4409-b7db-821c22a3db69",
            "id": "/subscriptions/aab8f84c-7790-4073-afe3-bf27ed5b639e/resourceGroups/brumnet-palo-rg/providers/Microsoft.Network/virtualNetworks/brumnet-palo-vnet1",
            "location": "eastus",
            "name": "brumnet-palo-vnet1",
            "resource_group_name": "brumnet-palo-rg",
            "subnet": [],
            "tags": {
              "CreatedDate": "2024-03-29T18:47:13.8874210Z",
              "Creator": "ToBeSetByAutomation",
              "environment": "YOUR_RANGE_ENV",
              "region": "eastus"
            },
            "timeouts": null
          },
          "sensitive_attributes": [],
          "private": "eyJlMmJmYjczMC1lY2FhLTExZTYtOGY4OC0zNDM2M2JjN2M0YzAiOnsiY3JlYXRlIjoxODAwMDAwMDAwMDAwLCJkZWxldGUiOjE4MDAwMDAwMDAwMDAsInJlYWQiOjMwMDAwMDAwMDAwMCwidXBkYXRlIjoxODAwMDAwMDAwMDAwfX0=",
          "dependencies": [
            "module.rgroup.azurerm_resource_group.resource_group"
          ]
        }
      ]
    },
    {
      "mode": "managed",
      "type": "azurerm_virtual_network",
      "name": "vnet2",
      "provider": "provider[\"registry.terraform.io/hashicorp/azurerm\"]",
      "instances": [
        {
          "schema_version": 0,
          "attributes": {
            "address_space": [
              "176.59.0.0/16"
            ],
            "bgp_community": "",
            "ddos_protection_plan": [],
            "dns_servers": [],
            "edge_zone": "",
            "flow_timeout_in_minutes": 0,
            "guid": "0e2aef22-4d0d-4105-aa4b-dd9bcec6f17c",
            "id": "/subscriptions/aab8f84c-7790-4073-afe3-bf27ed5b639e/resourceGroups/brumnet-palo-rg/providers/Microsoft.Network/virtualNetworks/brumnet-palo-vnet2",
            "location": "eastus",
            "name": "brumnet-palo-vnet2",
            "resource_group_name": "brumnet-palo-rg",
            "subnet": [],
            "tags": {
              "CreatedDate": "2024-03-29T18:47:14.0127297Z",
              "Creator": "ToBeSetByAutomation",
              "environment": "YOUR_RANGE_ENV",
              "region": "eastus"
            },
            "timeouts": null
          },
          "sensitive_attributes": [],
          "private": "eyJlMmJmYjczMC1lY2FhLTExZTYtOGY4OC0zNDM2M2JjN2M0YzAiOnsiY3JlYXRlIjoxODAwMDAwMDAwMDAwLCJkZWxldGUiOjE4MDAwMDAwMDAwMDAsInJlYWQiOjMwMDAwMDAwMDAwMCwidXBkYXRlIjoxODAwMDAwMDAwMDAwfX0=",
          "dependencies": [
            "module.rgroup.azurerm_resource_group.resource_group"
          ]
        }
      ]
    },
    {
      "mode": "managed",
      "type": "azurerm_virtual_network",
      "name": "vnet3",
      "provider": "provider[\"registry.terraform.io/hashicorp/azurerm\"]",
      "instances": [
        {
          "schema_version": 0,
          "attributes": {
            "address_space": [
              "91.52.0.0/16"
            ],
            "bgp_community": "",
            "ddos_protection_plan": [],
            "dns_servers": [],
            "edge_zone": "",
            "flow_timeout_in_minutes": 0,
            "guid": "bb87a7bd-4284-4a1f-9c6a-87457ba2a187",
            "id": "/subscriptions/aab8f84c-7790-4073-afe3-bf27ed5b639e/resourceGroups/brumnet-palo-rg/providers/Microsoft.Network/virtualNetworks/brumnet-palo-vnet3",
            "location": "eastus",
            "name": "brumnet-palo-vnet3",
            "resource_group_name": "brumnet-palo-rg",
            "subnet": [],
            "tags": {
              "CreatedDate": "2024-03-29T18:47:13.9392938Z",
              "Creator": "ToBeSetByAutomation"
            },
            "timeouts": null
          },
          "sensitive_attributes": [],
          "private": "eyJlMmJmYjczMC1lY2FhLTExZTYtOGY4OC0zNDM2M2JjN2M0YzAiOnsiY3JlYXRlIjoxODAwMDAwMDAwMDAwLCJkZWxldGUiOjE4MDAwMDAwMDAwMDAsInJlYWQiOjMwMDAwMDAwMDAwMCwidXBkYXRlIjoxODAwMDAwMDAwMDAwfX0=",
          "dependencies": [
            "module.rgroup.azurerm_resource_group.resource_group"
          ]
        }
      ]
    },
    {
      "mode": "managed",
      "type": "azurerm_virtual_network_gateway",
      "name": "main",
      "provider": "provider[\"registry.terraform.io/hashicorp/azurerm\"]",
      "instances": [
        {
          "schema_version": 0,
          "attributes": {
            "active_active": false,
            "bgp_settings": [
              {
                "asn": 65515,
                "peer_weight": 0,
                "peering_addresses": [
                  {
                    "apipa_addresses": [],
                    "default_addresses": [
                      "10.20.50.254"
                    ],
                    "ip_configuration_name": "vnetGatewayConfig",
                    "tunnel_ip_addresses": [
                      "4.227.245.204"
                    ]
                  }
                ]
              }
            ],
            "custom_route": [
              {
                "address_prefixes": [
                  "176.59.0.0/16",
                  "91.52.0.0/16"
                ]
              }
            ],
            "default_local_network_gateway_id": null,
            "edge_zone": "",
            "enable_bgp": false,
            "generation": "Generation2",
            "id": "/subscriptions/aab8f84c-7790-4073-afe3-bf27ed5b639e/resourceGroups/brumnet-palo-rg/providers/Microsoft.Network/virtualNetworkGateways/brumnet-palo-vpn",
            "ip_configuration": [
              {
                "name": "vnetGatewayConfig",
                "private_ip_address_allocation": "Dynamic",
                "public_ip_address_id": "/subscriptions/aab8f84c-7790-4073-afe3-bf27ed5b639e/resourceGroups/brumnet-palo-rg/providers/Microsoft.Network/publicIPAddresses/brumnet-palo-pip",
                "subnet_id": "/subscriptions/aab8f84c-7790-4073-afe3-bf27ed5b639e/resourceGroups/brumnet-palo-rg/providers/Microsoft.Network/virtualNetworks/brumnet-palo-vnet1/subnets/GatewaySubnet"
              }
            ],
            "location": "eastus",
            "name": "brumnet-palo-vpn",
            "private_ip_address_enabled": false,
            "resource_group_name": "brumnet-palo-rg",
            "sku": "VpnGw2",
            "tags": {
              "CreatedDate": "2024-03-29T18:47:37.8977057Z",
              "Creator": "ToBeSetByAutomation",
              "environment": "YOUR_RANGE_ENV",
              "region": "eastus"
            },
            "timeouts": null,
            "type": "Vpn",
            "vpn_client_configuration": [
              {
                "aad_audience": "",
                "aad_issuer": "",
                "aad_tenant": "",
                "address_space": [
                  "10.1.0.0/24"
                ],
                "radius_server_address": "",
                "radius_server_secret": "",
                "revoked_certificate": [],
                "root_certificate": [],
                "vpn_auth_types": [],
                "vpn_client_protocols": [
                  "IkeV2",
                  "OpenVPN"
                ]
              }
            ],
            "vpn_type": "RouteBased"
          },
          "sensitive_attributes": [],
          "private": "eyJlMmJmYjczMC1lY2FhLTExZTYtOGY4OC0zNDM2M2JjN2M0YzAiOnsiY3JlYXRlIjozNjAwMDAwMDAwMDAwLCJkZWxldGUiOjM2MDAwMDAwMDAwMDAsInJlYWQiOjMwMDAwMDAwMDAwMCwidXBkYXRlIjozNjAwMDAwMDAwMDAwfX0=",
          "dependencies": [
            "azurerm_public_ip.main",
            "azurerm_subnet.vpn",
            "azurerm_virtual_network.vnet1",
            "module.rgroup.azurerm_resource_group.resource_group"
          ]
        }
      ]
    },
    {
      "mode": "managed",
      "type": "azurerm_virtual_network_peering",
      "name": "peer1to2",
      "provider": "provider[\"registry.terraform.io/hashicorp/azurerm\"]",
      "instances": [
        {
          "schema_version": 0,
          "attributes": {
            "allow_forwarded_traffic": true,
            "allow_gateway_transit": true,
            "allow_virtual_network_access": true,
            "id": "/subscriptions/aab8f84c-7790-4073-afe3-bf27ed5b639e/resourceGroups/brumnet-palo-rg/providers/Microsoft.Network/virtualNetworks/brumnet-palo-vnet1/virtualNetworkPeerings/brumnet-palo-peervic2support",
            "name": "brumnet-palo-peervic2support",
            "remote_virtual_network_id": "/subscriptions/aab8f84c-7790-4073-afe3-bf27ed5b639e/resourceGroups/brumnet-palo-rg/providers/Microsoft.Network/virtualNetworks/brumnet-palo-vnet2",
            "resource_group_name": "brumnet-palo-rg",
            "timeouts": null,
            "use_remote_gateways": false,
            "virtual_network_name": "brumnet-palo-vnet1"
          },
          "sensitive_attributes": [],
          "private": "eyJlMmJmYjczMC1lY2FhLTExZTYtOGY4OC0zNDM2M2JjN2M0YzAiOnsiY3JlYXRlIjoxODAwMDAwMDAwMDAwLCJkZWxldGUiOjE4MDAwMDAwMDAwMDAsInJlYWQiOjMwMDAwMDAwMDAwMCwidXBkYXRlIjoxODAwMDAwMDAwMDAwfX0=",
          "dependencies": [
            "azurerm_virtual_network.vnet1",
            "azurerm_virtual_network.vnet2",
            "module.rgroup.azurerm_resource_group.resource_group"
          ]
        }
      ]
    },
    {
      "mode": "managed",
      "type": "azurerm_virtual_network_peering",
      "name": "peer1to3",
      "provider": "provider[\"registry.terraform.io/hashicorp/azurerm\"]",
      "instances": [
        {
          "schema_version": 0,
          "attributes": {
            "allow_forwarded_traffic": true,
            "allow_gateway_transit": true,
            "allow_virtual_network_access": true,
            "id": "/subscriptions/aab8f84c-7790-4073-afe3-bf27ed5b639e/resourceGroups/brumnet-palo-rg/providers/Microsoft.Network/virtualNetworks/brumnet-palo-vnet1/virtualNetworkPeerings/brumnet-palo-peervic2boltnet",
            "name": "brumnet-palo-peervic2boltnet",
            "remote_virtual_network_id": "/subscriptions/aab8f84c-7790-4073-afe3-bf27ed5b639e/resourceGroups/brumnet-palo-rg/providers/Microsoft.Network/virtualNetworks/brumnet-palo-vnet3",
            "resource_group_name": "brumnet-palo-rg",
            "timeouts": null,
            "use_remote_gateways": false,
            "virtual_network_name": "brumnet-palo-vnet1"
          },
          "sensitive_attributes": [],
          "private": "eyJlMmJmYjczMC1lY2FhLTExZTYtOGY4OC0zNDM2M2JjN2M0YzAiOnsiY3JlYXRlIjoxODAwMDAwMDAwMDAwLCJkZWxldGUiOjE4MDAwMDAwMDAwMDAsInJlYWQiOjMwMDAwMDAwMDAwMCwidXBkYXRlIjoxODAwMDAwMDAwMDAwfX0=",
          "dependencies": [
            "azurerm_virtual_network.vnet1",
            "azurerm_virtual_network.vnet3",
            "module.rgroup.azurerm_resource_group.resource_group"
          ]
        }
      ]
    },
    {
      "mode": "managed",
      "type": "azurerm_virtual_network_peering",
      "name": "peer2to1",
      "provider": "provider[\"registry.terraform.io/hashicorp/azurerm\"]",
      "instances": [
        {
          "schema_version": 0,
          "attributes": {
            "allow_forwarded_traffic": true,
            "allow_gateway_transit": false,
            "allow_virtual_network_access": true,
            "id": "/subscriptions/aab8f84c-7790-4073-afe3-bf27ed5b639e/resourceGroups/brumnet-palo-rg/providers/Microsoft.Network/virtualNetworks/brumnet-palo-vnet2/virtualNetworkPeerings/brumnet-palo-peersupport2vic",
            "name": "brumnet-palo-peersupport2vic",
            "remote_virtual_network_id": "/subscriptions/aab8f84c-7790-4073-afe3-bf27ed5b639e/resourceGroups/brumnet-palo-rg/providers/Microsoft.Network/virtualNetworks/brumnet-palo-vnet1",
            "resource_group_name": "brumnet-palo-rg",
            "timeouts": null,
            "use_remote_gateways": true,
            "virtual_network_name": "brumnet-palo-vnet2"
          },
          "sensitive_attributes": [],
          "private": "eyJlMmJmYjczMC1lY2FhLTExZTYtOGY4OC0zNDM2M2JjN2M0YzAiOnsiY3JlYXRlIjoxODAwMDAwMDAwMDAwLCJkZWxldGUiOjE4MDAwMDAwMDAwMDAsInJlYWQiOjMwMDAwMDAwMDAwMCwidXBkYXRlIjoxODAwMDAwMDAwMDAwfX0=",
          "dependencies": [
            "azurerm_public_ip.main",
            "azurerm_subnet.vpn",
            "azurerm_virtual_network.vnet1",
            "azurerm_virtual_network.vnet2",
            "azurerm_virtual_network_gateway.main",
            "module.rgroup.azurerm_resource_group.resource_group"
          ]
        }
      ]
    },
    {
      "mode": "managed",
      "type": "azurerm_virtual_network_peering",
      "name": "peer2to3",
      "provider": "provider[\"registry.terraform.io/hashicorp/azurerm\"]",
      "instances": [
        {
          "schema_version": 0,
          "attributes": {
            "allow_forwarded_traffic": true,
            "allow_gateway_transit": false,
            "allow_virtual_network_access": true,
            "id": "/subscriptions/aab8f84c-7790-4073-afe3-bf27ed5b639e/resourceGroups/brumnet-palo-rg/providers/Microsoft.Network/virtualNetworks/brumnet-palo-vnet2/virtualNetworkPeerings/brumnet-palo-peersupport2boltnet",
            "name": "brumnet-palo-peersupport2boltnet",
            "remote_virtual_network_id": "/subscriptions/aab8f84c-7790-4073-afe3-bf27ed5b639e/resourceGroups/brumnet-palo-rg/providers/Microsoft.Network/virtualNetworks/brumnet-palo-vnet3",
            "resource_group_name": "brumnet-palo-rg",
            "timeouts": null,
            "use_remote_gateways": false,
            "virtual_network_name": "brumnet-palo-vnet2"
          },
          "sensitive_attributes": [],
          "private": "eyJlMmJmYjczMC1lY2FhLTExZTYtOGY4OC0zNDM2M2JjN2M0YzAiOnsiY3JlYXRlIjoxODAwMDAwMDAwMDAwLCJkZWxldGUiOjE4MDAwMDAwMDAwMDAsInJlYWQiOjMwMDAwMDAwMDAwMCwidXBkYXRlIjoxODAwMDAwMDAwMDAwfX0=",
          "dependencies": [
            "azurerm_virtual_network.vnet2",
            "azurerm_virtual_network.vnet3",
            "module.rgroup.azurerm_resource_group.resource_group"
          ]
        }
      ]
    },
    {
      "mode": "managed",
      "type": "azurerm_virtual_network_peering",
      "name": "peer3to1",
      "provider": "provider[\"registry.terraform.io/hashicorp/azurerm\"]",
      "instances": [
        {
          "schema_version": 0,
          "attributes": {
            "allow_forwarded_traffic": true,
            "allow_gateway_transit": false,
            "allow_virtual_network_access": true,
            "id": "/subscriptions/aab8f84c-7790-4073-afe3-bf27ed5b639e/resourceGroups/brumnet-palo-rg/providers/Microsoft.Network/virtualNetworks/brumnet-palo-vnet3/virtualNetworkPeerings/brumnet-palo-peerboltnet2vic",
            "name": "brumnet-palo-peerboltnet2vic",
            "remote_virtual_network_id": "/subscriptions/aab8f84c-7790-4073-afe3-bf27ed5b639e/resourceGroups/brumnet-palo-rg/providers/Microsoft.Network/virtualNetworks/brumnet-palo-vnet1",
            "resource_group_name": "brumnet-palo-rg",
            "timeouts": null,
            "use_remote_gateways": true,
            "virtual_network_name": "brumnet-palo-vnet3"
          },
          "sensitive_attributes": [],
          "private": "eyJlMmJmYjczMC1lY2FhLTExZTYtOGY4OC0zNDM2M2JjN2M0YzAiOnsiY3JlYXRlIjoxODAwMDAwMDAwMDAwLCJkZWxldGUiOjE4MDAwMDAwMDAwMDAsInJlYWQiOjMwMDAwMDAwMDAwMCwidXBkYXRlIjoxODAwMDAwMDAwMDAwfX0=",
          "dependencies": [
            "azurerm_public_ip.main",
            "azurerm_subnet.vpn",
            "azurerm_virtual_network.vnet1",
            "azurerm_virtual_network.vnet3",
            "azurerm_virtual_network_gateway.main",
            "module.rgroup.azurerm_resource_group.resource_group"
          ]
        }
      ]
    },
    {
      "mode": "managed",
      "type": "azurerm_virtual_network_peering",
      "name": "peer3to2",
      "provider": "provider[\"registry.terraform.io/hashicorp/azurerm\"]",
      "instances": [
        {
          "schema_version": 0,
          "attributes": {
            "allow_forwarded_traffic": true,
            "allow_gateway_transit": false,
            "allow_virtual_network_access": true,
            "id": "/subscriptions/aab8f84c-7790-4073-afe3-bf27ed5b639e/resourceGroups/brumnet-palo-rg/providers/Microsoft.Network/virtualNetworks/brumnet-palo-vnet3/virtualNetworkPeerings/brumnet-palo-peerboltnet2support",
            "name": "brumnet-palo-peerboltnet2support",
            "remote_virtual_network_id": "/subscriptions/aab8f84c-7790-4073-afe3-bf27ed5b639e/resourceGroups/brumnet-palo-rg/providers/Microsoft.Network/virtualNetworks/brumnet-palo-vnet2",
            "resource_group_name": "brumnet-palo-rg",
            "timeouts": null,
            "use_remote_gateways": false,
            "virtual_network_name": "brumnet-palo-vnet3"
          },
          "sensitive_attributes": [],
          "private": "eyJlMmJmYjczMC1lY2FhLTExZTYtOGY4OC0zNDM2M2JjN2M0YzAiOnsiY3JlYXRlIjoxODAwMDAwMDAwMDAwLCJkZWxldGUiOjE4MDAwMDAwMDAwMDAsInJlYWQiOjMwMDAwMDAwMDAwMCwidXBkYXRlIjoxODAwMDAwMDAwMDAwfX0=",
          "dependencies": [
            "azurerm_virtual_network.vnet2",
            "azurerm_virtual_network.vnet3",
            "module.rgroup.azurerm_resource_group.resource_group"
          ]
        }
      ]
    },
    {
      "mode": "managed",
      "type": "random_id",
      "name": "id-random",
      "provider": "provider[\"registry.terraform.io/hashicorp/random\"]",
      "instances": [
        {
          "schema_version": 0,
          "attributes": {
            "b64_std": "IKVU",
            "b64_url": "IKVU",
            "byte_length": 3,
            "dec": "2139476",
            "hex": "20a554",
            "id": "IKVU",
            "keepers": null,
            "prefix": null
          },
          "sensitive_attributes": []
        }
      ]
    },
    {
      "module": "module.boltnet-redirect-srv1",
      "mode": "managed",
      "type": "azurerm_linux_virtual_machine",
      "name": "main",
      "provider": "provider[\"registry.terraform.io/hashicorp/azurerm\"]",
      "instances": [
        {
          "schema_version": 0,
          "attributes": {
            "additional_capabilities": [],
            "admin_password": "LtCyber1!",
            "admin_ssh_key": [
              {
                "public_key": "ssh-rsa AAAAB3NzaC1yc2EAAAADAQABAAACAQCXID8jsBr9HBSAUEUw0zst4tIQbN9Q1R0VLM2SjCp4qI760uXf/P5Fq3Bi+z4wA0WuRQKZCBFYZ18doo5j4mmcNNdFYtjNGvclZR6zNHvDtu4TRpIO3UMDCnqLD1/xQYna2sQQGRcQXC+gw6FXbtpQKdPpnXg62SKLpOCQHuO2QnFBcZ/z5LdcXpwTioi9bdz+pd6wWyNN/cHwpY3cZUp6ctsuvTYSrlt2/69vkESBPXHT8uWeJLYJAtdnXaP1gNw73YCurG6Q8RzMz3UfC02FKpva2rMh8qV9ULOF6GcDX7S2b9hCYJm0C+QSNGlWJzHGe86Jptqcd3+lJkuVuDOz8I37XULczCTMLPqtuyQuqpPO6bzwj9MCaQZtDovKRu7i7Hw3dJkguluyrhQxuhyQPM4IEm2L+aydJ2JfPLQsYyhvcu2HqhMYtM7UaHJ4AvC5pqb64XS60vUdrgq0crN6EG5bncZiYCWelhgv8QxdERD5QSZxUbXZ7a/Ewiq5i8nj0LC/9+cvrRbBJyPz9nZW0HqQlpAq/M3AIw5UEXDqt5YxBPNbeRJEbrRgP1zQJc1DfYHLmImXcAt56Db6PmX2h2Gr5o/oYNnTZ/xQWUAQC7Yv+6fcfzPLGlwxpqnxlJyESYvP2DV33zgYb0Lyxknwpr350NrFksqmSzOpKFOluw== sbrumley@M-WHQTJW63YP\n",
                "username": "adminuser"
              }
            ],
            "admin_username": "adminuser",
            "allow_extension_operations": true,
            "availability_set_id": "",
            "boot_diagnostics": [],
            "capacity_reservation_group_id": "",
            "computer_name": "brumnet-palo-redirect-srv1",
            "custom_data": null,
            "dedicated_host_group_id": "",
            "dedicated_host_id": "",
            "disable_password_authentication": false,
            "edge_zone": "",
            "encryption_at_host_enabled": false,
            "eviction_policy": "",
            "extensions_time_budget": "PT1H30M",
            "gallery_application": [],
            "id": "/subscriptions/aab8f84c-7790-4073-afe3-bf27ed5b639e/resourceGroups/brumnet-palo-rg/providers/Microsoft.Compute/virtualMachines/brumnet-palo-redirect-srv1",
            "identity": [],
            "license_type": "",
            "location": "eastus",
            "max_bid_price": -1,
            "name": "brumnet-palo-redirect-srv1",
            "network_interface_ids": [
              "/subscriptions/aab8f84c-7790-4073-afe3-bf27ed5b639e/resourceGroups/brumnet-palo-rg/providers/Microsoft.Network/networkInterfaces/brumnet-palo-redirect-srv1-nic-0",
              "/subscriptions/aab8f84c-7790-4073-afe3-bf27ed5b639e/resourceGroups/brumnet-palo-rg/providers/Microsoft.Network/networkInterfaces/brumnet-palo-redirect-srv1-nic-1",
              "/subscriptions/aab8f84c-7790-4073-afe3-bf27ed5b639e/resourceGroups/brumnet-palo-rg/providers/Microsoft.Network/networkInterfaces/brumnet-palo-redirect-srv1-nic-2"
            ],
            "os_disk": [
              {
                "caching": "ReadWrite",
                "diff_disk_settings": [],
                "disk_encryption_set_id": "",
                "disk_size_gb": 30,
                "name": "brumnet-palo-redirect-srv1_disk1_ddaef2c9b23247e8a24946767fd62cdf",
                "secure_vm_disk_encryption_set_id": "",
                "security_encryption_type": "",
                "storage_account_type": "StandardSSD_LRS",
                "write_accelerator_enabled": false
              }
            ],
            "patch_assessment_mode": "ImageDefault",
            "patch_mode": "ImageDefault",
            "plan": [],
            "platform_fault_domain": -1,
            "priority": "Regular",
            "private_ip_address": "91.52.62.64",
            "private_ip_addresses": [
              "91.52.62.64",
              "91.52.62.137",
              "91.52.62.203"
            ],
            "provision_vm_agent": true,
            "proximity_placement_group_id": "",
            "public_ip_address": "",
            "public_ip_addresses": [],
            "resource_group_name": "brumnet-palo-rg",
            "secret": [],
            "secure_boot_enabled": false,
            "size": "Standard_D8s_v4",
            "source_image_id": "",
            "source_image_reference": [
              {
                "offer": "0001-com-ubuntu-server-focal",
                "publisher": "Canonical",
                "sku": "20_04-lts-gen2",
                "version": "20.04.202207130"
              }
            ],
            "tags": {
              "CreatedDate": "2024-03-29T18:49:23.0256692Z",
              "Creator": "ToBeSetByAutomation",
              "category": "",
              "description": "Redirect Ubuntu Server - amalie",
              "environment": "YOUR_RANGE_ENV",
              "region": "eastus"
            },
            "termination_notification": null,
            "timeouts": null,
            "user_data": "",
            "virtual_machine_id": "a9794a54-c588-47d0-93cc-66d33f5d8fbb",
            "virtual_machine_scale_set_id": "",
            "vtpm_enabled": false,
            "zone": ""
          },
          "sensitive_attributes": [],
          "private": "eyJlMmJmYjczMC1lY2FhLTExZTYtOGY4OC0zNDM2M2JjN2M0YzAiOnsiY3JlYXRlIjoyNzAwMDAwMDAwMDAwLCJkZWxldGUiOjI3MDAwMDAwMDAwMDAsInJlYWQiOjMwMDAwMDAwMDAwMCwidXBkYXRlIjoyNzAwMDAwMDAwMDAwfX0=",
          "dependencies": [
            "azurerm_subnet.boltnet",
            "azurerm_subnet.support",
            "azurerm_virtual_network.vnet3",
            "module.boltnet-redirect-srv1.azurerm_network_interface.main",
            "module.rgroup.azurerm_resource_group.resource_group",
            "module.support-dns-srv1.azurerm_network_interface.main"
          ]
        }
      ]
    },
    {
      "module": "module.boltnet-redirect-srv1",
      "mode": "managed",
      "type": "azurerm_network_interface",
      "name": "main",
      "provider": "provider[\"registry.terraform.io/hashicorp/azurerm\"]",
      "instances": [
        {
          "index_key": 0,
          "schema_version": 0,
          "attributes": {
            "applied_dns_servers": [],
            "dns_servers": [
              "91.52.201.22"
            ],
            "edge_zone": "",
            "enable_accelerated_networking": false,
            "enable_ip_forwarding": true,
            "id": "/subscriptions/aab8f84c-7790-4073-afe3-bf27ed5b639e/resourceGroups/brumnet-palo-rg/providers/Microsoft.Network/networkInterfaces/brumnet-palo-redirect-srv1-nic-0",
            "internal_dns_name_label": "",
            "internal_domain_name_suffix": "xwtypo2eiipuvhdkq3cxxivbqh.bx.internal.cloudapp.net",
            "ip_configuration": [
              {
                "gateway_load_balancer_frontend_ip_configuration_id": "",
                "name": "internal",
                "primary": true,
                "private_ip_address": "91.52.62.64",
                "private_ip_address_allocation": "Static",
                "private_ip_address_version": "IPv4",
                "public_ip_address_id": "",
                "subnet_id": "/subscriptions/aab8f84c-7790-4073-afe3-bf27ed5b639e/resourceGroups/brumnet-palo-rg/providers/Microsoft.Network/virtualNetworks/brumnet-palo-vnet3/subnets/brumnet-palo-boltnet"
              }
            ],
            "location": "eastus",
            "mac_address": "",
            "name": "brumnet-palo-redirect-srv1-nic-0",
            "private_ip_address": "91.52.62.64",
            "private_ip_addresses": [
              "91.52.62.64"
            ],
            "resource_group_name": "brumnet-palo-rg",
            "tags": {
              "CreatedDate": "2024-03-29T18:49:10.8214345Z",
              "Creator": "ToBeSetByAutomation"
            },
            "timeouts": null,
            "virtual_machine_id": ""
          },
          "sensitive_attributes": [],
          "private": "eyJlMmJmYjczMC1lY2FhLTExZTYtOGY4OC0zNDM2M2JjN2M0YzAiOnsiY3JlYXRlIjoxODAwMDAwMDAwMDAwLCJkZWxldGUiOjE4MDAwMDAwMDAwMDAsInJlYWQiOjMwMDAwMDAwMDAwMCwidXBkYXRlIjoxODAwMDAwMDAwMDAwfX0=",
          "dependencies": [
            "azurerm_subnet.boltnet",
            "azurerm_subnet.support",
            "azurerm_virtual_network.vnet3",
            "module.rgroup.azurerm_resource_group.resource_group",
            "module.support-dns-srv1.azurerm_network_interface.main"
          ]
        },
        {
          "index_key": 1,
          "schema_version": 0,
          "attributes": {
            "applied_dns_servers": [],
            "dns_servers": [
              "91.52.201.22"
            ],
            "edge_zone": "",
            "enable_accelerated_networking": false,
            "enable_ip_forwarding": true,
            "id": "/subscriptions/aab8f84c-7790-4073-afe3-bf27ed5b639e/resourceGroups/brumnet-palo-rg/providers/Microsoft.Network/networkInterfaces/brumnet-palo-redirect-srv1-nic-1",
            "internal_dns_name_label": "",
            "internal_domain_name_suffix": "xwtypo2eiipuvhdkq3cxxivbqh.bx.internal.cloudapp.net",
            "ip_configuration": [
              {
                "gateway_load_balancer_frontend_ip_configuration_id": "",
                "name": "internal",
                "primary": true,
                "private_ip_address": "91.52.62.137",
                "private_ip_address_allocation": "Static",
                "private_ip_address_version": "IPv4",
                "public_ip_address_id": "",
                "subnet_id": "/subscriptions/aab8f84c-7790-4073-afe3-bf27ed5b639e/resourceGroups/brumnet-palo-rg/providers/Microsoft.Network/virtualNetworks/brumnet-palo-vnet3/subnets/brumnet-palo-boltnet"
              }
            ],
            "location": "eastus",
            "mac_address": "",
            "name": "brumnet-palo-redirect-srv1-nic-1",
            "private_ip_address": "91.52.62.137",
            "private_ip_addresses": [
              "91.52.62.137"
            ],
            "resource_group_name": "brumnet-palo-rg",
            "tags": {
              "CreatedDate": "2024-03-29T18:49:11.5359000Z",
              "Creator": "ToBeSetByAutomation"
            },
            "timeouts": null,
            "virtual_machine_id": ""
          },
          "sensitive_attributes": [],
          "private": "eyJlMmJmYjczMC1lY2FhLTExZTYtOGY4OC0zNDM2M2JjN2M0YzAiOnsiY3JlYXRlIjoxODAwMDAwMDAwMDAwLCJkZWxldGUiOjE4MDAwMDAwMDAwMDAsInJlYWQiOjMwMDAwMDAwMDAwMCwidXBkYXRlIjoxODAwMDAwMDAwMDAwfX0=",
          "dependencies": [
            "azurerm_subnet.boltnet",
            "azurerm_subnet.support",
            "azurerm_virtual_network.vnet3",
            "module.rgroup.azurerm_resource_group.resource_group",
            "module.support-dns-srv1.azurerm_network_interface.main"
          ]
        },
        {
          "index_key": 2,
          "schema_version": 0,
          "attributes": {
            "applied_dns_servers": [],
            "dns_servers": [
              "91.52.201.22"
            ],
            "edge_zone": "",
            "enable_accelerated_networking": false,
            "enable_ip_forwarding": true,
            "id": "/subscriptions/aab8f84c-7790-4073-afe3-bf27ed5b639e/resourceGroups/brumnet-palo-rg/providers/Microsoft.Network/networkInterfaces/brumnet-palo-redirect-srv1-nic-2",
            "internal_dns_name_label": "",
            "internal_domain_name_suffix": "xwtypo2eiipuvhdkq3cxxivbqh.bx.internal.cloudapp.net",
            "ip_configuration": [
              {
                "gateway_load_balancer_frontend_ip_configuration_id": "",
                "name": "internal",
                "primary": true,
                "private_ip_address": "91.52.62.203",
                "private_ip_address_allocation": "Static",
                "private_ip_address_version": "IPv4",
                "public_ip_address_id": "",
                "subnet_id": "/subscriptions/aab8f84c-7790-4073-afe3-bf27ed5b639e/resourceGroups/brumnet-palo-rg/providers/Microsoft.Network/virtualNetworks/brumnet-palo-vnet3/subnets/brumnet-palo-boltnet"
              }
            ],
            "location": "eastus",
            "mac_address": "",
            "name": "brumnet-palo-redirect-srv1-nic-2",
            "private_ip_address": "91.52.62.203",
            "private_ip_addresses": [
              "91.52.62.203"
            ],
            "resource_group_name": "brumnet-palo-rg",
            "tags": {
              "CreatedDate": "2024-03-29T18:49:12.3319205Z",
              "Creator": "ToBeSetByAutomation"
            },
            "timeouts": null,
            "virtual_machine_id": ""
          },
          "sensitive_attributes": [],
          "private": "eyJlMmJmYjczMC1lY2FhLTExZTYtOGY4OC0zNDM2M2JjN2M0YzAiOnsiY3JlYXRlIjoxODAwMDAwMDAwMDAwLCJkZWxldGUiOjE4MDAwMDAwMDAwMDAsInJlYWQiOjMwMDAwMDAwMDAwMCwidXBkYXRlIjoxODAwMDAwMDAwMDAwfX0=",
          "dependencies": [
            "azurerm_subnet.boltnet",
            "azurerm_subnet.support",
            "azurerm_virtual_network.vnet3",
            "module.rgroup.azurerm_resource_group.resource_group",
            "module.support-dns-srv1.azurerm_network_interface.main"
          ]
        }
      ]
    },
    {
      "module": "module.boltnet-redirect-srv2",
      "mode": "managed",
      "type": "azurerm_linux_virtual_machine",
      "name": "main",
      "provider": "provider[\"registry.terraform.io/hashicorp/azurerm\"]",
      "instances": [
        {
          "schema_version": 0,
          "attributes": {
            "additional_capabilities": [],
            "admin_password": "LtCyber1!",
            "admin_ssh_key": [
              {
                "public_key": "ssh-rsa AAAAB3NzaC1yc2EAAAADAQABAAACAQCXID8jsBr9HBSAUEUw0zst4tIQbN9Q1R0VLM2SjCp4qI760uXf/P5Fq3Bi+z4wA0WuRQKZCBFYZ18doo5j4mmcNNdFYtjNGvclZR6zNHvDtu4TRpIO3UMDCnqLD1/xQYna2sQQGRcQXC+gw6FXbtpQKdPpnXg62SKLpOCQHuO2QnFBcZ/z5LdcXpwTioi9bdz+pd6wWyNN/cHwpY3cZUp6ctsuvTYSrlt2/69vkESBPXHT8uWeJLYJAtdnXaP1gNw73YCurG6Q8RzMz3UfC02FKpva2rMh8qV9ULOF6GcDX7S2b9hCYJm0C+QSNGlWJzHGe86Jptqcd3+lJkuVuDOz8I37XULczCTMLPqtuyQuqpPO6bzwj9MCaQZtDovKRu7i7Hw3dJkguluyrhQxuhyQPM4IEm2L+aydJ2JfPLQsYyhvcu2HqhMYtM7UaHJ4AvC5pqb64XS60vUdrgq0crN6EG5bncZiYCWelhgv8QxdERD5QSZxUbXZ7a/Ewiq5i8nj0LC/9+cvrRbBJyPz9nZW0HqQlpAq/M3AIw5UEXDqt5YxBPNbeRJEbrRgP1zQJc1DfYHLmImXcAt56Db6PmX2h2Gr5o/oYNnTZ/xQWUAQC7Yv+6fcfzPLGlwxpqnxlJyESYvP2DV33zgYb0Lyxknwpr350NrFksqmSzOpKFOluw== sbrumley@M-WHQTJW63YP\n",
                "username": "adminuser"
              }
            ],
            "admin_username": "adminuser",
            "allow_extension_operations": true,
            "availability_set_id": "",
            "boot_diagnostics": [],
            "capacity_reservation_group_id": "",
            "computer_name": "brumnet-palo-redirect-srv2",
            "custom_data": null,
            "dedicated_host_group_id": "",
            "dedicated_host_id": "",
            "disable_password_authentication": false,
            "edge_zone": "",
            "encryption_at_host_enabled": false,
            "eviction_policy": "",
            "extensions_time_budget": "PT1H30M",
            "gallery_application": [],
            "id": "/subscriptions/aab8f84c-7790-4073-afe3-bf27ed5b639e/resourceGroups/brumnet-palo-rg/providers/Microsoft.Compute/virtualMachines/brumnet-palo-redirect-srv2",
            "identity": [],
            "license_type": "",
            "location": "eastus",
            "max_bid_price": -1,
            "name": "brumnet-palo-redirect-srv2",
            "network_interface_ids": [
              "/subscriptions/aab8f84c-7790-4073-afe3-bf27ed5b639e/resourceGroups/brumnet-palo-rg/providers/Microsoft.Network/networkInterfaces/brumnet-palo-redirect-srv2-nic-0",
              "/subscriptions/aab8f84c-7790-4073-afe3-bf27ed5b639e/resourceGroups/brumnet-palo-rg/providers/Microsoft.Network/networkInterfaces/brumnet-palo-redirect-srv2-nic-1",
              "/subscriptions/aab8f84c-7790-4073-afe3-bf27ed5b639e/resourceGroups/brumnet-palo-rg/providers/Microsoft.Network/networkInterfaces/brumnet-palo-redirect-srv2-nic-2"
            ],
            "os_disk": [
              {
                "caching": "ReadWrite",
                "diff_disk_settings": [],
                "disk_encryption_set_id": "",
                "disk_size_gb": 30,
                "name": "brumnet-palo-redirect-srv2_OsDisk_1_d8e10a148d074c4d88e6958ee69cf59c",
                "secure_vm_disk_encryption_set_id": "",
                "security_encryption_type": "",
                "storage_account_type": "StandardSSD_LRS",
                "write_accelerator_enabled": false
              }
            ],
            "patch_assessment_mode": "ImageDefault",
            "patch_mode": "ImageDefault",
            "plan": [],
            "platform_fault_domain": -1,
            "priority": "Regular",
            "private_ip_address": "91.52.201.31",
            "private_ip_addresses": [
              "91.52.201.31",
              "91.52.201.98",
              "91.52.201.119"
            ],
            "provision_vm_agent": true,
            "proximity_placement_group_id": "",
            "public_ip_address": "",
            "public_ip_addresses": [],
            "resource_group_name": "brumnet-palo-rg",
            "secret": [],
            "secure_boot_enabled": false,
            "size": "Standard_D8s_v4",
            "source_image_id": "",
            "source_image_reference": [
              {
                "offer": "0001-com-ubuntu-server-focal",
                "publisher": "Canonical",
                "sku": "20_04-lts-gen2",
                "version": "20.04.202207130"
              }
            ],
            "tags": {
              "CreatedDate": "2024-03-29T18:49:40.3171953Z",
              "Creator": "ToBeSetByAutomation",
              "category": "",
              "description": "Redirect Ubuntu Server - thunderbug",
              "environment": "YOUR_RANGE_ENV",
              "region": "eastus"
            },
            "termination_notification": null,
            "timeouts": null,
            "user_data": "",
            "virtual_machine_id": "9a1abf09-d93e-465d-b4e3-ad3ef1eaccb2",
            "virtual_machine_scale_set_id": "",
            "vtpm_enabled": false,
            "zone": ""
          },
          "sensitive_attributes": [],
          "private": "eyJlMmJmYjczMC1lY2FhLTExZTYtOGY4OC0zNDM2M2JjN2M0YzAiOnsiY3JlYXRlIjoyNzAwMDAwMDAwMDAwLCJkZWxldGUiOjI3MDAwMDAwMDAwMDAsInJlYWQiOjMwMDAwMDAwMDAwMCwidXBkYXRlIjoyNzAwMDAwMDAwMDAwfX0=",
          "dependencies": [
            "azurerm_subnet.support",
            "azurerm_virtual_network.vnet3",
            "module.boltnet-redirect-srv2.azurerm_network_interface.main",
            "module.rgroup.azurerm_resource_group.resource_group",
            "module.support-dns-srv1.azurerm_network_interface.main"
          ]
        }
      ]
    },
    {
      "module": "module.boltnet-redirect-srv2",
      "mode": "managed",
      "type": "azurerm_network_interface",
      "name": "main",
      "provider": "provider[\"registry.terraform.io/hashicorp/azurerm\"]",
      "instances": [
        {
          "index_key": 0,
          "schema_version": 0,
          "attributes": {
            "applied_dns_servers": [],
            "dns_servers": [
              "91.52.201.22"
            ],
            "edge_zone": "",
            "enable_accelerated_networking": false,
            "enable_ip_forwarding": true,
            "id": "/subscriptions/aab8f84c-7790-4073-afe3-bf27ed5b639e/resourceGroups/brumnet-palo-rg/providers/Microsoft.Network/networkInterfaces/brumnet-palo-redirect-srv2-nic-0",
            "internal_dns_name_label": "",
            "internal_domain_name_suffix": "xwtypo2eiipuvhdkq3cxxivbqh.bx.internal.cloudapp.net",
            "ip_configuration": [
              {
                "gateway_load_balancer_frontend_ip_configuration_id": "",
                "name": "internal",
                "primary": true,
                "private_ip_address": "91.52.201.31",
                "private_ip_address_allocation": "Static",
                "private_ip_address_version": "IPv4",
                "public_ip_address_id": "",
                "subnet_id": "/subscriptions/aab8f84c-7790-4073-afe3-bf27ed5b639e/resourceGroups/brumnet-palo-rg/providers/Microsoft.Network/virtualNetworks/brumnet-palo-vnet3/subnets/brumnet-palo-support"
              }
            ],
            "location": "eastus",
            "mac_address": "",
            "name": "brumnet-palo-redirect-srv2-nic-0",
            "private_ip_address": "91.52.201.31",
            "private_ip_addresses": [
              "91.52.201.31"
            ],
            "resource_group_name": "brumnet-palo-rg",
            "tags": {
              "CreatedDate": "2024-03-29T18:49:17.9361763Z",
              "Creator": "ToBeSetByAutomation"
            },
            "timeouts": null,
            "virtual_machine_id": ""
          },
          "sensitive_attributes": [],
          "private": "eyJlMmJmYjczMC1lY2FhLTExZTYtOGY4OC0zNDM2M2JjN2M0YzAiOnsiY3JlYXRlIjoxODAwMDAwMDAwMDAwLCJkZWxldGUiOjE4MDAwMDAwMDAwMDAsInJlYWQiOjMwMDAwMDAwMDAwMCwidXBkYXRlIjoxODAwMDAwMDAwMDAwfX0=",
          "dependencies": [
            "azurerm_subnet.support",
            "azurerm_virtual_network.vnet3",
            "module.rgroup.azurerm_resource_group.resource_group",
            "module.support-dns-srv1.azurerm_network_interface.main"
          ]
        },
        {
          "index_key": 1,
          "schema_version": 0,
          "attributes": {
            "applied_dns_servers": [],
            "dns_servers": [
              "91.52.201.22"
            ],
            "edge_zone": "",
            "enable_accelerated_networking": false,
            "enable_ip_forwarding": true,
            "id": "/subscriptions/aab8f84c-7790-4073-afe3-bf27ed5b639e/resourceGroups/brumnet-palo-rg/providers/Microsoft.Network/networkInterfaces/brumnet-palo-redirect-srv2-nic-1",
            "internal_dns_name_label": "",
            "internal_domain_name_suffix": "xwtypo2eiipuvhdkq3cxxivbqh.bx.internal.cloudapp.net",
            "ip_configuration": [
              {
                "gateway_load_balancer_frontend_ip_configuration_id": "",
                "name": "internal",
                "primary": true,
                "private_ip_address": "91.52.201.98",
                "private_ip_address_allocation": "Static",
                "private_ip_address_version": "IPv4",
                "public_ip_address_id": "",
                "subnet_id": "/subscriptions/aab8f84c-7790-4073-afe3-bf27ed5b639e/resourceGroups/brumnet-palo-rg/providers/Microsoft.Network/virtualNetworks/brumnet-palo-vnet3/subnets/brumnet-palo-support"
              }
            ],
            "location": "eastus",
            "mac_address": "",
            "name": "brumnet-palo-redirect-srv2-nic-1",
            "private_ip_address": "91.52.201.98",
            "private_ip_addresses": [
              "91.52.201.98"
            ],
            "resource_group_name": "brumnet-palo-rg",
            "tags": {
              "CreatedDate": "2024-03-29T18:49:18.9102614Z",
              "Creator": "ToBeSetByAutomation"
            },
            "timeouts": null,
            "virtual_machine_id": ""
          },
          "sensitive_attributes": [],
          "private": "eyJlMmJmYjczMC1lY2FhLTExZTYtOGY4OC0zNDM2M2JjN2M0YzAiOnsiY3JlYXRlIjoxODAwMDAwMDAwMDAwLCJkZWxldGUiOjE4MDAwMDAwMDAwMDAsInJlYWQiOjMwMDAwMDAwMDAwMCwidXBkYXRlIjoxODAwMDAwMDAwMDAwfX0=",
          "dependencies": [
            "azurerm_subnet.support",
            "azurerm_virtual_network.vnet3",
            "module.rgroup.azurerm_resource_group.resource_group",
            "module.support-dns-srv1.azurerm_network_interface.main"
          ]
        },
        {
          "index_key": 2,
          "schema_version": 0,
          "attributes": {
            "applied_dns_servers": [],
            "dns_servers": [
              "91.52.201.22"
            ],
            "edge_zone": "",
            "enable_accelerated_networking": false,
            "enable_ip_forwarding": true,
            "id": "/subscriptions/aab8f84c-7790-4073-afe3-bf27ed5b639e/resourceGroups/brumnet-palo-rg/providers/Microsoft.Network/networkInterfaces/brumnet-palo-redirect-srv2-nic-2",
            "internal_dns_name_label": "",
            "internal_domain_name_suffix": "xwtypo2eiipuvhdkq3cxxivbqh.bx.internal.cloudapp.net",
            "ip_configuration": [
              {
                "gateway_load_balancer_frontend_ip_configuration_id": "",
                "name": "internal",
                "primary": true,
                "private_ip_address": "91.52.201.119",
                "private_ip_address_allocation": "Static",
                "private_ip_address_version": "IPv4",
                "public_ip_address_id": "",
                "subnet_id": "/subscriptions/aab8f84c-7790-4073-afe3-bf27ed5b639e/resourceGroups/brumnet-palo-rg/providers/Microsoft.Network/virtualNetworks/brumnet-palo-vnet3/subnets/brumnet-palo-support"
              }
            ],
            "location": "eastus",
            "mac_address": "",
            "name": "brumnet-palo-redirect-srv2-nic-2",
            "private_ip_address": "91.52.201.119",
            "private_ip_addresses": [
              "91.52.201.119"
            ],
            "resource_group_name": "brumnet-palo-rg",
            "tags": {
              "CreatedDate": "2024-03-29T18:49:19.7381153Z",
              "Creator": "ToBeSetByAutomation"
            },
            "timeouts": null,
            "virtual_machine_id": ""
          },
          "sensitive_attributes": [],
          "private": "eyJlMmJmYjczMC1lY2FhLTExZTYtOGY4OC0zNDM2M2JjN2M0YzAiOnsiY3JlYXRlIjoxODAwMDAwMDAwMDAwLCJkZWxldGUiOjE4MDAwMDAwMDAwMDAsInJlYWQiOjMwMDAwMDAwMDAwMCwidXBkYXRlIjoxODAwMDAwMDAwMDAwfX0=",
          "dependencies": [
            "azurerm_subnet.support",
            "azurerm_virtual_network.vnet3",
            "module.rgroup.azurerm_resource_group.resource_group",
            "module.support-dns-srv1.azurerm_network_interface.main"
          ]
        }
      ]
    },
    {
      "module": "module.boltnet-redirect-srv3",
      "mode": "managed",
      "type": "azurerm_linux_virtual_machine",
      "name": "main",
      "provider": "provider[\"registry.terraform.io/hashicorp/azurerm\"]",
      "instances": [
        {
          "schema_version": 0,
          "attributes": {
            "additional_capabilities": [],
            "admin_password": "LtCyber1!",
            "admin_ssh_key": [
              {
                "public_key": "ssh-rsa AAAAB3NzaC1yc2EAAAADAQABAAACAQCXID8jsBr9HBSAUEUw0zst4tIQbN9Q1R0VLM2SjCp4qI760uXf/P5Fq3Bi+z4wA0WuRQKZCBFYZ18doo5j4mmcNNdFYtjNGvclZR6zNHvDtu4TRpIO3UMDCnqLD1/xQYna2sQQGRcQXC+gw6FXbtpQKdPpnXg62SKLpOCQHuO2QnFBcZ/z5LdcXpwTioi9bdz+pd6wWyNN/cHwpY3cZUp6ctsuvTYSrlt2/69vkESBPXHT8uWeJLYJAtdnXaP1gNw73YCurG6Q8RzMz3UfC02FKpva2rMh8qV9ULOF6GcDX7S2b9hCYJm0C+QSNGlWJzHGe86Jptqcd3+lJkuVuDOz8I37XULczCTMLPqtuyQuqpPO6bzwj9MCaQZtDovKRu7i7Hw3dJkguluyrhQxuhyQPM4IEm2L+aydJ2JfPLQsYyhvcu2HqhMYtM7UaHJ4AvC5pqb64XS60vUdrgq0crN6EG5bncZiYCWelhgv8QxdERD5QSZxUbXZ7a/Ewiq5i8nj0LC/9+cvrRbBJyPz9nZW0HqQlpAq/M3AIw5UEXDqt5YxBPNbeRJEbrRgP1zQJc1DfYHLmImXcAt56Db6PmX2h2Gr5o/oYNnTZ/xQWUAQC7Yv+6fcfzPLGlwxpqnxlJyESYvP2DV33zgYb0Lyxknwpr350NrFksqmSzOpKFOluw== sbrumley@M-WHQTJW63YP\n",
                "username": "adminuser"
              }
            ],
            "admin_username": "adminuser",
            "allow_extension_operations": true,
            "availability_set_id": "",
            "boot_diagnostics": [],
            "capacity_reservation_group_id": "",
            "computer_name": "brumnet-palo-redirect-srv3",
            "custom_data": null,
            "dedicated_host_group_id": "",
            "dedicated_host_id": "",
            "disable_password_authentication": false,
            "edge_zone": "",
            "encryption_at_host_enabled": false,
            "eviction_policy": "",
            "extensions_time_budget": "PT1H30M",
            "gallery_application": [],
            "id": "/subscriptions/aab8f84c-7790-4073-afe3-bf27ed5b639e/resourceGroups/brumnet-palo-rg/providers/Microsoft.Compute/virtualMachines/brumnet-palo-redirect-srv3",
            "identity": [],
            "license_type": "",
            "location": "eastus",
            "max_bid_price": -1,
            "name": "brumnet-palo-redirect-srv3",
            "network_interface_ids": [
              "/subscriptions/aab8f84c-7790-4073-afe3-bf27ed5b639e/resourceGroups/brumnet-palo-rg/providers/Microsoft.Network/networkInterfaces/brumnet-palo-redirect-srv3-nic-0",
              "/subscriptions/aab8f84c-7790-4073-afe3-bf27ed5b639e/resourceGroups/brumnet-palo-rg/providers/Microsoft.Network/networkInterfaces/brumnet-palo-redirect-srv3-nic-1"
            ],
            "os_disk": [
              {
                "caching": "ReadWrite",
                "diff_disk_settings": [],
                "disk_encryption_set_id": "",
                "disk_size_gb": 30,
                "name": "brumnet-palo-redirect-srv3_OsDisk_1_ba123509cf1c4601855a7e07f250cabf",
                "secure_vm_disk_encryption_set_id": "",
                "security_encryption_type": "",
                "storage_account_type": "StandardSSD_LRS",
                "write_accelerator_enabled": false
              }
            ],
            "patch_assessment_mode": "ImageDefault",
            "patch_mode": "ImageDefault",
            "plan": [],
            "platform_fault_domain": -1,
            "priority": "Regular",
            "private_ip_address": "91.52.201.144",
            "private_ip_addresses": [
              "91.52.201.144",
              "91.52.201.202"
            ],
            "provision_vm_agent": true,
            "proximity_placement_group_id": "",
            "public_ip_address": "",
            "public_ip_addresses": [],
            "resource_group_name": "brumnet-palo-rg",
            "secret": [],
            "secure_boot_enabled": false,
            "size": "Standard_D2s_v4",
            "source_image_id": "",
            "source_image_reference": [
              {
                "offer": "0001-com-ubuntu-server-focal",
                "publisher": "Canonical",
                "sku": "20_04-lts-gen2",
                "version": "20.04.202207130"
              }
            ],
            "tags": {
              "CreatedDate": "2024-03-29T18:49:30.7915704Z",
              "Creator": "ToBeSetByAutomation",
              "category": "",
              "description": "Redirect Ubuntu Server - bolt",
              "environment": "YOUR_RANGE_ENV",
              "region": "eastus"
            },
            "termination_notification": null,
            "timeouts": null,
            "user_data": "",
            "virtual_machine_id": "8ebc0179-7a0d-4cc3-aba8-12003a3182c0",
            "virtual_machine_scale_set_id": "",
            "vtpm_enabled": false,
            "zone": ""
          },
          "sensitive_attributes": [],
          "private": "eyJlMmJmYjczMC1lY2FhLTExZTYtOGY4OC0zNDM2M2JjN2M0YzAiOnsiY3JlYXRlIjoyNzAwMDAwMDAwMDAwLCJkZWxldGUiOjI3MDAwMDAwMDAwMDAsInJlYWQiOjMwMDAwMDAwMDAwMCwidXBkYXRlIjoyNzAwMDAwMDAwMDAwfX0=",
          "dependencies": [
            "azurerm_subnet.support",
            "azurerm_virtual_network.vnet3",
            "module.boltnet-redirect-srv3.azurerm_network_interface.main",
            "module.rgroup.azurerm_resource_group.resource_group",
            "module.support-dns-srv1.azurerm_network_interface.main"
          ]
        }
      ]
    },
    {
      "module": "module.boltnet-redirect-srv3",
      "mode": "managed",
      "type": "azurerm_network_interface",
      "name": "main",
      "provider": "provider[\"registry.terraform.io/hashicorp/azurerm\"]",
      "instances": [
        {
          "index_key": 0,
          "schema_version": 0,
          "attributes": {
            "applied_dns_servers": [],
            "dns_servers": [
              "91.52.201.22"
            ],
            "edge_zone": "",
            "enable_accelerated_networking": false,
            "enable_ip_forwarding": true,
            "id": "/subscriptions/aab8f84c-7790-4073-afe3-bf27ed5b639e/resourceGroups/brumnet-palo-rg/providers/Microsoft.Network/networkInterfaces/brumnet-palo-redirect-srv3-nic-0",
            "internal_dns_name_label": "",
            "internal_domain_name_suffix": "xwtypo2eiipuvhdkq3cxxivbqh.bx.internal.cloudapp.net",
            "ip_configuration": [
              {
                "gateway_load_balancer_frontend_ip_configuration_id": "",
                "name": "internal",
                "primary": true,
                "private_ip_address": "91.52.201.144",
                "private_ip_address_allocation": "Static",
                "private_ip_address_version": "IPv4",
                "public_ip_address_id": "",
                "subnet_id": "/subscriptions/aab8f84c-7790-4073-afe3-bf27ed5b639e/resourceGroups/brumnet-palo-rg/providers/Microsoft.Network/virtualNetworks/brumnet-palo-vnet3/subnets/brumnet-palo-support"
              }
            ],
            "location": "eastus",
            "mac_address": "",
            "name": "brumnet-palo-redirect-srv3-nic-0",
            "private_ip_address": "91.52.201.144",
            "private_ip_addresses": [
              "91.52.201.144"
            ],
            "resource_group_name": "brumnet-palo-rg",
            "tags": {
              "CreatedDate": "2024-03-29T18:49:14.6471486Z",
              "Creator": "ToBeSetByAutomation"
            },
            "timeouts": null,
            "virtual_machine_id": ""
          },
          "sensitive_attributes": [],
          "private": "eyJlMmJmYjczMC1lY2FhLTExZTYtOGY4OC0zNDM2M2JjN2M0YzAiOnsiY3JlYXRlIjoxODAwMDAwMDAwMDAwLCJkZWxldGUiOjE4MDAwMDAwMDAwMDAsInJlYWQiOjMwMDAwMDAwMDAwMCwidXBkYXRlIjoxODAwMDAwMDAwMDAwfX0=",
          "dependencies": [
            "azurerm_subnet.support",
            "azurerm_virtual_network.vnet3",
            "module.rgroup.azurerm_resource_group.resource_group",
            "module.support-dns-srv1.azurerm_network_interface.main"
          ]
        },
        {
          "index_key": 1,
          "schema_version": 0,
          "attributes": {
            "applied_dns_servers": [],
            "dns_servers": [
              "91.52.201.22"
            ],
            "edge_zone": "",
            "enable_accelerated_networking": false,
            "enable_ip_forwarding": true,
            "id": "/subscriptions/aab8f84c-7790-4073-afe3-bf27ed5b639e/resourceGroups/brumnet-palo-rg/providers/Microsoft.Network/networkInterfaces/brumnet-palo-redirect-srv3-nic-1",
            "internal_dns_name_label": "",
            "internal_domain_name_suffix": "xwtypo2eiipuvhdkq3cxxivbqh.bx.internal.cloudapp.net",
            "ip_configuration": [
              {
                "gateway_load_balancer_frontend_ip_configuration_id": "",
                "name": "internal",
                "primary": true,
                "private_ip_address": "91.52.201.202",
                "private_ip_address_allocation": "Static",
                "private_ip_address_version": "IPv4",
                "public_ip_address_id": "",
                "subnet_id": "/subscriptions/aab8f84c-7790-4073-afe3-bf27ed5b639e/resourceGroups/brumnet-palo-rg/providers/Microsoft.Network/virtualNetworks/brumnet-palo-vnet3/subnets/brumnet-palo-support"
              }
            ],
            "location": "eastus",
            "mac_address": "",
            "name": "brumnet-palo-redirect-srv3-nic-1",
            "private_ip_address": "91.52.201.202",
            "private_ip_addresses": [
              "91.52.201.202"
            ],
            "resource_group_name": "brumnet-palo-rg",
            "tags": {
              "CreatedDate": "2024-03-29T18:49:13.7389350Z",
              "Creator": "ToBeSetByAutomation"
            },
            "timeouts": null,
            "virtual_machine_id": ""
          },
          "sensitive_attributes": [],
          "private": "eyJlMmJmYjczMC1lY2FhLTExZTYtOGY4OC0zNDM2M2JjN2M0YzAiOnsiY3JlYXRlIjoxODAwMDAwMDAwMDAwLCJkZWxldGUiOjE4MDAwMDAwMDAwMDAsInJlYWQiOjMwMDAwMDAwMDAwMCwidXBkYXRlIjoxODAwMDAwMDAwMDAwfX0=",
          "dependencies": [
            "azurerm_subnet.support",
            "azurerm_virtual_network.vnet3",
            "module.rgroup.azurerm_resource_group.resource_group",
            "module.support-dns-srv1.azurerm_network_interface.main"
          ]
        }
      ]
    },
    {
      "module": "module.carbon-ad-srv1",
      "mode": "managed",
      "type": "azurerm_network_interface",
      "name": "main",
      "provider": "provider[\"registry.terraform.io/hashicorp/azurerm\"]",
      "instances": [
        {
          "index_key": 0,
          "schema_version": 0,
          "attributes": {
            "applied_dns_servers": [],
            "dns_servers": [],
            "edge_zone": "",
            "enable_accelerated_networking": false,
            "enable_ip_forwarding": true,
            "id": "/subscriptions/aab8f84c-7790-4073-afe3-bf27ed5b639e/resourceGroups/brumnet-palo-rg/providers/Microsoft.Network/networkInterfaces/brumnet-palo-carbon-ad-srv1-nic-0",
            "internal_dns_name_label": "",
            "internal_domain_name_suffix": "lbnmvgkevaeujn41qiocfi41nb.bx.internal.cloudapp.net",
            "ip_configuration": [
              {
                "gateway_load_balancer_frontend_ip_configuration_id": "",
                "name": "internal",
                "primary": true,
                "private_ip_address": "10.20.10.9",
                "private_ip_address_allocation": "Static",
                "private_ip_address_version": "IPv4",
                "public_ip_address_id": "",
                "subnet_id": "/subscriptions/aab8f84c-7790-4073-afe3-bf27ed5b639e/resourceGroups/brumnet-palo-rg/providers/Microsoft.Network/virtualNetworks/brumnet-palo-vnet1/subnets/brumnet-palo-carbon-srv"
              }
            ],
            "location": "eastus",
            "mac_address": "",
            "name": "brumnet-palo-carbon-ad-srv1-nic-0",
            "private_ip_address": "10.20.10.9",
            "private_ip_addresses": [
              "10.20.10.9"
            ],
            "resource_group_name": "brumnet-palo-rg",
            "tags": {
              "CreatedDate": "2024-03-29T18:47:49.7830080Z",
              "Creator": "ToBeSetByAutomation"
            },
            "timeouts": null,
            "virtual_machine_id": ""
          },
          "sensitive_attributes": [],
          "private": "eyJlMmJmYjczMC1lY2FhLTExZTYtOGY4OC0zNDM2M2JjN2M0YzAiOnsiY3JlYXRlIjoxODAwMDAwMDAwMDAwLCJkZWxldGUiOjE4MDAwMDAwMDAwMDAsInJlYWQiOjMwMDAwMDAwMDAwMCwidXBkYXRlIjoxODAwMDAwMDAwMDAwfX0=",
          "dependencies": [
            "azurerm_subnet.carbon_srv",
            "azurerm_virtual_network.vnet1",
            "module.rgroup.azurerm_resource_group.resource_group"
          ]
        }
      ]
    },
    {
      "module": "module.carbon-ad-srv1",
      "mode": "managed",
      "type": "azurerm_windows_virtual_machine",
      "name": "main",
      "provider": "provider[\"registry.terraform.io/hashicorp/azurerm\"]",
      "instances": [
        {
          "schema_version": 0,
          "attributes": {
            "additional_capabilities": [],
            "additional_unattend_content": [
              {
                "content": "\u003cAutoLogon\u003e\u003cPassword\u003e\u003cValue\u003eLtCyber1!\u003c/Value\u003e\u003c/Password\u003e\u003cEnabled\u003etrue\u003c/Enabled\u003e\u003cLogonCount\u003e1\u003c/LogonCount\u003e\u003cUsername\u003eadminuser\u003c/Username\u003e\u003c/AutoLogon\u003e",
                "setting": "AutoLogon"
              },
              {
                "content": "\u003cFirstLogonCommands\u003e\n    \u003cSynchronousCommand\u003e\n        \u003cCommandLine\u003ecmd /c \"mkdir C:\\terraform\"\u003c/CommandLine\u003e\n        \u003cDescription\u003eCreate the Terraform working directory\u003c/Description\u003e\n        \u003cOrder\u003e11\u003c/Order\u003e\n    \u003c/SynchronousCommand\u003e\n    \u003cSynchronousCommand\u003e\n        \u003cCommandLine\u003ecmd /c \"copy C:\\AzureData\\CustomData.bin C:\\terraform\\winrm.ps1\"\u003c/CommandLine\u003e\n        \u003cDescription\u003eMove the CustomData file to the working directory\u003c/Description\u003e\n        \u003cOrder\u003e12\u003c/Order\u003e\n    \u003c/SynchronousCommand\u003e\n    \u003cSynchronousCommand\u003e\n        \u003cCommandLine\u003epowershell.exe -sta -ExecutionPolicy Unrestricted -file C:\\terraform\\winrm.ps1\u003c/CommandLine\u003e\n        \u003cDescription\u003eExecute the WinRM enabling script\u003c/Description\u003e\n        \u003cOrder\u003e13\u003c/Order\u003e\n    \u003c/SynchronousCommand\u003e\n\u003c/FirstLogonCommands\u003e\n",
                "setting": "FirstLogonCommands"
              }
            ],
            "admin_password": "LtCyber1!",
            "admin_username": "adminuser",
            "allow_extension_operations": true,
            "availability_set_id": "",
            "boot_diagnostics": [],
            "capacity_reservation_group_id": "",
            "computer_name": "bannik",
            "custom_data": "UGFyYW0oJFJlbW90ZUhvc3ROYW1lID0gImJhbm5payIsICRDb21wdXRlck5hbWUgPSAiYmFubmlrIikgJENlcnQgPSBOZXctU2VsZlNpZ25lZENlcnRpZmljYXRlIC1EbnNOYW1lICRSZW1vdGVIb3N0TmFtZSwgJENvbXB1dGVyTmFtZSBgCiAgICAtQ2VydFN0b3JlTG9jYXRpb24gImNlcnQ6XExvY2FsTWFjaGluZVxNeSIgYAogICAgLUZyaWVuZGx5TmFtZSAiVGVzdCBXaW5STSBDZXJ0IgoKJENlcnQgfCBPdXQtU3RyaW5nCgokVGh1bWJwcmludCA9ICRDZXJ0LlRodW1icHJpbnQKCldyaXRlLUhvc3QgIkVuYWJsZSBIVFRQUyBpbiBXaW5STSIKJFdpblJtSHR0cHMgPSAiQHtIb3N0bmFtZT1gIiRSZW1vdGVIb3N0TmFtZWAiOyBDZXJ0aWZpY2F0ZVRodW1icHJpbnQ9YCIkVGh1bWJwcmludGAifSIKd2lucm0gY3JlYXRlIHdpbnJtL2NvbmZpZy9MaXN0ZW5lcj9BZGRyZXNzPSorVHJhbnNwb3J0PUhUVFBTICRXaW5SbUh0dHBzCgpXcml0ZS1Ib3N0ICJTZXQgQmFzaWMgQXV0aCBpbiBXaW5STSIKJFdpblJtQmFzaWMgPSAiQHtCYXNpYz1gInRydWVgIn0iCndpbnJtIHNldCB3aW5ybS9jb25maWcvc2VydmljZS9BdXRoICRXaW5SbUJhc2ljCgpXcml0ZS1Ib3N0ICJPcGVuIEZpcmV3YWxsIFBvcnQiCm5ldHNoIGFkdmZpcmV3YWxsIGZpcmV3YWxsIGFkZCBydWxlIG5hbWU9IldpbmRvd3MgUmVtb3RlIE1hbmFnZW1lbnQgKEhUVFBTLUluKSIgZGlyPWluIGFjdGlvbj1hbGxvdyBwcm90b2NvbD1UQ1AgbG9jYWxwb3J0PTU5ODUK",
            "dedicated_host_group_id": "",
            "dedicated_host_id": "",
            "edge_zone": "",
            "enable_automatic_updates": false,
            "encryption_at_host_enabled": false,
            "eviction_policy": "",
            "extensions_time_budget": "PT1H30M",
            "gallery_application": [],
            "hotpatching_enabled": false,
            "id": "/subscriptions/aab8f84c-7790-4073-afe3-bf27ed5b639e/resourceGroups/brumnet-palo-rg/providers/Microsoft.Compute/virtualMachines/brumnet-palo-carbon-ad-srv1",
            "identity": [],
            "license_type": "",
            "location": "eastus",
            "max_bid_price": -1,
            "name": "brumnet-palo-carbon-ad-srv1",
            "network_interface_ids": [
              "/subscriptions/aab8f84c-7790-4073-afe3-bf27ed5b639e/resourceGroups/brumnet-palo-rg/providers/Microsoft.Network/networkInterfaces/brumnet-palo-carbon-ad-srv1-nic-0"
            ],
            "os_disk": [
              {
                "caching": "ReadWrite",
                "diff_disk_settings": [],
                "disk_encryption_set_id": "",
                "disk_size_gb": 127,
                "name": "brumnet-palo-carbon-ad-srv1_OsDisk_1_77fb5e61c54844508d930b320e3d80be",
                "secure_vm_disk_encryption_set_id": "",
                "security_encryption_type": "",
                "storage_account_type": "StandardSSD_LRS",
                "write_accelerator_enabled": false
              }
            ],
            "patch_assessment_mode": "ImageDefault",
            "patch_mode": "Manual",
            "plan": [],
            "platform_fault_domain": -1,
            "priority": "Regular",
            "private_ip_address": "10.20.10.9",
            "private_ip_addresses": [
              "10.20.10.9"
            ],
            "provision_vm_agent": true,
            "proximity_placement_group_id": "",
            "public_ip_address": "",
            "public_ip_addresses": [],
            "resource_group_name": "brumnet-palo-rg",
            "secret": [],
            "secure_boot_enabled": false,
            "size": "Standard_D4s_v4",
            "source_image_id": "",
            "source_image_reference": [
              {
                "offer": "WindowsServer",
                "publisher": "MicrosoftWindowsServer",
                "sku": "2019-datacenter",
                "version": "2019.0.20190410"
              }
            ],
            "tags": {
              "CreatedDate": "2024-03-29T18:48:28.2762402Z",
              "Creator": "ToBeSetByAutomation",
              "category": "",
              "description": "Carbon - Windows Server AD",
              "environment": "YOUR_RANGE_ENV",
              "region": "eastus"
            },
            "termination_notification": null,
            "timeouts": null,
            "timezone": "",
            "user_data": "",
            "virtual_machine_id": "b3e8981f-10d4-494b-a524-1644c74aee2b",
            "virtual_machine_scale_set_id": "",
            "vtpm_enabled": false,
            "winrm_listener": [],
            "zone": ""
          },
          "sensitive_attributes": [],
          "private": "eyJlMmJmYjczMC1lY2FhLTExZTYtOGY4OC0zNDM2M2JjN2M0YzAiOnsiY3JlYXRlIjoyNzAwMDAwMDAwMDAwLCJkZWxldGUiOjI3MDAwMDAwMDAwMDAsInJlYWQiOjMwMDAwMDAwMDAwMCwidXBkYXRlIjoyNzAwMDAwMDAwMDAwfX0=",
          "dependencies": [
            "azurerm_subnet.carbon_srv",
            "azurerm_virtual_network.vnet1",
            "module.carbon-ad-srv1.azurerm_network_interface.main",
            "module.rgroup.azurerm_resource_group.resource_group"
          ]
        }
      ]
    },
    {
      "module": "module.carbon-desk1",
      "mode": "managed",
      "type": "azurerm_network_interface",
      "name": "main",
      "provider": "provider[\"registry.terraform.io/hashicorp/azurerm\"]",
      "instances": [
        {
          "index_key": 0,
          "schema_version": 0,
          "attributes": {
            "applied_dns_servers": [],
            "dns_servers": [],
            "edge_zone": "",
            "enable_accelerated_networking": false,
            "enable_ip_forwarding": true,
            "id": "/subscriptions/aab8f84c-7790-4073-afe3-bf27ed5b639e/resourceGroups/brumnet-palo-rg/providers/Microsoft.Network/networkInterfaces/brumnet-palo-carbon-desk1-nic-0",
            "internal_dns_name_label": "",
            "internal_domain_name_suffix": "lbnmvgkevaeujn41qiocfi41nb.bx.internal.cloudapp.net",
            "ip_configuration": [
              {
                "gateway_load_balancer_frontend_ip_configuration_id": "",
                "name": "internal",
                "primary": true,
                "private_ip_address": "10.20.20.102",
                "private_ip_address_allocation": "Static",
                "private_ip_address_version": "IPv4",
                "public_ip_address_id": "",
                "subnet_id": "/subscriptions/aab8f84c-7790-4073-afe3-bf27ed5b639e/resourceGroups/brumnet-palo-rg/providers/Microsoft.Network/virtualNetworks/brumnet-palo-vnet1/subnets/brumnet-palo-carbon-desk"
              }
            ],
            "location": "eastus",
            "mac_address": "",
            "name": "brumnet-palo-carbon-desk1-nic-0",
            "private_ip_address": "10.20.20.102",
            "private_ip_addresses": [
              "10.20.20.102"
            ],
            "resource_group_name": "brumnet-palo-rg",
            "tags": {
              "CreatedDate": "2024-03-29T18:47:48.3626504Z",
              "Creator": "ToBeSetByAutomation"
            },
            "timeouts": null,
            "virtual_machine_id": ""
          },
          "sensitive_attributes": [],
          "private": "eyJlMmJmYjczMC1lY2FhLTExZTYtOGY4OC0zNDM2M2JjN2M0YzAiOnsiY3JlYXRlIjoxODAwMDAwMDAwMDAwLCJkZWxldGUiOjE4MDAwMDAwMDAwMDAsInJlYWQiOjMwMDAwMDAwMDAwMCwidXBkYXRlIjoxODAwMDAwMDAwMDAwfX0=",
          "dependencies": [
            "azurerm_subnet.carbon_desk",
            "azurerm_virtual_network.vnet1",
            "module.rgroup.azurerm_resource_group.resource_group"
          ]
        }
      ]
    },
    {
      "module": "module.carbon-desk1",
      "mode": "managed",
      "type": "azurerm_windows_virtual_machine",
      "name": "main",
      "provider": "provider[\"registry.terraform.io/hashicorp/azurerm\"]",
      "instances": [
        {
          "schema_version": 0,
          "attributes": {
            "additional_capabilities": [],
            "additional_unattend_content": [
              {
                "content": "\u003cAutoLogon\u003e\u003cPassword\u003e\u003cValue\u003eLtCyber1!\u003c/Value\u003e\u003c/Password\u003e\u003cEnabled\u003etrue\u003c/Enabled\u003e\u003cLogonCount\u003e1\u003c/LogonCount\u003e\u003cUsername\u003eadminuser\u003c/Username\u003e\u003c/AutoLogon\u003e",
                "setting": "AutoLogon"
              },
              {
                "content": "\u003cFirstLogonCommands\u003e\n    \u003cSynchronousCommand\u003e\n        \u003cCommandLine\u003ecmd /c \"mkdir C:\\terraform\"\u003c/CommandLine\u003e\n        \u003cDescription\u003eCreate the Terraform working directory\u003c/Description\u003e\n        \u003cOrder\u003e11\u003c/Order\u003e\n    \u003c/SynchronousCommand\u003e\n    \u003cSynchronousCommand\u003e\n        \u003cCommandLine\u003ecmd /c \"copy C:\\AzureData\\CustomData.bin C:\\terraform\\winrm.ps1\"\u003c/CommandLine\u003e\n        \u003cDescription\u003eMove the CustomData file to the working directory\u003c/Description\u003e\n        \u003cOrder\u003e12\u003c/Order\u003e\n    \u003c/SynchronousCommand\u003e\n    \u003cSynchronousCommand\u003e\n        \u003cCommandLine\u003epowershell.exe -sta -ExecutionPolicy Unrestricted -file C:\\terraform\\winrm.ps1\u003c/CommandLine\u003e\n        \u003cDescription\u003eExecute the WinRM enabling script\u003c/Description\u003e\n        \u003cOrder\u003e13\u003c/Order\u003e\n    \u003c/SynchronousCommand\u003e\n\u003c/FirstLogonCommands\u003e\n",
                "setting": "FirstLogonCommands"
              }
            ],
            "admin_password": "LtCyber1!",
            "admin_username": "adminuser",
            "allow_extension_operations": true,
            "availability_set_id": "",
            "boot_diagnostics": [],
            "capacity_reservation_group_id": "",
            "computer_name": "hobgoblin",
            "custom_data": null,
            "dedicated_host_group_id": "",
            "dedicated_host_id": "",
            "edge_zone": "",
            "enable_automatic_updates": false,
            "encryption_at_host_enabled": false,
            "eviction_policy": "",
            "extensions_time_budget": "PT1H30M",
            "gallery_application": [],
            "hotpatching_enabled": false,
            "id": "/subscriptions/aab8f84c-7790-4073-afe3-bf27ed5b639e/resourceGroups/brumnet-palo-rg/providers/Microsoft.Compute/virtualMachines/brumnet-palo-carbon-desk1",
            "identity": [],
            "license_type": "",
            "location": "eastus",
            "max_bid_price": -1,
            "name": "brumnet-palo-carbon-desk1",
            "network_interface_ids": [
              "/subscriptions/aab8f84c-7790-4073-afe3-bf27ed5b639e/resourceGroups/brumnet-palo-rg/providers/Microsoft.Network/networkInterfaces/brumnet-palo-carbon-desk1-nic-0"
            ],
            "os_disk": [
              {
                "caching": "ReadWrite",
                "diff_disk_settings": [],
                "disk_encryption_set_id": "",
                "disk_size_gb": 127,
                "name": "brumnet-palo-carbon-desk1_OsDisk_1_c78c00d790cb4e51885df32e594259e3",
                "secure_vm_disk_encryption_set_id": "",
                "security_encryption_type": "",
                "storage_account_type": "StandardSSD_LRS",
                "write_accelerator_enabled": false
              }
            ],
            "patch_assessment_mode": "ImageDefault",
            "patch_mode": "Manual",
            "plan": [],
            "platform_fault_domain": -1,
            "priority": "Regular",
            "private_ip_address": "10.20.20.102",
            "private_ip_addresses": [
              "10.20.20.102"
            ],
            "provision_vm_agent": true,
            "proximity_placement_group_id": "",
            "public_ip_address": "",
            "public_ip_addresses": [],
            "resource_group_name": "brumnet-palo-rg",
            "secret": [],
            "secure_boot_enabled": false,
            "size": "Standard_D4s_v4",
            "source_image_id": "",
            "source_image_reference": [
              {
                "offer": "windows-10",
                "publisher": "MicrosoftWindowsDesktop",
                "sku": "win10-21h2-pro-g2",
                "version": "19044.2130.221006"
              }
            ],
            "tags": {
              "CreatedDate": "2024-03-29T18:48:07.5536595Z",
              "Creator": "ToBeSetByAutomation",
              "category": "",
              "description": "Windows Desktop Victim VM on domain",
              "environment": "YOUR_RANGE_ENV",
              "region": "eastus"
            },
            "termination_notification": null,
            "timeouts": null,
            "timezone": "",
            "user_data": "",
            "virtual_machine_id": "1b344289-3017-4413-bbf7-15a34b9e2062",
            "virtual_machine_scale_set_id": "",
            "vtpm_enabled": false,
            "winrm_listener": [],
            "zone": ""
          },
          "sensitive_attributes": [],
          "private": "eyJlMmJmYjczMC1lY2FhLTExZTYtOGY4OC0zNDM2M2JjN2M0YzAiOnsiY3JlYXRlIjoyNzAwMDAwMDAwMDAwLCJkZWxldGUiOjI3MDAwMDAwMDAwMDAsInJlYWQiOjMwMDAwMDAwMDAwMCwidXBkYXRlIjoyNzAwMDAwMDAwMDAwfX0=",
          "dependencies": [
            "azurerm_subnet.carbon_desk",
            "azurerm_virtual_network.vnet1",
            "module.carbon-desk1.azurerm_network_interface.main",
            "module.rgroup.azurerm_resource_group.resource_group"
          ]
        }
      ]
    },
    {
      "module": "module.carbon-desk2",
      "mode": "managed",
      "type": "azurerm_network_interface",
      "name": "main",
      "provider": "provider[\"registry.terraform.io/hashicorp/azurerm\"]",
      "instances": [
        {
          "index_key": 0,
          "schema_version": 0,
          "attributes": {
            "applied_dns_servers": [],
            "dns_servers": [],
            "edge_zone": "",
            "enable_accelerated_networking": false,
            "enable_ip_forwarding": true,
            "id": "/subscriptions/aab8f84c-7790-4073-afe3-bf27ed5b639e/resourceGroups/brumnet-palo-rg/providers/Microsoft.Network/networkInterfaces/brumnet-palo-carbon-desk2-nic-0",
            "internal_dns_name_label": "",
            "internal_domain_name_suffix": "lbnmvgkevaeujn41qiocfi41nb.bx.internal.cloudapp.net",
            "ip_configuration": [
              {
                "gateway_load_balancer_frontend_ip_configuration_id": "",
                "name": "internal",
                "primary": true,
                "private_ip_address": "10.20.20.103",
                "private_ip_address_allocation": "Static",
                "private_ip_address_version": "IPv4",
                "public_ip_address_id": "",
                "subnet_id": "/subscriptions/aab8f84c-7790-4073-afe3-bf27ed5b639e/resourceGroups/brumnet-palo-rg/providers/Microsoft.Network/virtualNetworks/brumnet-palo-vnet1/subnets/brumnet-palo-carbon-desk"
              }
            ],
            "location": "eastus",
            "mac_address": "",
            "name": "brumnet-palo-carbon-desk2-nic-0",
            "private_ip_address": "10.20.20.103",
            "private_ip_addresses": [
              "10.20.20.103"
            ],
            "resource_group_name": "brumnet-palo-rg",
            "tags": {
              "CreatedDate": "2024-03-29T18:47:49.0659727Z",
              "Creator": "ToBeSetByAutomation"
            },
            "timeouts": null,
            "virtual_machine_id": ""
          },
          "sensitive_attributes": [],
          "private": "eyJlMmJmYjczMC1lY2FhLTExZTYtOGY4OC0zNDM2M2JjN2M0YzAiOnsiY3JlYXRlIjoxODAwMDAwMDAwMDAwLCJkZWxldGUiOjE4MDAwMDAwMDAwMDAsInJlYWQiOjMwMDAwMDAwMDAwMCwidXBkYXRlIjoxODAwMDAwMDAwMDAwfX0=",
          "dependencies": [
            "azurerm_subnet.carbon_desk",
            "azurerm_virtual_network.vnet1",
            "module.rgroup.azurerm_resource_group.resource_group"
          ]
        }
      ]
    },
    {
      "module": "module.carbon-desk2",
      "mode": "managed",
      "type": "azurerm_windows_virtual_machine",
      "name": "main",
      "provider": "provider[\"registry.terraform.io/hashicorp/azurerm\"]",
      "instances": [
        {
          "schema_version": 0,
          "attributes": {
            "additional_capabilities": [],
            "additional_unattend_content": [
              {
                "content": "\u003cAutoLogon\u003e\u003cPassword\u003e\u003cValue\u003eLtCyber1!\u003c/Value\u003e\u003c/Password\u003e\u003cEnabled\u003etrue\u003c/Enabled\u003e\u003cLogonCount\u003e1\u003c/LogonCount\u003e\u003cUsername\u003eadminuser\u003c/Username\u003e\u003c/AutoLogon\u003e",
                "setting": "AutoLogon"
              },
              {
                "content": "\u003cFirstLogonCommands\u003e\n    \u003cSynchronousCommand\u003e\n        \u003cCommandLine\u003ecmd /c \"mkdir C:\\terraform\"\u003c/CommandLine\u003e\n        \u003cDescription\u003eCreate the Terraform working directory\u003c/Description\u003e\n        \u003cOrder\u003e11\u003c/Order\u003e\n    \u003c/SynchronousCommand\u003e\n    \u003cSynchronousCommand\u003e\n        \u003cCommandLine\u003ecmd /c \"copy C:\\AzureData\\CustomData.bin C:\\terraform\\winrm.ps1\"\u003c/CommandLine\u003e\n        \u003cDescription\u003eMove the CustomData file to the working directory\u003c/Description\u003e\n        \u003cOrder\u003e12\u003c/Order\u003e\n    \u003c/SynchronousCommand\u003e\n    \u003cSynchronousCommand\u003e\n        \u003cCommandLine\u003epowershell.exe -sta -ExecutionPolicy Unrestricted -file C:\\terraform\\winrm.ps1\u003c/CommandLine\u003e\n        \u003cDescription\u003eExecute the WinRM enabling script\u003c/Description\u003e\n        \u003cOrder\u003e13\u003c/Order\u003e\n    \u003c/SynchronousCommand\u003e\n\u003c/FirstLogonCommands\u003e\n",
                "setting": "FirstLogonCommands"
              }
            ],
            "admin_password": "LtCyber1!",
            "admin_username": "adminuser",
            "allow_extension_operations": true,
            "availability_set_id": "",
            "boot_diagnostics": [],
            "capacity_reservation_group_id": "",
            "computer_name": "domovoy",
            "custom_data": null,
            "dedicated_host_group_id": "",
            "dedicated_host_id": "",
            "edge_zone": "",
            "enable_automatic_updates": false,
            "encryption_at_host_enabled": false,
            "eviction_policy": "",
            "extensions_time_budget": "PT1H30M",
            "gallery_application": [],
            "hotpatching_enabled": false,
            "id": "/subscriptions/aab8f84c-7790-4073-afe3-bf27ed5b639e/resourceGroups/brumnet-palo-rg/providers/Microsoft.Compute/virtualMachines/brumnet-palo-carbon-desk2",
            "identity": [],
            "license_type": "",
            "location": "eastus",
            "max_bid_price": -1,
            "name": "brumnet-palo-carbon-desk2",
            "network_interface_ids": [
              "/subscriptions/aab8f84c-7790-4073-afe3-bf27ed5b639e/resourceGroups/brumnet-palo-rg/providers/Microsoft.Network/networkInterfaces/brumnet-palo-carbon-desk2-nic-0"
            ],
            "os_disk": [
              {
                "caching": "ReadWrite",
                "diff_disk_settings": [],
                "disk_encryption_set_id": "",
                "disk_size_gb": 127,
                "name": "brumnet-palo-carbon-desk2_OsDisk_1_c6ea268b0ff34c4fbfb22685127e4908",
                "secure_vm_disk_encryption_set_id": "",
                "security_encryption_type": "",
                "storage_account_type": "StandardSSD_LRS",
                "write_accelerator_enabled": false
              }
            ],
            "patch_assessment_mode": "ImageDefault",
            "patch_mode": "Manual",
            "plan": [],
            "platform_fault_domain": -1,
            "priority": "Regular",
            "private_ip_address": "10.20.20.103",
            "private_ip_addresses": [
              "10.20.20.103"
            ],
            "provision_vm_agent": true,
            "proximity_placement_group_id": "",
            "public_ip_address": "",
            "public_ip_addresses": [],
            "resource_group_name": "brumnet-palo-rg",
            "secret": [],
            "secure_boot_enabled": false,
            "size": "Standard_D4s_v4",
            "source_image_id": "",
            "source_image_reference": [
              {
                "offer": "windows-10",
                "publisher": "MicrosoftWindowsDesktop",
                "sku": "win10-21h2-pro-g2",
                "version": "19044.2130.221006"
              }
            ],
            "tags": {
              "CreatedDate": "2024-03-29T18:48:11.3387626Z",
              "Creator": "ToBeSetByAutomation",
              "category": "",
              "description": "Windows Desktop Victim VM on domain",
              "environment": "YOUR_RANGE_ENV",
              "region": "eastus"
            },
            "termination_notification": null,
            "timeouts": null,
            "timezone": "",
            "user_data": "",
            "virtual_machine_id": "dfd9287b-6273-4d22-b8e9-14ff24be2c85",
            "virtual_machine_scale_set_id": "",
            "vtpm_enabled": false,
            "winrm_listener": [],
            "zone": ""
          },
          "sensitive_attributes": [],
          "private": "eyJlMmJmYjczMC1lY2FhLTExZTYtOGY4OC0zNDM2M2JjN2M0YzAiOnsiY3JlYXRlIjoyNzAwMDAwMDAwMDAwLCJkZWxldGUiOjI3MDAwMDAwMDAwMDAsInJlYWQiOjMwMDAwMDAwMDAwMCwidXBkYXRlIjoyNzAwMDAwMDAwMDAwfX0=",
          "dependencies": [
            "azurerm_subnet.carbon_desk",
            "azurerm_virtual_network.vnet1",
            "module.carbon-desk2.azurerm_network_interface.main",
            "module.rgroup.azurerm_resource_group.resource_group"
          ]
        }
      ]
    },
    {
      "module": "module.carbon-desk3",
      "mode": "managed",
      "type": "azurerm_network_interface",
      "name": "main",
      "provider": "provider[\"registry.terraform.io/hashicorp/azurerm\"]",
      "instances": [
        {
          "index_key": 0,
          "schema_version": 0,
          "attributes": {
            "applied_dns_servers": [],
            "dns_servers": [],
            "edge_zone": "",
            "enable_accelerated_networking": false,
            "enable_ip_forwarding": true,
            "id": "/subscriptions/aab8f84c-7790-4073-afe3-bf27ed5b639e/resourceGroups/brumnet-palo-rg/providers/Microsoft.Network/networkInterfaces/brumnet-palo-carbon-desk3-nic-0",
            "internal_dns_name_label": "",
            "internal_domain_name_suffix": "lbnmvgkevaeujn41qiocfi41nb.bx.internal.cloudapp.net",
            "ip_configuration": [
              {
                "gateway_load_balancer_frontend_ip_configuration_id": "",
                "name": "internal",
                "primary": true,
                "private_ip_address": "10.20.20.104",
                "private_ip_address_allocation": "Static",
                "private_ip_address_version": "IPv4",
                "public_ip_address_id": "",
                "subnet_id": "/subscriptions/aab8f84c-7790-4073-afe3-bf27ed5b639e/resourceGroups/brumnet-palo-rg/providers/Microsoft.Network/virtualNetworks/brumnet-palo-vnet1/subnets/brumnet-palo-carbon-desk"
              }
            ],
            "location": "eastus",
            "mac_address": "",
            "name": "brumnet-palo-carbon-desk3-nic-0",
            "private_ip_address": "10.20.20.104",
            "private_ip_addresses": [
              "10.20.20.104"
            ],
            "resource_group_name": "brumnet-palo-rg",
            "tags": {
              "CreatedDate": "2024-03-29T18:47:47.7594314Z",
              "Creator": "ToBeSetByAutomation"
            },
            "timeouts": null,
            "virtual_machine_id": ""
          },
          "sensitive_attributes": [],
          "private": "eyJlMmJmYjczMC1lY2FhLTExZTYtOGY4OC0zNDM2M2JjN2M0YzAiOnsiY3JlYXRlIjoxODAwMDAwMDAwMDAwLCJkZWxldGUiOjE4MDAwMDAwMDAwMDAsInJlYWQiOjMwMDAwMDAwMDAwMCwidXBkYXRlIjoxODAwMDAwMDAwMDAwfX0=",
          "dependencies": [
            "azurerm_subnet.carbon_desk",
            "azurerm_virtual_network.vnet1",
            "module.rgroup.azurerm_resource_group.resource_group"
          ]
        }
      ]
    },
    {
      "module": "module.carbon-desk3",
      "mode": "managed",
      "type": "azurerm_windows_virtual_machine",
      "name": "main",
      "provider": "provider[\"registry.terraform.io/hashicorp/azurerm\"]",
      "instances": [
        {
          "schema_version": 0,
          "attributes": {
            "additional_capabilities": [],
            "additional_unattend_content": [
              {
                "content": "\u003cAutoLogon\u003e\u003cPassword\u003e\u003cValue\u003eLtCyber1!\u003c/Value\u003e\u003c/Password\u003e\u003cEnabled\u003etrue\u003c/Enabled\u003e\u003cLogonCount\u003e1\u003c/LogonCount\u003e\u003cUsername\u003eadminuser\u003c/Username\u003e\u003c/AutoLogon\u003e",
                "setting": "AutoLogon"
              },
              {
                "content": "\u003cFirstLogonCommands\u003e\n    \u003cSynchronousCommand\u003e\n        \u003cCommandLine\u003ecmd /c \"mkdir C:\\terraform\"\u003c/CommandLine\u003e\n        \u003cDescription\u003eCreate the Terraform working directory\u003c/Description\u003e\n        \u003cOrder\u003e11\u003c/Order\u003e\n    \u003c/SynchronousCommand\u003e\n    \u003cSynchronousCommand\u003e\n        \u003cCommandLine\u003ecmd /c \"copy C:\\AzureData\\CustomData.bin C:\\terraform\\winrm.ps1\"\u003c/CommandLine\u003e\n        \u003cDescription\u003eMove the CustomData file to the working directory\u003c/Description\u003e\n        \u003cOrder\u003e12\u003c/Order\u003e\n    \u003c/SynchronousCommand\u003e\n    \u003cSynchronousCommand\u003e\n        \u003cCommandLine\u003epowershell.exe -sta -ExecutionPolicy Unrestricted -file C:\\terraform\\winrm.ps1\u003c/CommandLine\u003e\n        \u003cDescription\u003eExecute the WinRM enabling script\u003c/Description\u003e\n        \u003cOrder\u003e13\u003c/Order\u003e\n    \u003c/SynchronousCommand\u003e\n\u003c/FirstLogonCommands\u003e\n",
                "setting": "FirstLogonCommands"
              }
            ],
            "admin_password": "LtCyber1!",
            "admin_username": "adminuser",
            "allow_extension_operations": true,
            "availability_set_id": "",
            "boot_diagnostics": [],
            "capacity_reservation_group_id": "",
            "computer_name": "khabibulin",
            "custom_data": null,
            "dedicated_host_group_id": "",
            "dedicated_host_id": "",
            "edge_zone": "",
            "enable_automatic_updates": false,
            "encryption_at_host_enabled": false,
            "eviction_policy": "",
            "extensions_time_budget": "PT1H30M",
            "gallery_application": [],
            "hotpatching_enabled": false,
            "id": "/subscriptions/aab8f84c-7790-4073-afe3-bf27ed5b639e/resourceGroups/brumnet-palo-rg/providers/Microsoft.Compute/virtualMachines/brumnet-palo-carbon-desk3",
            "identity": [],
            "license_type": "",
            "location": "eastus",
            "max_bid_price": -1,
            "name": "brumnet-palo-carbon-desk3",
            "network_interface_ids": [
              "/subscriptions/aab8f84c-7790-4073-afe3-bf27ed5b639e/resourceGroups/brumnet-palo-rg/providers/Microsoft.Network/networkInterfaces/brumnet-palo-carbon-desk3-nic-0"
            ],
            "os_disk": [
              {
                "caching": "ReadWrite",
                "diff_disk_settings": [],
                "disk_encryption_set_id": "",
                "disk_size_gb": 127,
                "name": "brumnet-palo-carbon-desk3_OsDisk_1_e5c1f8b01c884728b6b7a3ac44b8ef1b",
                "secure_vm_disk_encryption_set_id": "",
                "security_encryption_type": "",
                "storage_account_type": "StandardSSD_LRS",
                "write_accelerator_enabled": false
              }
            ],
            "patch_assessment_mode": "ImageDefault",
            "patch_mode": "Manual",
            "plan": [],
            "platform_fault_domain": -1,
            "priority": "Regular",
            "private_ip_address": "10.20.20.104",
            "private_ip_addresses": [
              "10.20.20.104"
            ],
            "provision_vm_agent": true,
            "proximity_placement_group_id": "",
            "public_ip_address": "",
            "public_ip_addresses": [],
            "resource_group_name": "brumnet-palo-rg",
            "secret": [],
            "secure_boot_enabled": false,
            "size": "Standard_D4s_v4",
            "source_image_id": "",
            "source_image_reference": [
              {
                "offer": "windows-10",
                "publisher": "MicrosoftWindowsDesktop",
                "sku": "win10-21h2-pro-g2",
                "version": "19044.2130.221006"
              }
            ],
            "tags": {
              "CreatedDate": "2024-03-29T18:47:58.9390932Z",
              "Creator": "ToBeSetByAutomation",
              "category": "",
              "description": "Windows Desktop Victim VM on domain",
              "environment": "YOUR_RANGE_ENV",
              "region": "eastus"
            },
            "termination_notification": null,
            "timeouts": null,
            "timezone": "",
            "user_data": "",
            "virtual_machine_id": "bc8d7e82-cec3-46d2-829d-62bae708c8b2",
            "virtual_machine_scale_set_id": "",
            "vtpm_enabled": false,
            "winrm_listener": [],
            "zone": ""
          },
          "sensitive_attributes": [],
          "private": "eyJlMmJmYjczMC1lY2FhLTExZTYtOGY4OC0zNDM2M2JjN2M0YzAiOnsiY3JlYXRlIjoyNzAwMDAwMDAwMDAwLCJkZWxldGUiOjI3MDAwMDAwMDAwMDAsInJlYWQiOjMwMDAwMDAwMDAwMCwidXBkYXRlIjoyNzAwMDAwMDAwMDAwfX0=",
          "dependencies": [
            "azurerm_subnet.carbon_desk",
            "azurerm_virtual_network.vnet1",
            "module.carbon-desk3.azurerm_network_interface.main",
            "module.rgroup.azurerm_resource_group.resource_group"
          ]
        }
      ]
    },
    {
      "module": "module.carbon-ex-srv1",
      "mode": "managed",
      "type": "azurerm_network_interface",
      "name": "main",
      "provider": "provider[\"registry.terraform.io/hashicorp/azurerm\"]",
      "instances": [
        {
          "index_key": 0,
          "schema_version": 0,
          "attributes": {
            "applied_dns_servers": [],
            "dns_servers": [],
            "edge_zone": "",
            "enable_accelerated_networking": false,
            "enable_ip_forwarding": true,
            "id": "/subscriptions/aab8f84c-7790-4073-afe3-bf27ed5b639e/resourceGroups/brumnet-palo-rg/providers/Microsoft.Network/networkInterfaces/brumnet-palo-carbon-ex-srv1-nic-0",
            "internal_dns_name_label": "",
            "internal_domain_name_suffix": "lbnmvgkevaeujn41qiocfi41nb.bx.internal.cloudapp.net",
            "ip_configuration": [
              {
                "gateway_load_balancer_frontend_ip_configuration_id": "",
                "name": "internal",
                "primary": true,
                "private_ip_address": "10.20.10.17",
                "private_ip_address_allocation": "Static",
                "private_ip_address_version": "IPv4",
                "public_ip_address_id": "",
                "subnet_id": "/subscriptions/aab8f84c-7790-4073-afe3-bf27ed5b639e/resourceGroups/brumnet-palo-rg/providers/Microsoft.Network/virtualNetworks/brumnet-palo-vnet1/subnets/brumnet-palo-carbon-srv"
              }
            ],
            "location": "eastus",
            "mac_address": "",
            "name": "brumnet-palo-carbon-ex-srv1-nic-0",
            "private_ip_address": "10.20.10.17",
            "private_ip_addresses": [
              "10.20.10.17"
            ],
            "resource_group_name": "brumnet-palo-rg",
            "tags": {
              "CreatedDate": "2024-03-29T18:47:51.4261619Z",
              "Creator": "ToBeSetByAutomation"
            },
            "timeouts": null,
            "virtual_machine_id": ""
          },
          "sensitive_attributes": [],
          "private": "eyJlMmJmYjczMC1lY2FhLTExZTYtOGY4OC0zNDM2M2JjN2M0YzAiOnsiY3JlYXRlIjoxODAwMDAwMDAwMDAwLCJkZWxldGUiOjE4MDAwMDAwMDAwMDAsInJlYWQiOjMwMDAwMDAwMDAwMCwidXBkYXRlIjoxODAwMDAwMDAwMDAwfX0=",
          "dependencies": [
            "azurerm_subnet.carbon_srv",
            "azurerm_virtual_network.vnet1",
            "module.rgroup.azurerm_resource_group.resource_group"
          ]
        }
      ]
    },
    {
      "module": "module.carbon-ex-srv1",
      "mode": "managed",
      "type": "azurerm_windows_virtual_machine",
      "name": "main",
      "provider": "provider[\"registry.terraform.io/hashicorp/azurerm\"]",
      "instances": [
        {
          "schema_version": 0,
          "attributes": {
            "additional_capabilities": [],
            "additional_unattend_content": [
              {
                "content": "\u003cAutoLogon\u003e\u003cPassword\u003e\u003cValue\u003eLtCyber1!\u003c/Value\u003e\u003c/Password\u003e\u003cEnabled\u003etrue\u003c/Enabled\u003e\u003cLogonCount\u003e1\u003c/LogonCount\u003e\u003cUsername\u003eadminuser\u003c/Username\u003e\u003c/AutoLogon\u003e",
                "setting": "AutoLogon"
              },
              {
                "content": "\u003cFirstLogonCommands\u003e\n    \u003cSynchronousCommand\u003e\n        \u003cCommandLine\u003ecmd /c \"mkdir C:\\terraform\"\u003c/CommandLine\u003e\n        \u003cDescription\u003eCreate the Terraform working directory\u003c/Description\u003e\n        \u003cOrder\u003e11\u003c/Order\u003e\n    \u003c/SynchronousCommand\u003e\n    \u003cSynchronousCommand\u003e\n        \u003cCommandLine\u003ecmd /c \"copy C:\\AzureData\\CustomData.bin C:\\terraform\\winrm.ps1\"\u003c/CommandLine\u003e\n        \u003cDescription\u003eMove the CustomData file to the working directory\u003c/Description\u003e\n        \u003cOrder\u003e12\u003c/Order\u003e\n    \u003c/SynchronousCommand\u003e\n    \u003cSynchronousCommand\u003e\n        \u003cCommandLine\u003epowershell.exe -sta -ExecutionPolicy Unrestricted -file C:\\terraform\\winrm.ps1\u003c/CommandLine\u003e\n        \u003cDescription\u003eExecute the WinRM enabling script\u003c/Description\u003e\n        \u003cOrder\u003e13\u003c/Order\u003e\n    \u003c/SynchronousCommand\u003e\n\u003c/FirstLogonCommands\u003e\n",
                "setting": "FirstLogonCommands"
              }
            ],
            "admin_password": "LtCyber1!",
            "admin_username": "adminuser",
            "allow_extension_operations": true,
            "availability_set_id": "",
            "boot_diagnostics": [],
            "capacity_reservation_group_id": "",
            "computer_name": "brieftragerin",
            "custom_data": "UGFyYW0oJFJlbW90ZUhvc3ROYW1lID0gImJyaWVmdHJhZ2VyaW4iLCAkQ29tcHV0ZXJOYW1lID0gImJyaWVmdHJhZ2VyaW4iKSAkQ2VydCA9IE5ldy1TZWxmU2lnbmVkQ2VydGlmaWNhdGUgLURuc05hbWUgJFJlbW90ZUhvc3ROYW1lLCAkQ29tcHV0ZXJOYW1lIGAKICAgIC1DZXJ0U3RvcmVMb2NhdGlvbiAiY2VydDpcTG9jYWxNYWNoaW5lXE15IiBgCiAgICAtRnJpZW5kbHlOYW1lICJUZXN0IFdpblJNIENlcnQiCgokQ2VydCB8IE91dC1TdHJpbmcKCiRUaHVtYnByaW50ID0gJENlcnQuVGh1bWJwcmludAoKV3JpdGUtSG9zdCAiRW5hYmxlIEhUVFBTIGluIFdpblJNIgokV2luUm1IdHRwcyA9ICJAe0hvc3RuYW1lPWAiJFJlbW90ZUhvc3ROYW1lYCI7IENlcnRpZmljYXRlVGh1bWJwcmludD1gIiRUaHVtYnByaW50YCJ9Igp3aW5ybSBjcmVhdGUgd2lucm0vY29uZmlnL0xpc3RlbmVyP0FkZHJlc3M9KitUcmFuc3BvcnQ9SFRUUFMgJFdpblJtSHR0cHMKCldyaXRlLUhvc3QgIlNldCBCYXNpYyBBdXRoIGluIFdpblJNIgokV2luUm1CYXNpYyA9ICJAe0Jhc2ljPWAidHJ1ZWAifSIKd2lucm0gc2V0IHdpbnJtL2NvbmZpZy9zZXJ2aWNlL0F1dGggJFdpblJtQmFzaWMKCldyaXRlLUhvc3QgIk9wZW4gRmlyZXdhbGwgUG9ydCIKbmV0c2ggYWR2ZmlyZXdhbGwgZmlyZXdhbGwgYWRkIHJ1bGUgbmFtZT0iV2luZG93cyBSZW1vdGUgTWFuYWdlbWVudCAoSFRUUFMtSW4pIiBkaXI9aW4gYWN0aW9uPWFsbG93IHByb3RvY29sPVRDUCBsb2NhbHBvcnQ9NTk4NQo=",
            "dedicated_host_group_id": "",
            "dedicated_host_id": "",
            "edge_zone": "",
            "enable_automatic_updates": false,
            "encryption_at_host_enabled": false,
            "eviction_policy": "",
            "extensions_time_budget": "PT1H30M",
            "gallery_application": [],
            "hotpatching_enabled": false,
            "id": "/subscriptions/aab8f84c-7790-4073-afe3-bf27ed5b639e/resourceGroups/brumnet-palo-rg/providers/Microsoft.Compute/virtualMachines/brumnet-palo-carbon-ex-srv1",
            "identity": [],
            "license_type": "",
            "location": "eastus",
            "max_bid_price": -1,
            "name": "brumnet-palo-carbon-ex-srv1",
            "network_interface_ids": [
              "/subscriptions/aab8f84c-7790-4073-afe3-bf27ed5b639e/resourceGroups/brumnet-palo-rg/providers/Microsoft.Network/networkInterfaces/brumnet-palo-carbon-ex-srv1-nic-0"
            ],
            "os_disk": [
              {
                "caching": "ReadWrite",
                "diff_disk_settings": [],
                "disk_encryption_set_id": "",
                "disk_size_gb": 127,
                "name": "brumnet-palo-carbon-ex-srv1_OsDisk_1_02b9b9b5b6e045898b8403bdf177f3b3",
                "secure_vm_disk_encryption_set_id": "",
                "security_encryption_type": "",
                "storage_account_type": "StandardSSD_LRS",
                "write_accelerator_enabled": false
              }
            ],
            "patch_assessment_mode": "ImageDefault",
            "patch_mode": "Manual",
            "plan": [],
            "platform_fault_domain": -1,
            "priority": "Regular",
            "private_ip_address": "10.20.10.17",
            "private_ip_addresses": [
              "10.20.10.17"
            ],
            "provision_vm_agent": true,
            "proximity_placement_group_id": "",
            "public_ip_address": "",
            "public_ip_addresses": [],
            "resource_group_name": "brumnet-palo-rg",
            "secret": [],
            "secure_boot_enabled": false,
            "size": "Standard_D4s_v4",
            "source_image_id": "",
            "source_image_reference": [
              {
                "offer": "WindowsServer",
                "publisher": "MicrosoftWindowsServer",
                "sku": "2019-datacenter",
                "version": "2019.0.20190410"
              }
            ],
            "tags": {
              "CreatedDate": "2024-03-29T18:48:58.8180571Z",
              "Creator": "ToBeSetByAutomation",
              "category": "",
              "description": "Carbon - Windows Exchange Server",
              "environment": "YOUR_RANGE_ENV",
              "region": "eastus"
            },
            "termination_notification": null,
            "timeouts": null,
            "timezone": "",
            "user_data": "",
            "virtual_machine_id": "76844466-c7a9-4dea-878f-d10f292aca84",
            "virtual_machine_scale_set_id": "",
            "vtpm_enabled": false,
            "winrm_listener": [],
            "zone": ""
          },
          "sensitive_attributes": [],
          "private": "eyJlMmJmYjczMC1lY2FhLTExZTYtOGY4OC0zNDM2M2JjN2M0YzAiOnsiY3JlYXRlIjoyNzAwMDAwMDAwMDAwLCJkZWxldGUiOjI3MDAwMDAwMDAwMDAsInJlYWQiOjMwMDAwMDAwMDAwMCwidXBkYXRlIjoyNzAwMDAwMDAwMDAwfX0=",
          "dependencies": [
            "azurerm_subnet.carbon_srv",
            "azurerm_virtual_network.vnet1",
            "module.carbon-ex-srv1.azurerm_network_interface.main",
            "module.rgroup.azurerm_resource_group.resource_group"
          ]
        }
      ]
    },
    {
      "module": "module.carbon-web-srv1",
      "mode": "managed",
      "type": "azurerm_linux_virtual_machine",
      "name": "main",
      "provider": "provider[\"registry.terraform.io/hashicorp/azurerm\"]",
      "instances": [
        {
          "schema_version": 0,
          "attributes": {
            "additional_capabilities": [],
            "admin_password": "LtCyber1!",
            "admin_ssh_key": [
              {
                "public_key": "ssh-rsa AAAAB3NzaC1yc2EAAAADAQABAAACAQCXID8jsBr9HBSAUEUw0zst4tIQbN9Q1R0VLM2SjCp4qI760uXf/P5Fq3Bi+z4wA0WuRQKZCBFYZ18doo5j4mmcNNdFYtjNGvclZR6zNHvDtu4TRpIO3UMDCnqLD1/xQYna2sQQGRcQXC+gw6FXbtpQKdPpnXg62SKLpOCQHuO2QnFBcZ/z5LdcXpwTioi9bdz+pd6wWyNN/cHwpY3cZUp6ctsuvTYSrlt2/69vkESBPXHT8uWeJLYJAtdnXaP1gNw73YCurG6Q8RzMz3UfC02FKpva2rMh8qV9ULOF6GcDX7S2b9hCYJm0C+QSNGlWJzHGe86Jptqcd3+lJkuVuDOz8I37XULczCTMLPqtuyQuqpPO6bzwj9MCaQZtDovKRu7i7Hw3dJkguluyrhQxuhyQPM4IEm2L+aydJ2JfPLQsYyhvcu2HqhMYtM7UaHJ4AvC5pqb64XS60vUdrgq0crN6EG5bncZiYCWelhgv8QxdERD5QSZxUbXZ7a/Ewiq5i8nj0LC/9+cvrRbBJyPz9nZW0HqQlpAq/M3AIw5UEXDqt5YxBPNbeRJEbrRgP1zQJc1DfYHLmImXcAt56Db6PmX2h2Gr5o/oYNnTZ/xQWUAQC7Yv+6fcfzPLGlwxpqnxlJyESYvP2DV33zgYb0Lyxknwpr350NrFksqmSzOpKFOluw== sbrumley@M-WHQTJW63YP\n",
                "username": "adminuser"
              }
            ],
            "admin_username": "adminuser",
            "allow_extension_operations": true,
            "availability_set_id": "",
            "boot_diagnostics": [],
            "capacity_reservation_group_id": "",
            "computer_name": "brumnet-palo-carbon-web-srv1",
            "custom_data": null,
            "dedicated_host_group_id": "",
            "dedicated_host_id": "",
            "disable_password_authentication": false,
            "edge_zone": "",
            "encryption_at_host_enabled": false,
            "eviction_policy": "",
            "extensions_time_budget": "PT1H30M",
            "gallery_application": [],
            "id": "/subscriptions/aab8f84c-7790-4073-afe3-bf27ed5b639e/resourceGroups/brumnet-palo-rg/providers/Microsoft.Compute/virtualMachines/brumnet-palo-carbon-web-srv1",
            "identity": [],
            "license_type": "",
            "location": "eastus",
            "max_bid_price": -1,
            "name": "brumnet-palo-carbon-web-srv1",
            "network_interface_ids": [
              "/subscriptions/aab8f84c-7790-4073-afe3-bf27ed5b639e/resourceGroups/brumnet-palo-rg/providers/Microsoft.Network/networkInterfaces/brumnet-palo-carbon-web-srv1-nic-0"
            ],
            "os_disk": [
              {
                "caching": "ReadWrite",
                "diff_disk_settings": [],
                "disk_encryption_set_id": "",
                "disk_size_gb": 30,
                "name": "brumnet-palo-carbon-web-srv1_disk1_e25df67214ed44c5b234de431146699e",
                "secure_vm_disk_encryption_set_id": "",
                "security_encryption_type": "",
                "storage_account_type": "StandardSSD_LRS",
                "write_accelerator_enabled": false
              }
            ],
            "patch_assessment_mode": "ImageDefault",
            "patch_mode": "ImageDefault",
            "plan": [],
            "platform_fault_domain": -1,
            "priority": "Regular",
            "private_ip_address": "10.20.10.23",
            "private_ip_addresses": [
              "10.20.10.23"
            ],
            "provision_vm_agent": true,
            "proximity_placement_group_id": "",
            "public_ip_address": "",
            "public_ip_addresses": [],
            "resource_group_name": "brumnet-palo-rg",
            "secret": [],
            "secure_boot_enabled": false,
            "size": "Standard_D2s_v4",
            "source_image_id": "",
            "source_image_reference": [
              {
                "offer": "0001-com-ubuntu-server-focal",
                "publisher": "Canonical",
                "sku": "20_04-lts-gen2",
                "version": "20.04.202207130"
              }
            ],
            "tags": {
              "CreatedDate": "2024-03-29T18:48:53.5882432Z",
              "Creator": "ToBeSetByAutomation",
              "category": "",
              "description": "Internal Web Server",
              "environment": "YOUR_RANGE_ENV",
              "region": "eastus"
            },
            "termination_notification": null,
            "timeouts": null,
            "user_data": "",
            "virtual_machine_id": "3aa9d878-ac4a-4c25-9d89-702373e00997",
            "virtual_machine_scale_set_id": "",
            "vtpm_enabled": false,
            "zone": ""
          },
          "sensitive_attributes": [],
          "private": "eyJlMmJmYjczMC1lY2FhLTExZTYtOGY4OC0zNDM2M2JjN2M0YzAiOnsiY3JlYXRlIjoyNzAwMDAwMDAwMDAwLCJkZWxldGUiOjI3MDAwMDAwMDAwMDAsInJlYWQiOjMwMDAwMDAwMDAwMCwidXBkYXRlIjoyNzAwMDAwMDAwMDAwfX0=",
          "dependencies": [
            "azurerm_subnet.carbon_srv",
            "azurerm_virtual_network.vnet1",
            "module.carbon-web-srv1.azurerm_network_interface.main",
            "module.rgroup.azurerm_resource_group.resource_group"
          ]
        }
      ]
    },
    {
      "module": "module.carbon-web-srv1",
      "mode": "managed",
      "type": "azurerm_network_interface",
      "name": "main",
      "provider": "provider[\"registry.terraform.io/hashicorp/azurerm\"]",
      "instances": [
        {
          "index_key": 0,
          "schema_version": 0,
          "attributes": {
            "applied_dns_servers": [],
            "dns_servers": [],
            "edge_zone": "",
            "enable_accelerated_networking": false,
            "enable_ip_forwarding": true,
            "id": "/subscriptions/aab8f84c-7790-4073-afe3-bf27ed5b639e/resourceGroups/brumnet-palo-rg/providers/Microsoft.Network/networkInterfaces/brumnet-palo-carbon-web-srv1-nic-0",
            "internal_dns_name_label": "",
            "internal_domain_name_suffix": "lbnmvgkevaeujn41qiocfi41nb.bx.internal.cloudapp.net",
            "ip_configuration": [
              {
                "gateway_load_balancer_frontend_ip_configuration_id": "",
                "name": "internal",
                "primary": true,
                "private_ip_address": "10.20.10.23",
                "private_ip_address_allocation": "Static",
                "private_ip_address_version": "IPv4",
                "public_ip_address_id": "",
                "subnet_id": "/subscriptions/aab8f84c-7790-4073-afe3-bf27ed5b639e/resourceGroups/brumnet-palo-rg/providers/Microsoft.Network/virtualNetworks/brumnet-palo-vnet1/subnets/brumnet-palo-carbon-srv"
              }
            ],
            "location": "eastus",
            "mac_address": "",
            "name": "brumnet-palo-carbon-web-srv1-nic-0",
            "private_ip_address": "10.20.10.23",
            "private_ip_addresses": [
              "10.20.10.23"
            ],
            "resource_group_name": "brumnet-palo-rg",
            "tags": {
              "CreatedDate": "2024-03-29T18:47:50.6561058Z",
              "Creator": "ToBeSetByAutomation"
            },
            "timeouts": null,
            "virtual_machine_id": ""
          },
          "sensitive_attributes": [],
          "private": "eyJlMmJmYjczMC1lY2FhLTExZTYtOGY4OC0zNDM2M2JjN2M0YzAiOnsiY3JlYXRlIjoxODAwMDAwMDAwMDAwLCJkZWxldGUiOjE4MDAwMDAwMDAwMDAsInJlYWQiOjMwMDAwMDAwMDAwMCwidXBkYXRlIjoxODAwMDAwMDAwMDAwfX0=",
          "dependencies": [
            "azurerm_subnet.carbon_srv",
            "azurerm_virtual_network.vnet1",
            "module.rgroup.azurerm_resource_group.resource_group"
          ]
        }
      ]
    },
    {
      "module": "module.red-kali1",
      "mode": "managed",
      "type": "azurerm_linux_virtual_machine",
      "name": "main",
      "provider": "provider[\"registry.terraform.io/hashicorp/azurerm\"]",
      "instances": [
        {
          "schema_version": 0,
          "attributes": {
            "additional_capabilities": [],
            "admin_password": "LtCyber1!",
            "admin_ssh_key": [
              {
                "public_key": "ssh-rsa AAAAB3NzaC1yc2EAAAADAQABAAACAQCXID8jsBr9HBSAUEUw0zst4tIQbN9Q1R0VLM2SjCp4qI760uXf/P5Fq3Bi+z4wA0WuRQKZCBFYZ18doo5j4mmcNNdFYtjNGvclZR6zNHvDtu4TRpIO3UMDCnqLD1/xQYna2sQQGRcQXC+gw6FXbtpQKdPpnXg62SKLpOCQHuO2QnFBcZ/z5LdcXpwTioi9bdz+pd6wWyNN/cHwpY3cZUp6ctsuvTYSrlt2/69vkESBPXHT8uWeJLYJAtdnXaP1gNw73YCurG6Q8RzMz3UfC02FKpva2rMh8qV9ULOF6GcDX7S2b9hCYJm0C+QSNGlWJzHGe86Jptqcd3+lJkuVuDOz8I37XULczCTMLPqtuyQuqpPO6bzwj9MCaQZtDovKRu7i7Hw3dJkguluyrhQxuhyQPM4IEm2L+aydJ2JfPLQsYyhvcu2HqhMYtM7UaHJ4AvC5pqb64XS60vUdrgq0crN6EG5bncZiYCWelhgv8QxdERD5QSZxUbXZ7a/Ewiq5i8nj0LC/9+cvrRbBJyPz9nZW0HqQlpAq/M3AIw5UEXDqt5YxBPNbeRJEbrRgP1zQJc1DfYHLmImXcAt56Db6PmX2h2Gr5o/oYNnTZ/xQWUAQC7Yv+6fcfzPLGlwxpqnxlJyESYvP2DV33zgYb0Lyxknwpr350NrFksqmSzOpKFOluw== sbrumley@M-WHQTJW63YP\n",
                "username": "adminuser"
              }
            ],
            "admin_username": "adminuser",
            "allow_extension_operations": true,
            "availability_set_id": "",
            "boot_diagnostics": [],
            "capacity_reservation_group_id": "",
            "computer_name": "brumnet-palo-kali-dev1",
            "custom_data": null,
            "dedicated_host_group_id": "",
            "dedicated_host_id": "",
            "disable_password_authentication": false,
            "edge_zone": "",
            "encryption_at_host_enabled": false,
            "eviction_policy": "",
            "extensions_time_budget": "PT1H30M",
            "gallery_application": [],
            "id": "/subscriptions/aab8f84c-7790-4073-afe3-bf27ed5b639e/resourceGroups/brumnet-palo-rg/providers/Microsoft.Compute/virtualMachines/brumnet-palo-kali-dev1",
            "identity": [],
            "license_type": "",
            "location": "eastus",
            "max_bid_price": -1,
            "name": "brumnet-palo-kali-dev1",
            "network_interface_ids": [
              "/subscriptions/aab8f84c-7790-4073-afe3-bf27ed5b639e/resourceGroups/brumnet-palo-rg/providers/Microsoft.Network/networkInterfaces/brumnet-palo-kali-dev1-nic-0",
              "/subscriptions/aab8f84c-7790-4073-afe3-bf27ed5b639e/resourceGroups/brumnet-palo-rg/providers/Microsoft.Network/networkInterfaces/brumnet-palo-kali-dev1-nic-1"
            ],
            "os_disk": [
              {
                "caching": "ReadWrite",
                "diff_disk_settings": [],
                "disk_encryption_set_id": "",
                "disk_size_gb": 30,
                "name": "brumnet-palo-kali-dev1_OsDisk_1_87c9cd96c9ad41b2a1968fa8e73a8353",
                "secure_vm_disk_encryption_set_id": "",
                "security_encryption_type": "",
                "storage_account_type": "StandardSSD_LRS",
                "write_accelerator_enabled": false
              }
            ],
            "patch_assessment_mode": "ImageDefault",
            "patch_mode": "ImageDefault",
            "plan": [],
            "platform_fault_domain": -1,
            "priority": "Regular",
            "private_ip_address": "176.59.15.33",
            "private_ip_addresses": [
              "176.59.15.33",
              "176.59.15.44"
            ],
            "provision_vm_agent": true,
            "proximity_placement_group_id": "",
            "public_ip_address": "",
            "public_ip_addresses": [],
            "resource_group_name": "brumnet-palo-rg",
            "secret": [],
            "secure_boot_enabled": false,
            "size": "Standard_D2s_v4",
            "source_image_id": "",
            "source_image_reference": [
              {
                "offer": "0001-com-ubuntu-server-focal",
                "publisher": "Canonical",
                "sku": "20_04-lts-gen2",
                "version": "20.04.202207130"
              }
            ],
            "tags": {
              "CreatedDate": "2024-03-29T18:49:36.5894329Z",
              "Creator": "ToBeSetByAutomation",
              "category": "",
              "description": "Kali Attack Platform VM",
              "environment": "YOUR_RANGE_ENV",
              "region": "eastus"
            },
            "termination_notification": null,
            "timeouts": null,
            "user_data": "",
            "virtual_machine_id": "6c5e2b25-d0b5-415b-b9e1-59790c6a3049",
            "virtual_machine_scale_set_id": "",
            "vtpm_enabled": false,
            "zone": ""
          },
          "sensitive_attributes": [],
          "private": "eyJlMmJmYjczMC1lY2FhLTExZTYtOGY4OC0zNDM2M2JjN2M0YzAiOnsiY3JlYXRlIjoyNzAwMDAwMDAwMDAwLCJkZWxldGUiOjI3MDAwMDAwMDAwMDAsInJlYWQiOjMwMDAwMDAwMDAwMCwidXBkYXRlIjoyNzAwMDAwMDAwMDAwfX0=",
          "dependencies": [
            "azurerm_subnet.red",
            "azurerm_subnet.support",
            "azurerm_virtual_network.vnet2",
            "azurerm_virtual_network.vnet3",
            "module.red-kali1.azurerm_network_interface.main",
            "module.rgroup.azurerm_resource_group.resource_group",
            "module.support-dns-srv1.azurerm_network_interface.main"
          ]
        }
      ]
    },
    {
      "module": "module.red-kali1",
      "mode": "managed",
      "type": "azurerm_network_interface",
      "name": "main",
      "provider": "provider[\"registry.terraform.io/hashicorp/azurerm\"]",
      "instances": [
        {
          "index_key": 0,
          "schema_version": 0,
          "attributes": {
            "applied_dns_servers": [],
            "dns_servers": [
              "91.52.201.22"
            ],
            "edge_zone": "",
            "enable_accelerated_networking": false,
            "enable_ip_forwarding": true,
            "id": "/subscriptions/aab8f84c-7790-4073-afe3-bf27ed5b639e/resourceGroups/brumnet-palo-rg/providers/Microsoft.Network/networkInterfaces/brumnet-palo-kali-dev1-nic-0",
            "internal_dns_name_label": "",
            "internal_domain_name_suffix": "elxsudqnjucudksl1wn23rxrpe.bx.internal.cloudapp.net",
            "ip_configuration": [
              {
                "gateway_load_balancer_frontend_ip_configuration_id": "",
                "name": "internal",
                "primary": true,
                "private_ip_address": "176.59.15.33",
                "private_ip_address_allocation": "Static",
                "private_ip_address_version": "IPv4",
                "public_ip_address_id": "",
                "subnet_id": "/subscriptions/aab8f84c-7790-4073-afe3-bf27ed5b639e/resourceGroups/brumnet-palo-rg/providers/Microsoft.Network/virtualNetworks/brumnet-palo-vnet2/subnets/brumnet-palo-red"
              }
            ],
            "location": "eastus",
            "mac_address": "",
            "name": "brumnet-palo-kali-dev1-nic-0",
            "private_ip_address": "176.59.15.33",
            "private_ip_addresses": [
              "176.59.15.33"
            ],
            "resource_group_name": "brumnet-palo-rg",
            "tags": {
              "CreatedDate": "2024-03-29T18:49:16.8520968Z",
              "Creator": "ToBeSetByAutomation"
            },
            "timeouts": null,
            "virtual_machine_id": ""
          },
          "sensitive_attributes": [],
          "private": "eyJlMmJmYjczMC1lY2FhLTExZTYtOGY4OC0zNDM2M2JjN2M0YzAiOnsiY3JlYXRlIjoxODAwMDAwMDAwMDAwLCJkZWxldGUiOjE4MDAwMDAwMDAwMDAsInJlYWQiOjMwMDAwMDAwMDAwMCwidXBkYXRlIjoxODAwMDAwMDAwMDAwfX0=",
          "dependencies": [
            "azurerm_subnet.red",
            "azurerm_subnet.support",
            "azurerm_virtual_network.vnet2",
            "azurerm_virtual_network.vnet3",
            "module.rgroup.azurerm_resource_group.resource_group",
            "module.support-dns-srv1.azurerm_network_interface.main"
          ]
        },
        {
          "index_key": 1,
          "schema_version": 0,
          "attributes": {
            "applied_dns_servers": [],
            "dns_servers": [
              "91.52.201.22"
            ],
            "edge_zone": "",
            "enable_accelerated_networking": false,
            "enable_ip_forwarding": true,
            "id": "/subscriptions/aab8f84c-7790-4073-afe3-bf27ed5b639e/resourceGroups/brumnet-palo-rg/providers/Microsoft.Network/networkInterfaces/brumnet-palo-kali-dev1-nic-1",
            "internal_dns_name_label": "",
            "internal_domain_name_suffix": "elxsudqnjucudksl1wn23rxrpe.bx.internal.cloudapp.net",
            "ip_configuration": [
              {
                "gateway_load_balancer_frontend_ip_configuration_id": "",
                "name": "internal",
                "primary": true,
                "private_ip_address": "176.59.15.44",
                "private_ip_address_allocation": "Static",
                "private_ip_address_version": "IPv4",
                "public_ip_address_id": "",
                "subnet_id": "/subscriptions/aab8f84c-7790-4073-afe3-bf27ed5b639e/resourceGroups/brumnet-palo-rg/providers/Microsoft.Network/virtualNetworks/brumnet-palo-vnet2/subnets/brumnet-palo-red"
              }
            ],
            "location": "eastus",
            "mac_address": "",
            "name": "brumnet-palo-kali-dev1-nic-1",
            "private_ip_address": "176.59.15.44",
            "private_ip_addresses": [
              "176.59.15.44"
            ],
            "resource_group_name": "brumnet-palo-rg",
            "tags": {
              "CreatedDate": "2024-03-29T18:49:15.6620386Z",
              "Creator": "ToBeSetByAutomation"
            },
            "timeouts": null,
            "virtual_machine_id": ""
          },
          "sensitive_attributes": [],
          "private": "eyJlMmJmYjczMC1lY2FhLTExZTYtOGY4OC0zNDM2M2JjN2M0YzAiOnsiY3JlYXRlIjoxODAwMDAwMDAwMDAwLCJkZWxldGUiOjE4MDAwMDAwMDAwMDAsInJlYWQiOjMwMDAwMDAwMDAwMCwidXBkYXRlIjoxODAwMDAwMDAwMDAwfX0=",
          "dependencies": [
            "azurerm_subnet.red",
            "azurerm_subnet.support",
            "azurerm_virtual_network.vnet2",
            "azurerm_virtual_network.vnet3",
            "module.rgroup.azurerm_resource_group.resource_group",
            "module.support-dns-srv1.azurerm_network_interface.main"
          ]
        }
      ]
    },
    {
      "module": "module.rgroup",
      "mode": "managed",
      "type": "azurerm_resource_group",
      "name": "resource_group",
      "provider": "provider[\"registry.terraform.io/hashicorp/azurerm\"]",
      "instances": [
        {
          "schema_version": 0,
          "attributes": {
            "id": "/subscriptions/aab8f84c-7790-4073-afe3-bf27ed5b639e/resourceGroups/brumnet-palo-rg",
            "location": "eastus",
            "name": "brumnet-palo-rg",
            "tags": {
              "Category": "",
              "ChargeCode": "",
              "CreatedDate": "2024-03-29T18:47:13.1541327Z",
              "Creator": "ToBeSetByAutomation",
              "Description": "",
              "Environment": ""
            },
            "timeouts": null
          },
          "sensitive_attributes": [],
          "private": "eyJlMmJmYjczMC1lY2FhLTExZTYtOGY4OC0zNDM2M2JjN2M0YzAiOnsiY3JlYXRlIjo1NDAwMDAwMDAwMDAwLCJkZWxldGUiOjU0MDAwMDAwMDAwMDAsInJlYWQiOjMwMDAwMDAwMDAwMCwidXBkYXRlIjo1NDAwMDAwMDAwMDAwfX0="
        }
      ]
    },
    {
      "module": "module.snake-ad-srv1",
      "mode": "managed",
      "type": "azurerm_network_interface",
      "name": "main",
      "provider": "provider[\"registry.terraform.io/hashicorp/azurerm\"]",
      "instances": [
        {
          "index_key": 0,
          "schema_version": 0,
          "attributes": {
            "applied_dns_servers": [],
            "dns_servers": [],
            "edge_zone": "",
            "enable_accelerated_networking": false,
            "enable_ip_forwarding": true,
            "id": "/subscriptions/aab8f84c-7790-4073-afe3-bf27ed5b639e/resourceGroups/brumnet-palo-rg/providers/Microsoft.Network/networkInterfaces/brumnet-palo-snake-ad-srv1-nic-0",
            "internal_dns_name_label": "",
            "internal_domain_name_suffix": "lbnmvgkevaeujn41qiocfi41nb.bx.internal.cloudapp.net",
            "ip_configuration": [
              {
                "gateway_load_balancer_frontend_ip_configuration_id": "",
                "name": "internal",
                "primary": true,
                "private_ip_address": "10.100.30.202",
                "private_ip_address_allocation": "Static",
                "private_ip_address_version": "IPv4",
                "public_ip_address_id": "",
                "subnet_id": "/subscriptions/aab8f84c-7790-4073-afe3-bf27ed5b639e/resourceGroups/brumnet-palo-rg/providers/Microsoft.Network/virtualNetworks/brumnet-palo-vnet1/subnets/brumnet-palo-snake-srv-v2"
              }
            ],
            "location": "eastus",
            "mac_address": "",
            "name": "brumnet-palo-snake-ad-srv1-nic-0",
            "private_ip_address": "10.100.30.202",
            "private_ip_addresses": [
              "10.100.30.202"
            ],
            "resource_group_name": "brumnet-palo-rg",
            "tags": {
              "CreatedDate": "2024-03-29T18:47:38.1244526Z",
              "Creator": "ToBeSetByAutomation"
            },
            "timeouts": null,
            "virtual_machine_id": ""
          },
          "sensitive_attributes": [],
          "private": "eyJlMmJmYjczMC1lY2FhLTExZTYtOGY4OC0zNDM2M2JjN2M0YzAiOnsiY3JlYXRlIjoxODAwMDAwMDAwMDAwLCJkZWxldGUiOjE4MDAwMDAwMDAwMDAsInJlYWQiOjMwMDAwMDAwMDAwMCwidXBkYXRlIjoxODAwMDAwMDAwMDAwfX0=",
          "dependencies": [
            "azurerm_subnet.snake_srv_v2",
            "azurerm_virtual_network.vnet1",
            "module.rgroup.azurerm_resource_group.resource_group"
          ]
        }
      ]
    },
    {
      "module": "module.snake-ad-srv1",
      "mode": "managed",
      "type": "azurerm_windows_virtual_machine",
      "name": "main",
      "provider": "provider[\"registry.terraform.io/hashicorp/azurerm\"]",
      "instances": [
        {
          "schema_version": 0,
          "attributes": {
            "additional_capabilities": [],
            "additional_unattend_content": [
              {
                "content": "\u003cAutoLogon\u003e\u003cPassword\u003e\u003cValue\u003eLtCyber1!\u003c/Value\u003e\u003c/Password\u003e\u003cEnabled\u003etrue\u003c/Enabled\u003e\u003cLogonCount\u003e1\u003c/LogonCount\u003e\u003cUsername\u003eadminuser\u003c/Username\u003e\u003c/AutoLogon\u003e",
                "setting": "AutoLogon"
              },
              {
                "content": "\u003cFirstLogonCommands\u003e\n    \u003cSynchronousCommand\u003e\n        \u003cCommandLine\u003ecmd /c \"mkdir C:\\terraform\"\u003c/CommandLine\u003e\n        \u003cDescription\u003eCreate the Terraform working directory\u003c/Description\u003e\n        \u003cOrder\u003e11\u003c/Order\u003e\n    \u003c/SynchronousCommand\u003e\n    \u003cSynchronousCommand\u003e\n        \u003cCommandLine\u003ecmd /c \"copy C:\\AzureData\\CustomData.bin C:\\terraform\\winrm.ps1\"\u003c/CommandLine\u003e\n        \u003cDescription\u003eMove the CustomData file to the working directory\u003c/Description\u003e\n        \u003cOrder\u003e12\u003c/Order\u003e\n    \u003c/SynchronousCommand\u003e\n    \u003cSynchronousCommand\u003e\n        \u003cCommandLine\u003epowershell.exe -sta -ExecutionPolicy Unrestricted -file C:\\terraform\\winrm.ps1\u003c/CommandLine\u003e\n        \u003cDescription\u003eExecute the WinRM enabling script\u003c/Description\u003e\n        \u003cOrder\u003e13\u003c/Order\u003e\n    \u003c/SynchronousCommand\u003e\n\u003c/FirstLogonCommands\u003e\n",
                "setting": "FirstLogonCommands"
              }
            ],
            "admin_password": "LtCyber1!",
            "admin_username": "adminuser",
            "allow_extension_operations": true,
            "availability_set_id": "",
            "boot_diagnostics": [],
            "capacity_reservation_group_id": "",
            "computer_name": "berlios",
            "custom_data": "UGFyYW0oJFJlbW90ZUhvc3ROYW1lID0gImJlcmxpb3MiLCAkQ29tcHV0ZXJOYW1lID0gImJlcmxpb3MiKSAkQ2VydCA9IE5ldy1TZWxmU2lnbmVkQ2VydGlmaWNhdGUgLURuc05hbWUgJFJlbW90ZUhvc3ROYW1lLCAkQ29tcHV0ZXJOYW1lIGAKICAgIC1DZXJ0U3RvcmVMb2NhdGlvbiAiY2VydDpcTG9jYWxNYWNoaW5lXE15IiBgCiAgICAtRnJpZW5kbHlOYW1lICJUZXN0IFdpblJNIENlcnQiCgokQ2VydCB8IE91dC1TdHJpbmcKCiRUaHVtYnByaW50ID0gJENlcnQuVGh1bWJwcmludAoKV3JpdGUtSG9zdCAiRW5hYmxlIEhUVFBTIGluIFdpblJNIgokV2luUm1IdHRwcyA9ICJAe0hvc3RuYW1lPWAiJFJlbW90ZUhvc3ROYW1lYCI7IENlcnRpZmljYXRlVGh1bWJwcmludD1gIiRUaHVtYnByaW50YCJ9Igp3aW5ybSBjcmVhdGUgd2lucm0vY29uZmlnL0xpc3RlbmVyP0FkZHJlc3M9KitUcmFuc3BvcnQ9SFRUUFMgJFdpblJtSHR0cHMKCldyaXRlLUhvc3QgIlNldCBCYXNpYyBBdXRoIGluIFdpblJNIgokV2luUm1CYXNpYyA9ICJAe0Jhc2ljPWAidHJ1ZWAifSIKd2lucm0gc2V0IHdpbnJtL2NvbmZpZy9zZXJ2aWNlL0F1dGggJFdpblJtQmFzaWMKCldyaXRlLUhvc3QgIk9wZW4gRmlyZXdhbGwgUG9ydCIKbmV0c2ggYWR2ZmlyZXdhbGwgZmlyZXdhbGwgYWRkIHJ1bGUgbmFtZT0iV2luZG93cyBSZW1vdGUgTWFuYWdlbWVudCAoSFRUUFMtSW4pIiBkaXI9aW4gYWN0aW9uPWFsbG93IHByb3RvY29sPVRDUCBsb2NhbHBvcnQ9NTk4NQo=",
            "dedicated_host_group_id": "",
            "dedicated_host_id": "",
            "edge_zone": "",
            "enable_automatic_updates": false,
            "encryption_at_host_enabled": false,
            "eviction_policy": "",
            "extensions_time_budget": "PT1H30M",
            "gallery_application": [],
            "hotpatching_enabled": false,
            "id": "/subscriptions/aab8f84c-7790-4073-afe3-bf27ed5b639e/resourceGroups/brumnet-palo-rg/providers/Microsoft.Compute/virtualMachines/brumnet-palo-snake-ad-srv1",
            "identity": [],
            "license_type": "",
            "location": "eastus",
            "max_bid_price": -1,
            "name": "brumnet-palo-snake-ad-srv1",
            "network_interface_ids": [
              "/subscriptions/aab8f84c-7790-4073-afe3-bf27ed5b639e/resourceGroups/brumnet-palo-rg/providers/Microsoft.Network/networkInterfaces/brumnet-palo-snake-ad-srv1-nic-0"
            ],
            "os_disk": [
              {
                "caching": "ReadWrite",
                "diff_disk_settings": [],
                "disk_encryption_set_id": "",
                "disk_size_gb": 127,
                "name": "brumnet-palo-snake-ad-srv1_OsDisk_1_b068be467b1e4b7abc0452bde7584cb4",
                "secure_vm_disk_encryption_set_id": "",
                "security_encryption_type": "",
                "storage_account_type": "StandardSSD_LRS",
                "write_accelerator_enabled": false
              }
            ],
            "patch_assessment_mode": "ImageDefault",
            "patch_mode": "Manual",
            "plan": [],
            "platform_fault_domain": -1,
            "priority": "Regular",
            "private_ip_address": "10.100.30.202",
            "private_ip_addresses": [
              "10.100.30.202"
            ],
            "provision_vm_agent": true,
            "proximity_placement_group_id": "",
            "public_ip_address": "",
            "public_ip_addresses": [],
            "resource_group_name": "brumnet-palo-rg",
            "secret": [],
            "secure_boot_enabled": false,
            "size": "Standard_D4s_v4",
            "source_image_id": "",
            "source_image_reference": [
              {
                "offer": "WindowsServer",
                "publisher": "MicrosoftWindowsServer",
                "sku": "2019-datacenter",
                "version": "2019.0.20190410"
              }
            ],
            "tags": {
              "CreatedDate": "2024-03-29T18:47:51.4737156Z",
              "Creator": "ToBeSetByAutomation",
              "category": "",
              "description": "Snake - Windows Server AD",
              "environment": "YOUR_RANGE_ENV",
              "region": "eastus"
            },
            "termination_notification": null,
            "timeouts": null,
            "timezone": "",
            "user_data": "",
            "virtual_machine_id": "57414cfc-fca4-4545-a646-57de22c154d1",
            "virtual_machine_scale_set_id": "",
            "vtpm_enabled": false,
            "winrm_listener": [],
            "zone": ""
          },
          "sensitive_attributes": [],
          "private": "eyJlMmJmYjczMC1lY2FhLTExZTYtOGY4OC0zNDM2M2JjN2M0YzAiOnsiY3JlYXRlIjoyNzAwMDAwMDAwMDAwLCJkZWxldGUiOjI3MDAwMDAwMDAwMDAsInJlYWQiOjMwMDAwMDAwMDAwMCwidXBkYXRlIjoyNzAwMDAwMDAwMDAwfX0=",
          "dependencies": [
            "azurerm_subnet.snake_srv_v2",
            "azurerm_virtual_network.vnet1",
            "module.rgroup.azurerm_resource_group.resource_group",
            "module.snake-ad-srv1.azurerm_network_interface.main"
          ]
        }
      ]
    },
    {
      "module": "module.snake-desk1",
      "mode": "managed",
      "type": "azurerm_network_interface",
      "name": "main",
      "provider": "provider[\"registry.terraform.io/hashicorp/azurerm\"]",
      "instances": [
        {
          "index_key": 0,
          "schema_version": 0,
          "attributes": {
            "applied_dns_servers": [],
            "dns_servers": [],
            "edge_zone": "",
            "enable_accelerated_networking": false,
            "enable_ip_forwarding": true,
            "id": "/subscriptions/aab8f84c-7790-4073-afe3-bf27ed5b639e/resourceGroups/brumnet-palo-rg/providers/Microsoft.Network/networkInterfaces/brumnet-palo-snake-desk1-nic-0",
            "internal_dns_name_label": "",
            "internal_domain_name_suffix": "lbnmvgkevaeujn41qiocfi41nb.bx.internal.cloudapp.net",
            "ip_configuration": [
              {
                "gateway_load_balancer_frontend_ip_configuration_id": "",
                "name": "internal",
                "primary": true,
                "private_ip_address": "10.100.40.102",
                "private_ip_address_allocation": "Static",
                "private_ip_address_version": "IPv4",
                "public_ip_address_id": "",
                "subnet_id": "/subscriptions/aab8f84c-7790-4073-afe3-bf27ed5b639e/resourceGroups/brumnet-palo-rg/providers/Microsoft.Network/virtualNetworks/brumnet-palo-vnet1/subnets/brumnet-palo-snake-desk-v2"
              }
            ],
            "location": "eastus",
            "mac_address": "",
            "name": "brumnet-palo-snake-desk1-nic-0",
            "private_ip_address": "10.100.40.102",
            "private_ip_addresses": [
              "10.100.40.102"
            ],
            "resource_group_name": "brumnet-palo-rg",
            "tags": {
              "CreatedDate": "2024-03-29T18:47:37.4042617Z",
              "Creator": "ToBeSetByAutomation"
            },
            "timeouts": null,
            "virtual_machine_id": ""
          },
          "sensitive_attributes": [],
          "private": "eyJlMmJmYjczMC1lY2FhLTExZTYtOGY4OC0zNDM2M2JjN2M0YzAiOnsiY3JlYXRlIjoxODAwMDAwMDAwMDAwLCJkZWxldGUiOjE4MDAwMDAwMDAwMDAsInJlYWQiOjMwMDAwMDAwMDAwMCwidXBkYXRlIjoxODAwMDAwMDAwMDAwfX0=",
          "dependencies": [
            "azurerm_subnet.snake_desk_v2",
            "azurerm_virtual_network.vnet1",
            "module.rgroup.azurerm_resource_group.resource_group"
          ]
        }
      ]
    },
    {
      "module": "module.snake-desk1",
      "mode": "managed",
      "type": "azurerm_windows_virtual_machine",
      "name": "main",
      "provider": "provider[\"registry.terraform.io/hashicorp/azurerm\"]",
      "instances": [
        {
          "schema_version": 0,
          "attributes": {
            "additional_capabilities": [],
            "additional_unattend_content": [
              {
                "content": "\u003cAutoLogon\u003e\u003cPassword\u003e\u003cValue\u003eLtCyber1!\u003c/Value\u003e\u003c/Password\u003e\u003cEnabled\u003etrue\u003c/Enabled\u003e\u003cLogonCount\u003e1\u003c/LogonCount\u003e\u003cUsername\u003eadminuser\u003c/Username\u003e\u003c/AutoLogon\u003e",
                "setting": "AutoLogon"
              },
              {
                "content": "\u003cFirstLogonCommands\u003e\n    \u003cSynchronousCommand\u003e\n        \u003cCommandLine\u003ecmd /c \"mkdir C:\\terraform\"\u003c/CommandLine\u003e\n        \u003cDescription\u003eCreate the Terraform working directory\u003c/Description\u003e\n        \u003cOrder\u003e11\u003c/Order\u003e\n    \u003c/SynchronousCommand\u003e\n    \u003cSynchronousCommand\u003e\n        \u003cCommandLine\u003ecmd /c \"copy C:\\AzureData\\CustomData.bin C:\\terraform\\winrm.ps1\"\u003c/CommandLine\u003e\n        \u003cDescription\u003eMove the CustomData file to the working directory\u003c/Description\u003e\n        \u003cOrder\u003e12\u003c/Order\u003e\n    \u003c/SynchronousCommand\u003e\n    \u003cSynchronousCommand\u003e\n        \u003cCommandLine\u003epowershell.exe -sta -ExecutionPolicy Unrestricted -file C:\\terraform\\winrm.ps1\u003c/CommandLine\u003e\n        \u003cDescription\u003eExecute the WinRM enabling script\u003c/Description\u003e\n        \u003cOrder\u003e13\u003c/Order\u003e\n    \u003c/SynchronousCommand\u003e\n\u003c/FirstLogonCommands\u003e\n",
                "setting": "FirstLogonCommands"
              }
            ],
            "admin_password": "LtCyber1!",
            "admin_username": "adminuser",
            "allow_extension_operations": true,
            "availability_set_id": "",
            "boot_diagnostics": [],
            "capacity_reservation_group_id": "",
            "computer_name": "uosis",
            "custom_data": null,
            "dedicated_host_group_id": "",
            "dedicated_host_id": "",
            "edge_zone": "",
            "enable_automatic_updates": false,
            "encryption_at_host_enabled": false,
            "eviction_policy": "",
            "extensions_time_budget": "PT1H30M",
            "gallery_application": [],
            "hotpatching_enabled": false,
            "id": "/subscriptions/aab8f84c-7790-4073-afe3-bf27ed5b639e/resourceGroups/brumnet-palo-rg/providers/Microsoft.Compute/virtualMachines/brumnet-palo-snake-desk1",
            "identity": [],
            "license_type": "",
            "location": "eastus",
            "max_bid_price": -1,
            "name": "brumnet-palo-snake-desk1",
            "network_interface_ids": [
              "/subscriptions/aab8f84c-7790-4073-afe3-bf27ed5b639e/resourceGroups/brumnet-palo-rg/providers/Microsoft.Network/networkInterfaces/brumnet-palo-snake-desk1-nic-0"
            ],
            "os_disk": [
              {
                "caching": "ReadWrite",
                "diff_disk_settings": [],
                "disk_encryption_set_id": "",
                "disk_size_gb": 127,
                "name": "brumnet-palo-snake-desk1_OsDisk_1_933b226925834dc9a021af853e774ffd",
                "secure_vm_disk_encryption_set_id": "",
                "security_encryption_type": "",
                "storage_account_type": "StandardSSD_LRS",
                "write_accelerator_enabled": false
              }
            ],
            "patch_assessment_mode": "ImageDefault",
            "patch_mode": "Manual",
            "plan": [],
            "platform_fault_domain": -1,
            "priority": "Regular",
            "private_ip_address": "10.100.40.102",
            "private_ip_addresses": [
              "10.100.40.102"
            ],
            "provision_vm_agent": true,
            "proximity_placement_group_id": "",
            "public_ip_address": "",
            "public_ip_addresses": [],
            "resource_group_name": "brumnet-palo-rg",
            "secret": [],
            "secure_boot_enabled": false,
            "size": "Standard_D4s_v4",
            "source_image_id": "",
            "source_image_reference": [
              {
                "offer": "windows-10",
                "publisher": "MicrosoftWindowsDesktop",
                "sku": "19h1-pro-gensecond",
                "version": "18362.1256.2012032308"
              }
            ],
            "tags": {
              "CreatedDate": "2024-03-29T18:47:49.7838094Z",
              "Creator": "ToBeSetByAutomation",
              "category": "",
              "description": "Windows Desktop Victim VM on domain",
              "environment": "YOUR_RANGE_ENV",
              "region": "eastus"
            },
            "termination_notification": null,
            "timeouts": null,
            "timezone": "",
            "user_data": "",
            "virtual_machine_id": "abb85da8-b2fb-4892-87b7-a3b08e50fcbe",
            "virtual_machine_scale_set_id": "",
            "vtpm_enabled": false,
            "winrm_listener": [],
            "zone": ""
          },
          "sensitive_attributes": [],
          "private": "eyJlMmJmYjczMC1lY2FhLTExZTYtOGY4OC0zNDM2M2JjN2M0YzAiOnsiY3JlYXRlIjoyNzAwMDAwMDAwMDAwLCJkZWxldGUiOjI3MDAwMDAwMDAwMDAsInJlYWQiOjMwMDAwMDAwMDAwMCwidXBkYXRlIjoyNzAwMDAwMDAwMDAwfX0=",
          "dependencies": [
            "azurerm_subnet.snake_desk_v2",
            "azurerm_virtual_network.vnet1",
            "module.rgroup.azurerm_resource_group.resource_group",
            "module.snake-desk1.azurerm_network_interface.main"
          ]
        }
      ]
    },
    {
      "module": "module.snake-desk2",
      "mode": "managed",
      "type": "azurerm_network_interface",
      "name": "main",
      "provider": "provider[\"registry.terraform.io/hashicorp/azurerm\"]",
      "instances": [
        {
          "index_key": 0,
          "schema_version": 0,
          "attributes": {
            "applied_dns_servers": [],
            "dns_servers": [],
            "edge_zone": "",
            "enable_accelerated_networking": false,
            "enable_ip_forwarding": true,
            "id": "/subscriptions/aab8f84c-7790-4073-afe3-bf27ed5b639e/resourceGroups/brumnet-palo-rg/providers/Microsoft.Network/networkInterfaces/brumnet-palo-snake-desk2-nic-0",
            "internal_dns_name_label": "",
            "internal_domain_name_suffix": "lbnmvgkevaeujn41qiocfi41nb.bx.internal.cloudapp.net",
            "ip_configuration": [
              {
                "gateway_load_balancer_frontend_ip_configuration_id": "",
                "name": "internal",
                "primary": true,
                "private_ip_address": "10.100.40.103",
                "private_ip_address_allocation": "Static",
                "private_ip_address_version": "IPv4",
                "public_ip_address_id": "",
                "subnet_id": "/subscriptions/aab8f84c-7790-4073-afe3-bf27ed5b639e/resourceGroups/brumnet-palo-rg/providers/Microsoft.Network/virtualNetworks/brumnet-palo-vnet1/subnets/brumnet-palo-snake-desk-v2"
              }
            ],
            "location": "eastus",
            "mac_address": "",
            "name": "brumnet-palo-snake-desk2-nic-0",
            "private_ip_address": "10.100.40.103",
            "private_ip_addresses": [
              "10.100.40.103"
            ],
            "resource_group_name": "brumnet-palo-rg",
            "tags": {
              "CreatedDate": "2024-03-29T18:47:36.5961138Z",
              "Creator": "ToBeSetByAutomation"
            },
            "timeouts": null,
            "virtual_machine_id": ""
          },
          "sensitive_attributes": [],
          "private": "eyJlMmJmYjczMC1lY2FhLTExZTYtOGY4OC0zNDM2M2JjN2M0YzAiOnsiY3JlYXRlIjoxODAwMDAwMDAwMDAwLCJkZWxldGUiOjE4MDAwMDAwMDAwMDAsInJlYWQiOjMwMDAwMDAwMDAwMCwidXBkYXRlIjoxODAwMDAwMDAwMDAwfX0=",
          "dependencies": [
            "azurerm_subnet.snake_desk_v2",
            "azurerm_virtual_network.vnet1",
            "module.rgroup.azurerm_resource_group.resource_group"
          ]
        }
      ]
    },
    {
      "module": "module.snake-desk2",
      "mode": "managed",
      "type": "azurerm_windows_virtual_machine",
      "name": "main",
      "provider": "provider[\"registry.terraform.io/hashicorp/azurerm\"]",
      "instances": [
        {
          "schema_version": 0,
          "attributes": {
            "additional_capabilities": [],
            "additional_unattend_content": [
              {
                "content": "\u003cAutoLogon\u003e\u003cPassword\u003e\u003cValue\u003eLtCyber1!\u003c/Value\u003e\u003c/Password\u003e\u003cEnabled\u003etrue\u003c/Enabled\u003e\u003cLogonCount\u003e1\u003c/LogonCount\u003e\u003cUsername\u003eadminuser\u003c/Username\u003e\u003c/AutoLogon\u003e",
                "setting": "AutoLogon"
              },
              {
                "content": "\u003cFirstLogonCommands\u003e\n    \u003cSynchronousCommand\u003e\n        \u003cCommandLine\u003ecmd /c \"mkdir C:\\terraform\"\u003c/CommandLine\u003e\n        \u003cDescription\u003eCreate the Terraform working directory\u003c/Description\u003e\n        \u003cOrder\u003e11\u003c/Order\u003e\n    \u003c/SynchronousCommand\u003e\n    \u003cSynchronousCommand\u003e\n        \u003cCommandLine\u003ecmd /c \"copy C:\\AzureData\\CustomData.bin C:\\terraform\\winrm.ps1\"\u003c/CommandLine\u003e\n        \u003cDescription\u003eMove the CustomData file to the working directory\u003c/Description\u003e\n        \u003cOrder\u003e12\u003c/Order\u003e\n    \u003c/SynchronousCommand\u003e\n    \u003cSynchronousCommand\u003e\n        \u003cCommandLine\u003epowershell.exe -sta -ExecutionPolicy Unrestricted -file C:\\terraform\\winrm.ps1\u003c/CommandLine\u003e\n        \u003cDescription\u003eExecute the WinRM enabling script\u003c/Description\u003e\n        \u003cOrder\u003e13\u003c/Order\u003e\n    \u003c/SynchronousCommand\u003e\n\u003c/FirstLogonCommands\u003e\n",
                "setting": "FirstLogonCommands"
              }
            ],
            "admin_password": "LtCyber1!",
            "admin_username": "adminuser",
            "allow_extension_operations": true,
            "availability_set_id": "",
            "boot_diagnostics": [],
            "capacity_reservation_group_id": "",
            "computer_name": "azuolas",
            "custom_data": null,
            "dedicated_host_group_id": "",
            "dedicated_host_id": "",
            "edge_zone": "",
            "enable_automatic_updates": false,
            "encryption_at_host_enabled": false,
            "eviction_policy": "",
            "extensions_time_budget": "PT1H30M",
            "gallery_application": [],
            "hotpatching_enabled": false,
            "id": "/subscriptions/aab8f84c-7790-4073-afe3-bf27ed5b639e/resourceGroups/brumnet-palo-rg/providers/Microsoft.Compute/virtualMachines/brumnet-palo-snake-desk2",
            "identity": [],
            "license_type": "",
            "location": "eastus",
            "max_bid_price": -1,
            "name": "brumnet-palo-snake-desk2",
            "network_interface_ids": [
              "/subscriptions/aab8f84c-7790-4073-afe3-bf27ed5b639e/resourceGroups/brumnet-palo-rg/providers/Microsoft.Network/networkInterfaces/brumnet-palo-snake-desk2-nic-0"
            ],
            "os_disk": [
              {
                "caching": "ReadWrite",
                "diff_disk_settings": [],
                "disk_encryption_set_id": "",
                "disk_size_gb": 127,
                "name": "brumnet-palo-snake-desk2_OsDisk_1_fcca006f80e54b9cb78e5309205deb8f",
                "secure_vm_disk_encryption_set_id": "",
                "security_encryption_type": "",
                "storage_account_type": "StandardSSD_LRS",
                "write_accelerator_enabled": false
              }
            ],
            "patch_assessment_mode": "ImageDefault",
            "patch_mode": "Manual",
            "plan": [],
            "platform_fault_domain": -1,
            "priority": "Regular",
            "private_ip_address": "10.100.40.103",
            "private_ip_addresses": [
              "10.100.40.103"
            ],
            "provision_vm_agent": true,
            "proximity_placement_group_id": "",
            "public_ip_address": "",
            "public_ip_addresses": [],
            "resource_group_name": "brumnet-palo-rg",
            "secret": [],
            "secure_boot_enabled": false,
            "size": "Standard_D4s_v4",
            "source_image_id": "",
            "source_image_reference": [
              {
                "offer": "windows-10",
                "publisher": "MicrosoftWindowsDesktop",
                "sku": "19h1-pro-gensecond",
                "version": "18362.1256.2012032308"
              }
            ],
            "tags": {
              "CreatedDate": "2024-03-29T18:47:38.2200784Z",
              "Creator": "ToBeSetByAutomation",
              "category": "",
              "description": "Windows Desktop Victim VM on domain",
              "environment": "YOUR_RANGE_ENV",
              "region": "eastus"
            },
            "termination_notification": null,
            "timeouts": null,
            "timezone": "",
            "user_data": "",
            "virtual_machine_id": "52fa060e-f891-4df5-8a86-425b7dea2387",
            "virtual_machine_scale_set_id": "",
            "vtpm_enabled": false,
            "winrm_listener": [],
            "zone": ""
          },
          "sensitive_attributes": [],
          "private": "eyJlMmJmYjczMC1lY2FhLTExZTYtOGY4OC0zNDM2M2JjN2M0YzAiOnsiY3JlYXRlIjoyNzAwMDAwMDAwMDAwLCJkZWxldGUiOjI3MDAwMDAwMDAwMDAsInJlYWQiOjMwMDAwMDAwMDAwMCwidXBkYXRlIjoyNzAwMDAwMDAwMDAwfX0=",
          "dependencies": [
            "azurerm_subnet.snake_desk_v2",
            "azurerm_virtual_network.vnet1",
            "module.rgroup.azurerm_resource_group.resource_group",
            "module.snake-desk2.azurerm_network_interface.main"
          ]
        }
      ]
    },
    {
      "module": "module.snake-ex-srv1",
      "mode": "managed",
      "type": "azurerm_network_interface",
      "name": "main",
      "provider": "provider[\"registry.terraform.io/hashicorp/azurerm\"]",
      "instances": [
        {
          "index_key": 0,
          "schema_version": 0,
          "attributes": {
            "applied_dns_servers": [],
            "dns_servers": [],
            "edge_zone": "",
            "enable_accelerated_networking": false,
            "enable_ip_forwarding": true,
            "id": "/subscriptions/aab8f84c-7790-4073-afe3-bf27ed5b639e/resourceGroups/brumnet-palo-rg/providers/Microsoft.Network/networkInterfaces/brumnet-palo-snake-ex-srv1-nic-0",
            "internal_dns_name_label": "",
            "internal_domain_name_suffix": "lbnmvgkevaeujn41qiocfi41nb.bx.internal.cloudapp.net",
            "ip_configuration": [
              {
                "gateway_load_balancer_frontend_ip_configuration_id": "",
                "name": "internal",
                "primary": true,
                "private_ip_address": "10.100.30.203",
                "private_ip_address_allocation": "Static",
                "private_ip_address_version": "IPv4",
                "public_ip_address_id": "",
                "subnet_id": "/subscriptions/aab8f84c-7790-4073-afe3-bf27ed5b639e/resourceGroups/brumnet-palo-rg/providers/Microsoft.Network/virtualNetworks/brumnet-palo-vnet1/subnets/brumnet-palo-snake-srv-v2"
              }
            ],
            "location": "eastus",
            "mac_address": "",
            "name": "brumnet-palo-snake-ex-srv1-nic-0",
            "private_ip_address": "10.100.30.203",
            "private_ip_addresses": [
              "10.100.30.203"
            ],
            "resource_group_name": "brumnet-palo-rg",
            "tags": {
              "CreatedDate": "2024-03-29T18:47:38.8697265Z",
              "Creator": "ToBeSetByAutomation"
            },
            "timeouts": null,
            "virtual_machine_id": ""
          },
          "sensitive_attributes": [],
          "private": "eyJlMmJmYjczMC1lY2FhLTExZTYtOGY4OC0zNDM2M2JjN2M0YzAiOnsiY3JlYXRlIjoxODAwMDAwMDAwMDAwLCJkZWxldGUiOjE4MDAwMDAwMDAwMDAsInJlYWQiOjMwMDAwMDAwMDAwMCwidXBkYXRlIjoxODAwMDAwMDAwMDAwfX0=",
          "dependencies": [
            "azurerm_subnet.snake_srv_v2",
            "azurerm_virtual_network.vnet1",
            "module.rgroup.azurerm_resource_group.resource_group"
          ]
        }
      ]
    },
    {
      "module": "module.snake-ex-srv1",
      "mode": "managed",
      "type": "azurerm_windows_virtual_machine",
      "name": "main",
      "provider": "provider[\"registry.terraform.io/hashicorp/azurerm\"]",
      "instances": [
        {
          "schema_version": 0,
          "attributes": {
            "additional_capabilities": [],
            "additional_unattend_content": [
              {
                "content": "\u003cAutoLogon\u003e\u003cPassword\u003e\u003cValue\u003eLtCyber1!\u003c/Value\u003e\u003c/Password\u003e\u003cEnabled\u003etrue\u003c/Enabled\u003e\u003cLogonCount\u003e1\u003c/LogonCount\u003e\u003cUsername\u003eadminuser\u003c/Username\u003e\u003c/AutoLogon\u003e",
                "setting": "AutoLogon"
              },
              {
                "content": "\u003cFirstLogonCommands\u003e\n    \u003cSynchronousCommand\u003e\n        \u003cCommandLine\u003ecmd /c \"mkdir C:\\terraform\"\u003c/CommandLine\u003e\n        \u003cDescription\u003eCreate the Terraform working directory\u003c/Description\u003e\n        \u003cOrder\u003e11\u003c/Order\u003e\n    \u003c/SynchronousCommand\u003e\n    \u003cSynchronousCommand\u003e\n        \u003cCommandLine\u003ecmd /c \"copy C:\\AzureData\\CustomData.bin C:\\terraform\\winrm.ps1\"\u003c/CommandLine\u003e\n        \u003cDescription\u003eMove the CustomData file to the working directory\u003c/Description\u003e\n        \u003cOrder\u003e12\u003c/Order\u003e\n    \u003c/SynchronousCommand\u003e\n    \u003cSynchronousCommand\u003e\n        \u003cCommandLine\u003epowershell.exe -sta -ExecutionPolicy Unrestricted -file C:\\terraform\\winrm.ps1\u003c/CommandLine\u003e\n        \u003cDescription\u003eExecute the WinRM enabling script\u003c/Description\u003e\n        \u003cOrder\u003e13\u003c/Order\u003e\n    \u003c/SynchronousCommand\u003e\n\u003c/FirstLogonCommands\u003e\n",
                "setting": "FirstLogonCommands"
              }
            ],
            "admin_password": "LtCyber1!",
            "admin_username": "adminuser",
            "allow_extension_operations": true,
            "availability_set_id": "",
            "boot_diagnostics": [],
            "capacity_reservation_group_id": "",
            "computer_name": "drebule",
            "custom_data": "UGFyYW0oJFJlbW90ZUhvc3ROYW1lID0gImRyZWJ1bGUiLCAkQ29tcHV0ZXJOYW1lID0gImRyZWJ1bGUiKSAkQ2VydCA9IE5ldy1TZWxmU2lnbmVkQ2VydGlmaWNhdGUgLURuc05hbWUgJFJlbW90ZUhvc3ROYW1lLCAkQ29tcHV0ZXJOYW1lIGAKICAgIC1DZXJ0U3RvcmVMb2NhdGlvbiAiY2VydDpcTG9jYWxNYWNoaW5lXE15IiBgCiAgICAtRnJpZW5kbHlOYW1lICJUZXN0IFdpblJNIENlcnQiCgokQ2VydCB8IE91dC1TdHJpbmcKCiRUaHVtYnByaW50ID0gJENlcnQuVGh1bWJwcmludAoKV3JpdGUtSG9zdCAiRW5hYmxlIEhUVFBTIGluIFdpblJNIgokV2luUm1IdHRwcyA9ICJAe0hvc3RuYW1lPWAiJFJlbW90ZUhvc3ROYW1lYCI7IENlcnRpZmljYXRlVGh1bWJwcmludD1gIiRUaHVtYnByaW50YCJ9Igp3aW5ybSBjcmVhdGUgd2lucm0vY29uZmlnL0xpc3RlbmVyP0FkZHJlc3M9KitUcmFuc3BvcnQ9SFRUUFMgJFdpblJtSHR0cHMKCldyaXRlLUhvc3QgIlNldCBCYXNpYyBBdXRoIGluIFdpblJNIgokV2luUm1CYXNpYyA9ICJAe0Jhc2ljPWAidHJ1ZWAifSIKd2lucm0gc2V0IHdpbnJtL2NvbmZpZy9zZXJ2aWNlL0F1dGggJFdpblJtQmFzaWMKCldyaXRlLUhvc3QgIk9wZW4gRmlyZXdhbGwgUG9ydCIKbmV0c2ggYWR2ZmlyZXdhbGwgZmlyZXdhbGwgYWRkIHJ1bGUgbmFtZT0iV2luZG93cyBSZW1vdGUgTWFuYWdlbWVudCAoSFRUUFMtSW4pIiBkaXI9aW4gYWN0aW9uPWFsbG93IHByb3RvY29sPVRDUCBsb2NhbHBvcnQ9NTk4NQo=",
            "dedicated_host_group_id": "",
            "dedicated_host_id": "",
            "edge_zone": "",
            "enable_automatic_updates": false,
            "encryption_at_host_enabled": false,
            "eviction_policy": "",
            "extensions_time_budget": "PT1H30M",
            "gallery_application": [],
            "hotpatching_enabled": false,
            "id": "/subscriptions/aab8f84c-7790-4073-afe3-bf27ed5b639e/resourceGroups/brumnet-palo-rg/providers/Microsoft.Compute/virtualMachines/brumnet-palo-snake-ex-srv1",
            "identity": [],
            "license_type": "",
            "location": "eastus",
            "max_bid_price": -1,
            "name": "brumnet-palo-snake-ex-srv1",
            "network_interface_ids": [
              "/subscriptions/aab8f84c-7790-4073-afe3-bf27ed5b639e/resourceGroups/brumnet-palo-rg/providers/Microsoft.Network/networkInterfaces/brumnet-palo-snake-ex-srv1-nic-0"
            ],
            "os_disk": [
              {
                "caching": "ReadWrite",
                "diff_disk_settings": [],
                "disk_encryption_set_id": "",
                "disk_size_gb": 127,
                "name": "brumnet-palo-snake-ex-srv1_OsDisk_1_25243b81ac844a24884cbc75105ea5f3",
                "secure_vm_disk_encryption_set_id": "",
                "security_encryption_type": "",
                "storage_account_type": "StandardSSD_LRS",
                "write_accelerator_enabled": false
              }
            ],
            "patch_assessment_mode": "ImageDefault",
            "patch_mode": "Manual",
            "plan": [],
            "platform_fault_domain": -1,
            "priority": "Regular",
            "private_ip_address": "10.100.30.203",
            "private_ip_addresses": [
              "10.100.30.203"
            ],
            "provision_vm_agent": true,
            "proximity_placement_group_id": "",
            "public_ip_address": "",
            "public_ip_addresses": [],
            "resource_group_name": "brumnet-palo-rg",
            "secret": [],
            "secure_boot_enabled": false,
            "size": "Standard_D4s_v4",
            "source_image_id": "",
            "source_image_reference": [
              {
                "offer": "WindowsServer",
                "publisher": "MicrosoftWindowsServer",
                "sku": "2019-datacenter",
                "version": "2019.0.20190410"
              }
            ],
            "tags": {
              "CreatedDate": "2024-03-29T18:47:57.0013700Z",
              "Creator": "ToBeSetByAutomation",
              "category": "",
              "description": "Snake - Windows Exchange AD",
              "environment": "YOUR_RANGE_ENV",
              "region": "eastus"
            },
            "termination_notification": null,
            "timeouts": null,
            "timezone": "",
            "user_data": "",
            "virtual_machine_id": "45ba3731-af57-4ad0-91ee-bfc37563e83a",
            "virtual_machine_scale_set_id": "",
            "vtpm_enabled": false,
            "winrm_listener": [],
            "zone": ""
          },
          "sensitive_attributes": [],
          "private": "eyJlMmJmYjczMC1lY2FhLTExZTYtOGY4OC0zNDM2M2JjN2M0YzAiOnsiY3JlYXRlIjoyNzAwMDAwMDAwMDAwLCJkZWxldGUiOjI3MDAwMDAwMDAwMDAsInJlYWQiOjMwMDAwMDAwMDAwMCwidXBkYXRlIjoyNzAwMDAwMDAwMDAwfX0=",
          "dependencies": [
            "azurerm_subnet.snake_srv_v2",
            "azurerm_virtual_network.vnet1",
            "module.rgroup.azurerm_resource_group.resource_group",
            "module.snake-ex-srv1.azurerm_network_interface.main"
          ]
        }
      ]
    },
    {
      "module": "module.snake-file-srv1",
      "mode": "managed",
      "type": "azurerm_network_interface",
      "name": "main",
      "provider": "provider[\"registry.terraform.io/hashicorp/azurerm\"]",
      "instances": [
        {
          "index_key": 0,
          "schema_version": 0,
          "attributes": {
            "applied_dns_servers": [],
            "dns_servers": [],
            "edge_zone": "",
            "enable_accelerated_networking": false,
            "enable_ip_forwarding": true,
            "id": "/subscriptions/aab8f84c-7790-4073-afe3-bf27ed5b639e/resourceGroups/brumnet-palo-rg/providers/Microsoft.Network/networkInterfaces/brumnet-palo-snake-file-srv1-nic-0",
            "internal_dns_name_label": "",
            "internal_domain_name_suffix": "lbnmvgkevaeujn41qiocfi41nb.bx.internal.cloudapp.net",
            "ip_configuration": [
              {
                "gateway_load_balancer_frontend_ip_configuration_id": "",
                "name": "internal",
                "primary": true,
                "private_ip_address": "10.100.30.204",
                "private_ip_address_allocation": "Static",
                "private_ip_address_version": "IPv4",
                "public_ip_address_id": "",
                "subnet_id": "/subscriptions/aab8f84c-7790-4073-afe3-bf27ed5b639e/resourceGroups/brumnet-palo-rg/providers/Microsoft.Network/virtualNetworks/brumnet-palo-vnet1/subnets/brumnet-palo-snake-srv-v2"
              }
            ],
            "location": "eastus",
            "mac_address": "",
            "name": "brumnet-palo-snake-file-srv1-nic-0",
            "private_ip_address": "10.100.30.204",
            "private_ip_addresses": [
              "10.100.30.204"
            ],
            "resource_group_name": "brumnet-palo-rg",
            "tags": {
              "CreatedDate": "2024-03-29T18:47:46.9745913Z",
              "Creator": "ToBeSetByAutomation"
            },
            "timeouts": null,
            "virtual_machine_id": ""
          },
          "sensitive_attributes": [],
          "private": "eyJlMmJmYjczMC1lY2FhLTExZTYtOGY4OC0zNDM2M2JjN2M0YzAiOnsiY3JlYXRlIjoxODAwMDAwMDAwMDAwLCJkZWxldGUiOjE4MDAwMDAwMDAwMDAsInJlYWQiOjMwMDAwMDAwMDAwMCwidXBkYXRlIjoxODAwMDAwMDAwMDAwfX0=",
          "dependencies": [
            "azurerm_subnet.snake_srv_v2",
            "azurerm_virtual_network.vnet1",
            "module.rgroup.azurerm_resource_group.resource_group"
          ]
        }
      ]
    },
    {
      "module": "module.snake-file-srv1",
      "mode": "managed",
      "type": "azurerm_windows_virtual_machine",
      "name": "main",
      "provider": "provider[\"registry.terraform.io/hashicorp/azurerm\"]",
      "instances": [
        {
          "schema_version": 0,
          "attributes": {
            "additional_capabilities": [],
            "additional_unattend_content": [
              {
                "content": "\u003cAutoLogon\u003e\u003cPassword\u003e\u003cValue\u003eLtCyber1!\u003c/Value\u003e\u003c/Password\u003e\u003cEnabled\u003etrue\u003c/Enabled\u003e\u003cLogonCount\u003e1\u003c/LogonCount\u003e\u003cUsername\u003eadminuser\u003c/Username\u003e\u003c/AutoLogon\u003e",
                "setting": "AutoLogon"
              },
              {
                "content": "\u003cFirstLogonCommands\u003e\n    \u003cSynchronousCommand\u003e\n        \u003cCommandLine\u003ecmd /c \"mkdir C:\\terraform\"\u003c/CommandLine\u003e\n        \u003cDescription\u003eCreate the Terraform working directory\u003c/Description\u003e\n        \u003cOrder\u003e11\u003c/Order\u003e\n    \u003c/SynchronousCommand\u003e\n    \u003cSynchronousCommand\u003e\n        \u003cCommandLine\u003ecmd /c \"copy C:\\AzureData\\CustomData.bin C:\\terraform\\winrm.ps1\"\u003c/CommandLine\u003e\n        \u003cDescription\u003eMove the CustomData file to the working directory\u003c/Description\u003e\n        \u003cOrder\u003e12\u003c/Order\u003e\n    \u003c/SynchronousCommand\u003e\n    \u003cSynchronousCommand\u003e\n        \u003cCommandLine\u003epowershell.exe -sta -ExecutionPolicy Unrestricted -file C:\\terraform\\winrm.ps1\u003c/CommandLine\u003e\n        \u003cDescription\u003eExecute the WinRM enabling script\u003c/Description\u003e\n        \u003cOrder\u003e13\u003c/Order\u003e\n    \u003c/SynchronousCommand\u003e\n\u003c/FirstLogonCommands\u003e\n",
                "setting": "FirstLogonCommands"
              }
            ],
            "admin_password": "LtCyber1!",
            "admin_username": "adminuser",
            "allow_extension_operations": true,
            "availability_set_id": "",
            "boot_diagnostics": [],
            "capacity_reservation_group_id": "",
            "computer_name": "berzas",
            "custom_data": "UGFyYW0oJFJlbW90ZUhvc3ROYW1lID0gImJlcnphcyIsICRDb21wdXRlck5hbWUgPSAiYmVyemFzIikgJENlcnQgPSBOZXctU2VsZlNpZ25lZENlcnRpZmljYXRlIC1EbnNOYW1lICRSZW1vdGVIb3N0TmFtZSwgJENvbXB1dGVyTmFtZSBgCiAgICAtQ2VydFN0b3JlTG9jYXRpb24gImNlcnQ6XExvY2FsTWFjaGluZVxNeSIgYAogICAgLUZyaWVuZGx5TmFtZSAiVGVzdCBXaW5STSBDZXJ0IgoKJENlcnQgfCBPdXQtU3RyaW5nCgokVGh1bWJwcmludCA9ICRDZXJ0LlRodW1icHJpbnQKCldyaXRlLUhvc3QgIkVuYWJsZSBIVFRQUyBpbiBXaW5STSIKJFdpblJtSHR0cHMgPSAiQHtIb3N0bmFtZT1gIiRSZW1vdGVIb3N0TmFtZWAiOyBDZXJ0aWZpY2F0ZVRodW1icHJpbnQ9YCIkVGh1bWJwcmludGAifSIKd2lucm0gY3JlYXRlIHdpbnJtL2NvbmZpZy9MaXN0ZW5lcj9BZGRyZXNzPSorVHJhbnNwb3J0PUhUVFBTICRXaW5SbUh0dHBzCgpXcml0ZS1Ib3N0ICJTZXQgQmFzaWMgQXV0aCBpbiBXaW5STSIKJFdpblJtQmFzaWMgPSAiQHtCYXNpYz1gInRydWVgIn0iCndpbnJtIHNldCB3aW5ybS9jb25maWcvc2VydmljZS9BdXRoICRXaW5SbUJhc2ljCgpXcml0ZS1Ib3N0ICJPcGVuIEZpcmV3YWxsIFBvcnQiCm5ldHNoIGFkdmZpcmV3YWxsIGZpcmV3YWxsIGFkZCBydWxlIG5hbWU9IldpbmRvd3MgUmVtb3RlIE1hbmFnZW1lbnQgKEhUVFBTLUluKSIgZGlyPWluIGFjdGlvbj1hbGxvdyBwcm90b2NvbD1UQ1AgbG9jYWxwb3J0PTU5ODUK",
            "dedicated_host_group_id": "",
            "dedicated_host_id": "",
            "edge_zone": "",
            "enable_automatic_updates": false,
            "encryption_at_host_enabled": false,
            "eviction_policy": "",
            "extensions_time_budget": "PT1H30M",
            "gallery_application": [],
            "hotpatching_enabled": false,
            "id": "/subscriptions/aab8f84c-7790-4073-afe3-bf27ed5b639e/resourceGroups/brumnet-palo-rg/providers/Microsoft.Compute/virtualMachines/brumnet-palo-snake-file-srv1",
            "identity": [],
            "license_type": "",
            "location": "eastus",
            "max_bid_price": -1,
            "name": "brumnet-palo-snake-file-srv1",
            "network_interface_ids": [
              "/subscriptions/aab8f84c-7790-4073-afe3-bf27ed5b639e/resourceGroups/brumnet-palo-rg/providers/Microsoft.Network/networkInterfaces/brumnet-palo-snake-file-srv1-nic-0"
            ],
            "os_disk": [
              {
                "caching": "ReadWrite",
                "diff_disk_settings": [],
                "disk_encryption_set_id": "",
                "disk_size_gb": 127,
                "name": "brumnet-palo-snake-file-srv1_OsDisk_1_447ae686deb04184a69c6e75bbb797bf",
                "secure_vm_disk_encryption_set_id": "",
                "security_encryption_type": "",
                "storage_account_type": "StandardSSD_LRS",
                "write_accelerator_enabled": false
              }
            ],
            "patch_assessment_mode": "ImageDefault",
            "patch_mode": "Manual",
            "plan": [],
            "platform_fault_domain": -1,
            "priority": "Regular",
            "private_ip_address": "10.100.30.204",
            "private_ip_addresses": [
              "10.100.30.204"
            ],
            "provision_vm_agent": true,
            "proximity_placement_group_id": "",
            "public_ip_address": "",
            "public_ip_addresses": [],
            "resource_group_name": "brumnet-palo-rg",
            "secret": [],
            "secure_boot_enabled": false,
            "size": "Standard_D4s_v4",
            "source_image_id": "",
            "source_image_reference": [
              {
                "offer": "WindowsServer",
                "publisher": "MicrosoftWindowsServer",
                "sku": "2019-datacenter",
                "version": "2019.0.20190410"
              }
            ],
            "tags": {
              "CreatedDate": "2024-03-29T18:47:52.2552161Z",
              "Creator": "ToBeSetByAutomation",
              "category": "",
              "description": "Snake - Windows File Server",
              "environment": "YOUR_RANGE_ENV",
              "region": "eastus"
            },
            "termination_notification": null,
            "timeouts": null,
            "timezone": "",
            "user_data": "",
            "virtual_machine_id": "23cd48a4-f79e-47cd-9277-c8f3e5cceea8",
            "virtual_machine_scale_set_id": "",
            "vtpm_enabled": false,
            "winrm_listener": [],
            "zone": ""
          },
          "sensitive_attributes": [],
          "private": "eyJlMmJmYjczMC1lY2FhLTExZTYtOGY4OC0zNDM2M2JjN2M0YzAiOnsiY3JlYXRlIjoyNzAwMDAwMDAwMDAwLCJkZWxldGUiOjI3MDAwMDAwMDAwMDAsInJlYWQiOjMwMDAwMDAwMDAwMCwidXBkYXRlIjoyNzAwMDAwMDAwMDAwfX0=",
          "dependencies": [
            "azurerm_subnet.snake_srv_v2",
            "azurerm_virtual_network.vnet1",
            "module.rgroup.azurerm_resource_group.resource_group",
            "module.snake-file-srv1.azurerm_network_interface.main"
          ]
        }
      ]
    },
    {
      "module": "module.support-dns-srv1",
      "mode": "managed",
      "type": "azurerm_linux_virtual_machine",
      "name": "main",
      "provider": "provider[\"registry.terraform.io/hashicorp/azurerm\"]",
      "instances": [
        {
          "schema_version": 0,
          "attributes": {
            "additional_capabilities": [],
            "admin_password": "LtCyber1!",
            "admin_ssh_key": [
              {
                "public_key": "ssh-rsa AAAAB3NzaC1yc2EAAAADAQABAAACAQCXID8jsBr9HBSAUEUw0zst4tIQbN9Q1R0VLM2SjCp4qI760uXf/P5Fq3Bi+z4wA0WuRQKZCBFYZ18doo5j4mmcNNdFYtjNGvclZR6zNHvDtu4TRpIO3UMDCnqLD1/xQYna2sQQGRcQXC+gw6FXbtpQKdPpnXg62SKLpOCQHuO2QnFBcZ/z5LdcXpwTioi9bdz+pd6wWyNN/cHwpY3cZUp6ctsuvTYSrlt2/69vkESBPXHT8uWeJLYJAtdnXaP1gNw73YCurG6Q8RzMz3UfC02FKpva2rMh8qV9ULOF6GcDX7S2b9hCYJm0C+QSNGlWJzHGe86Jptqcd3+lJkuVuDOz8I37XULczCTMLPqtuyQuqpPO6bzwj9MCaQZtDovKRu7i7Hw3dJkguluyrhQxuhyQPM4IEm2L+aydJ2JfPLQsYyhvcu2HqhMYtM7UaHJ4AvC5pqb64XS60vUdrgq0crN6EG5bncZiYCWelhgv8QxdERD5QSZxUbXZ7a/Ewiq5i8nj0LC/9+cvrRbBJyPz9nZW0HqQlpAq/M3AIw5UEXDqt5YxBPNbeRJEbrRgP1zQJc1DfYHLmImXcAt56Db6PmX2h2Gr5o/oYNnTZ/xQWUAQC7Yv+6fcfzPLGlwxpqnxlJyESYvP2DV33zgYb0Lyxknwpr350NrFksqmSzOpKFOluw== sbrumley@M-WHQTJW63YP\n",
                "username": "adminuser"
              }
            ],
            "admin_username": "adminuser",
            "allow_extension_operations": true,
            "availability_set_id": "",
            "boot_diagnostics": [],
            "capacity_reservation_group_id": "",
            "computer_name": "brumnet-palo-support-dns-srv1",
            "custom_data": null,
            "dedicated_host_group_id": "",
            "dedicated_host_id": "",
            "disable_password_authentication": false,
            "edge_zone": "",
            "encryption_at_host_enabled": false,
            "eviction_policy": "",
            "extensions_time_budget": "PT1H30M",
            "gallery_application": [],
            "id": "/subscriptions/aab8f84c-7790-4073-afe3-bf27ed5b639e/resourceGroups/brumnet-palo-rg/providers/Microsoft.Compute/virtualMachines/brumnet-palo-support-dns-srv1",
            "identity": [],
            "license_type": "",
            "location": "eastus",
            "max_bid_price": -1,
            "name": "brumnet-palo-support-dns-srv1",
            "network_interface_ids": [
              "/subscriptions/aab8f84c-7790-4073-afe3-bf27ed5b639e/resourceGroups/brumnet-palo-rg/providers/Microsoft.Network/networkInterfaces/brumnet-palo-support-dns-srv1-nic-0"
            ],
            "os_disk": [
              {
                "caching": "ReadWrite",
                "diff_disk_settings": [],
                "disk_encryption_set_id": "",
                "disk_size_gb": 30,
                "name": "brumnet-palo-support-dns-srv1_disk1_8e6086eea4ae469d9f190ad2e1769193",
                "secure_vm_disk_encryption_set_id": "",
                "security_encryption_type": "",
                "storage_account_type": "StandardSSD_LRS",
                "write_accelerator_enabled": false
              }
            ],
            "patch_assessment_mode": "ImageDefault",
            "patch_mode": "ImageDefault",
            "plan": [],
            "platform_fault_domain": -1,
            "priority": "Regular",
            "private_ip_address": "91.52.201.22",
            "private_ip_addresses": [
              "91.52.201.22"
            ],
            "provision_vm_agent": true,
            "proximity_placement_group_id": "",
            "public_ip_address": "",
            "public_ip_addresses": [],
            "resource_group_name": "brumnet-palo-rg",
            "secret": [],
            "secure_boot_enabled": false,
            "size": "Standard_D2s_v4",
            "source_image_id": "",
            "source_image_reference": [
              {
                "offer": "0001-com-ubuntu-server-focal",
                "publisher": "Canonical",
                "sku": "20_04-lts-gen2",
                "version": "20.04.202207130"
              }
            ],
            "tags": {
              "CreatedDate": "2024-03-29T18:47:50.6928473Z",
              "Creator": "ToBeSetByAutomation",
              "category": "",
              "description": "DNS Ubuntu Server",
              "environment": "YOUR_RANGE_ENV",
              "region": "eastus"
            },
            "termination_notification": null,
            "timeouts": null,
            "user_data": "",
            "virtual_machine_id": "6a2f62d5-3f91-43f7-a85e-1439a6de57ee",
            "virtual_machine_scale_set_id": "",
            "vtpm_enabled": false,
            "zone": ""
          },
          "sensitive_attributes": [],
          "private": "eyJlMmJmYjczMC1lY2FhLTExZTYtOGY4OC0zNDM2M2JjN2M0YzAiOnsiY3JlYXRlIjoyNzAwMDAwMDAwMDAwLCJkZWxldGUiOjI3MDAwMDAwMDAwMDAsInJlYWQiOjMwMDAwMDAwMDAwMCwidXBkYXRlIjoyNzAwMDAwMDAwMDAwfX0=",
          "dependencies": [
            "azurerm_subnet.support",
            "azurerm_virtual_network.vnet3",
            "module.rgroup.azurerm_resource_group.resource_group",
            "module.support-dns-srv1.azurerm_network_interface.main"
          ]
        }
      ]
    },
    {
      "module": "module.support-dns-srv1",
      "mode": "managed",
      "type": "azurerm_network_interface",
      "name": "main",
      "provider": "provider[\"registry.terraform.io/hashicorp/azurerm\"]",
      "instances": [
        {
          "index_key": 0,
          "schema_version": 0,
          "attributes": {
            "applied_dns_servers": [],
            "dns_servers": [],
            "edge_zone": "",
            "enable_accelerated_networking": false,
            "enable_ip_forwarding": true,
            "id": "/subscriptions/aab8f84c-7790-4073-afe3-bf27ed5b639e/resourceGroups/brumnet-palo-rg/providers/Microsoft.Network/networkInterfaces/brumnet-palo-support-dns-srv1-nic-0",
            "internal_dns_name_label": "",
            "internal_domain_name_suffix": "xwtypo2eiipuvhdkq3cxxivbqh.bx.internal.cloudapp.net",
            "ip_configuration": [
              {
                "gateway_load_balancer_frontend_ip_configuration_id": "",
                "name": "internal",
                "primary": true,
                "private_ip_address": "91.52.201.22",
                "private_ip_address_allocation": "Static",
                "private_ip_address_version": "IPv4",
                "public_ip_address_id": "",
                "subnet_id": "/subscriptions/aab8f84c-7790-4073-afe3-bf27ed5b639e/resourceGroups/brumnet-palo-rg/providers/Microsoft.Network/virtualNetworks/brumnet-palo-vnet3/subnets/brumnet-palo-support"
              }
            ],
            "location": "eastus",
            "mac_address": "",
            "name": "brumnet-palo-support-dns-srv1-nic-0",
            "private_ip_address": "91.52.201.22",
            "private_ip_addresses": [
              "91.52.201.22"
            ],
            "resource_group_name": "brumnet-palo-rg",
            "tags": {
              "CreatedDate": "2024-03-29T18:47:37.6534263Z",
              "Creator": "ToBeSetByAutomation"
            },
            "timeouts": null,
            "virtual_machine_id": ""
          },
          "sensitive_attributes": [],
          "private": "eyJlMmJmYjczMC1lY2FhLTExZTYtOGY4OC0zNDM2M2JjN2M0YzAiOnsiY3JlYXRlIjoxODAwMDAwMDAwMDAwLCJkZWxldGUiOjE4MDAwMDAwMDAwMDAsInJlYWQiOjMwMDAwMDAwMDAwMCwidXBkYXRlIjoxODAwMDAwMDAwMDAwfX0=",
          "dependencies": [
            "azurerm_subnet.support",
            "azurerm_virtual_network.vnet3",
            "module.rgroup.azurerm_resource_group.resource_group"
          ]
        }
      ]
    },
    {
      "module": "module.support-jumpbox-srv1",
      "mode": "managed",
      "type": "azurerm_network_interface",
      "name": "main",
      "provider": "provider[\"registry.terraform.io/hashicorp/azurerm\"]",
      "instances": [
        {
          "index_key": 0,
          "schema_version": 0,
          "attributes": {
            "applied_dns_servers": [],
            "dns_servers": [],
            "edge_zone": "",
            "enable_accelerated_networking": false,
            "enable_ip_forwarding": true,
            "id": "/subscriptions/aab8f84c-7790-4073-afe3-bf27ed5b639e/resourceGroups/brumnet-palo-rg/providers/Microsoft.Network/networkInterfaces/brumnet-palo-jumpbox-srv1-nic-0",
            "internal_dns_name_label": "",
            "internal_domain_name_suffix": "elxsudqnjucudksl1wn23rxrpe.bx.internal.cloudapp.net",
            "ip_configuration": [
              {
                "gateway_load_balancer_frontend_ip_configuration_id": "",
                "name": "internal",
                "primary": true,
                "private_ip_address": "176.59.15.13",
                "private_ip_address_allocation": "Static",
                "private_ip_address_version": "IPv4",
                "public_ip_address_id": "",
                "subnet_id": "/subscriptions/aab8f84c-7790-4073-afe3-bf27ed5b639e/resourceGroups/brumnet-palo-rg/providers/Microsoft.Network/virtualNetworks/brumnet-palo-vnet2/subnets/brumnet-palo-red"
              }
            ],
            "location": "eastus",
            "mac_address": "",
            "name": "brumnet-palo-jumpbox-srv1-nic-0",
            "private_ip_address": "176.59.15.13",
            "private_ip_addresses": [
              "176.59.15.13"
            ],
            "resource_group_name": "brumnet-palo-rg",
            "tags": {
              "CreatedDate": "2024-03-29T18:47:25.9247863Z",
              "Creator": "ToBeSetByAutomation"
            },
            "timeouts": null,
            "virtual_machine_id": ""
          },
          "sensitive_attributes": [],
          "private": "eyJlMmJmYjczMC1lY2FhLTExZTYtOGY4OC0zNDM2M2JjN2M0YzAiOnsiY3JlYXRlIjoxODAwMDAwMDAwMDAwLCJkZWxldGUiOjE4MDAwMDAwMDAwMDAsInJlYWQiOjMwMDAwMDAwMDAwMCwidXBkYXRlIjoxODAwMDAwMDAwMDAwfX0=",
          "dependencies": [
            "azurerm_subnet.red",
            "azurerm_virtual_network.vnet2",
            "module.rgroup.azurerm_resource_group.resource_group"
          ]
        }
      ]
    },
    {
      "module": "module.support-jumpbox-srv1",
      "mode": "managed",
      "type": "azurerm_windows_virtual_machine",
      "name": "main",
      "provider": "provider[\"registry.terraform.io/hashicorp/azurerm\"]",
      "instances": [
        {
          "schema_version": 0,
          "attributes": {
            "additional_capabilities": [],
            "additional_unattend_content": [
              {
                "content": "\u003cAutoLogon\u003e\u003cPassword\u003e\u003cValue\u003eLtCyber1!\u003c/Value\u003e\u003c/Password\u003e\u003cEnabled\u003etrue\u003c/Enabled\u003e\u003cLogonCount\u003e1\u003c/LogonCount\u003e\u003cUsername\u003eadminuser\u003c/Username\u003e\u003c/AutoLogon\u003e",
                "setting": "AutoLogon"
              },
              {
                "content": "\u003cFirstLogonCommands\u003e\n    \u003cSynchronousCommand\u003e\n        \u003cCommandLine\u003ecmd /c \"mkdir C:\\terraform\"\u003c/CommandLine\u003e\n        \u003cDescription\u003eCreate the Terraform working directory\u003c/Description\u003e\n        \u003cOrder\u003e11\u003c/Order\u003e\n    \u003c/SynchronousCommand\u003e\n    \u003cSynchronousCommand\u003e\n        \u003cCommandLine\u003ecmd /c \"copy C:\\AzureData\\CustomData.bin C:\\terraform\\winrm.ps1\"\u003c/CommandLine\u003e\n        \u003cDescription\u003eMove the CustomData file to the working directory\u003c/Description\u003e\n        \u003cOrder\u003e12\u003c/Order\u003e\n    \u003c/SynchronousCommand\u003e\n    \u003cSynchronousCommand\u003e\n        \u003cCommandLine\u003epowershell.exe -sta -ExecutionPolicy Unrestricted -file C:\\terraform\\winrm.ps1\u003c/CommandLine\u003e\n        \u003cDescription\u003eExecute the WinRM enabling script\u003c/Description\u003e\n        \u003cOrder\u003e13\u003c/Order\u003e\n    \u003c/SynchronousCommand\u003e\n\u003c/FirstLogonCommands\u003e\n",
                "setting": "FirstLogonCommands"
              }
            ],
            "admin_password": "LtCyber1!",
            "admin_username": "adminuser",
            "allow_extension_operations": true,
            "availability_set_id": "",
            "boot_diagnostics": [],
            "capacity_reservation_group_id": "",
            "computer_name": "stelio",
            "custom_data": "UGFyYW0oJFJlbW90ZUhvc3ROYW1lID0gInN0ZWxpbyIsICRDb21wdXRlck5hbWUgPSAic3RlbGlvIikgJENlcnQgPSBOZXctU2VsZlNpZ25lZENlcnRpZmljYXRlIC1EbnNOYW1lICRSZW1vdGVIb3N0TmFtZSwgJENvbXB1dGVyTmFtZSBgCiAgICAtQ2VydFN0b3JlTG9jYXRpb24gImNlcnQ6XExvY2FsTWFjaGluZVxNeSIgYAogICAgLUZyaWVuZGx5TmFtZSAiVGVzdCBXaW5STSBDZXJ0IgoKJENlcnQgfCBPdXQtU3RyaW5nCgokVGh1bWJwcmludCA9ICRDZXJ0LlRodW1icHJpbnQKCldyaXRlLUhvc3QgIkVuYWJsZSBIVFRQUyBpbiBXaW5STSIKJFdpblJtSHR0cHMgPSAiQHtIb3N0bmFtZT1gIiRSZW1vdGVIb3N0TmFtZWAiOyBDZXJ0aWZpY2F0ZVRodW1icHJpbnQ9YCIkVGh1bWJwcmludGAifSIKd2lucm0gY3JlYXRlIHdpbnJtL2NvbmZpZy9MaXN0ZW5lcj9BZGRyZXNzPSorVHJhbnNwb3J0PUhUVFBTICRXaW5SbUh0dHBzCgpXcml0ZS1Ib3N0ICJTZXQgQmFzaWMgQXV0aCBpbiBXaW5STSIKJFdpblJtQmFzaWMgPSAiQHtCYXNpYz1gInRydWVgIn0iCndpbnJtIHNldCB3aW5ybS9jb25maWcvc2VydmljZS9BdXRoICRXaW5SbUJhc2ljCgpXcml0ZS1Ib3N0ICJPcGVuIEZpcmV3YWxsIFBvcnQiCm5ldHNoIGFkdmZpcmV3YWxsIGZpcmV3YWxsIGFkZCBydWxlIG5hbWU9IldpbmRvd3MgUmVtb3RlIE1hbmFnZW1lbnQgKEhUVFBTLUluKSIgZGlyPWluIGFjdGlvbj1hbGxvdyBwcm90b2NvbD1UQ1AgbG9jYWxwb3J0PTU5ODUK",
            "dedicated_host_group_id": "",
            "dedicated_host_id": "",
            "edge_zone": "",
            "enable_automatic_updates": false,
            "encryption_at_host_enabled": false,
            "eviction_policy": "",
            "extensions_time_budget": "PT1H30M",
            "gallery_application": [],
            "hotpatching_enabled": false,
            "id": "/subscriptions/aab8f84c-7790-4073-afe3-bf27ed5b639e/resourceGroups/brumnet-palo-rg/providers/Microsoft.Compute/virtualMachines/brumnet-palo-jumpbox-srv1",
            "identity": [],
            "license_type": "",
            "location": "eastus",
            "max_bid_price": -1,
            "name": "brumnet-palo-jumpbox-srv1",
            "network_interface_ids": [
              "/subscriptions/aab8f84c-7790-4073-afe3-bf27ed5b639e/resourceGroups/brumnet-palo-rg/providers/Microsoft.Network/networkInterfaces/brumnet-palo-jumpbox-srv1-nic-0"
            ],
            "os_disk": [
              {
                "caching": "ReadWrite",
                "diff_disk_settings": [],
                "disk_encryption_set_id": "",
                "disk_size_gb": 127,
                "name": "brumnet-palo-jumpbox-srv1_OsDisk_1_ec0e5e2c0a0d4478a7316c7852d40c24",
                "secure_vm_disk_encryption_set_id": "",
                "security_encryption_type": "",
                "storage_account_type": "StandardSSD_LRS",
                "write_accelerator_enabled": false
              }
            ],
            "patch_assessment_mode": "ImageDefault",
            "patch_mode": "Manual",
            "plan": [],
            "platform_fault_domain": -1,
            "priority": "Regular",
            "private_ip_address": "176.59.15.13",
            "private_ip_addresses": [
              "176.59.15.13"
            ],
            "provision_vm_agent": true,
            "proximity_placement_group_id": "",
            "public_ip_address": "",
            "public_ip_addresses": [],
            "resource_group_name": "brumnet-palo-rg",
            "secret": [],
            "secure_boot_enabled": false,
            "size": "Standard_D4s_v4",
            "source_image_id": "",
            "source_image_reference": [
              {
                "offer": "WindowsServer",
                "publisher": "MicrosoftWindowsServer",
                "sku": "2016-Datacenter",
                "version": "latest"
              }
            ],
            "tags": {
              "CreatedDate": "2024-03-29T18:47:26.9256781Z",
              "Creator": "ToBeSetByAutomation",
              "category": "",
              "description": "Support - Windows Jumpbox Server",
              "environment": "YOUR_RANGE_ENV",
              "region": "eastus"
            },
            "termination_notification": null,
            "timeouts": null,
            "timezone": "",
            "user_data": "",
            "virtual_machine_id": "9e9ef98f-350c-4595-832c-9aad47ad4b73",
            "virtual_machine_scale_set_id": "",
            "vtpm_enabled": false,
            "winrm_listener": [],
            "zone": ""
          },
          "sensitive_attributes": [],
          "private": "eyJlMmJmYjczMC1lY2FhLTExZTYtOGY4OC0zNDM2M2JjN2M0YzAiOnsiY3JlYXRlIjoyNzAwMDAwMDAwMDAwLCJkZWxldGUiOjI3MDAwMDAwMDAwMDAsInJlYWQiOjMwMDAwMDAwMDAwMCwidXBkYXRlIjoyNzAwMDAwMDAwMDAwfX0=",
          "dependencies": [
            "azurerm_subnet.red",
            "azurerm_virtual_network.vnet2",
            "module.rgroup.azurerm_resource_group.resource_group",
            "module.support-jumpbox-srv1.azurerm_network_interface.main"
          ]
        }
      ]
    },
    {
      "module": "module.support-pf-srv1",
      "mode": "managed",
      "type": "azurerm_linux_virtual_machine",
      "name": "main",
      "provider": "provider[\"registry.terraform.io/hashicorp/azurerm\"]",
      "instances": [
        {
          "schema_version": 0,
          "attributes": {
            "additional_capabilities": [],
            "admin_password": "LtCyber1!",
            "admin_ssh_key": [
              {
                "public_key": "ssh-rsa AAAAB3NzaC1yc2EAAAADAQABAAACAQCXID8jsBr9HBSAUEUw0zst4tIQbN9Q1R0VLM2SjCp4qI760uXf/P5Fq3Bi+z4wA0WuRQKZCBFYZ18doo5j4mmcNNdFYtjNGvclZR6zNHvDtu4TRpIO3UMDCnqLD1/xQYna2sQQGRcQXC+gw6FXbtpQKdPpnXg62SKLpOCQHuO2QnFBcZ/z5LdcXpwTioi9bdz+pd6wWyNN/cHwpY3cZUp6ctsuvTYSrlt2/69vkESBPXHT8uWeJLYJAtdnXaP1gNw73YCurG6Q8RzMz3UfC02FKpva2rMh8qV9ULOF6GcDX7S2b9hCYJm0C+QSNGlWJzHGe86Jptqcd3+lJkuVuDOz8I37XULczCTMLPqtuyQuqpPO6bzwj9MCaQZtDovKRu7i7Hw3dJkguluyrhQxuhyQPM4IEm2L+aydJ2JfPLQsYyhvcu2HqhMYtM7UaHJ4AvC5pqb64XS60vUdrgq0crN6EG5bncZiYCWelhgv8QxdERD5QSZxUbXZ7a/Ewiq5i8nj0LC/9+cvrRbBJyPz9nZW0HqQlpAq/M3AIw5UEXDqt5YxBPNbeRJEbrRgP1zQJc1DfYHLmImXcAt56Db6PmX2h2Gr5o/oYNnTZ/xQWUAQC7Yv+6fcfzPLGlwxpqnxlJyESYvP2DV33zgYb0Lyxknwpr350NrFksqmSzOpKFOluw== sbrumley@M-WHQTJW63YP\n",
                "username": "adminuser"
              }
            ],
            "admin_username": "adminuser",
            "allow_extension_operations": true,
            "availability_set_id": "",
            "boot_diagnostics": [],
            "capacity_reservation_group_id": "",
            "computer_name": "brumnet-palo-pf-srv1",
            "custom_data": null,
            "dedicated_host_group_id": "",
            "dedicated_host_id": "",
            "disable_password_authentication": false,
            "edge_zone": "",
            "encryption_at_host_enabled": false,
            "eviction_policy": "",
            "extensions_time_budget": "PT1H30M",
            "gallery_application": [],
            "id": "/subscriptions/aab8f84c-7790-4073-afe3-bf27ed5b639e/resourceGroups/brumnet-palo-rg/providers/Microsoft.Compute/virtualMachines/brumnet-palo-pf-srv1",
            "identity": [],
            "license_type": "",
            "location": "eastus",
            "max_bid_price": -1,
            "name": "brumnet-palo-pf-srv1",
            "network_interface_ids": [
              "/subscriptions/aab8f84c-7790-4073-afe3-bf27ed5b639e/resourceGroups/brumnet-palo-rg/providers/Microsoft.Network/networkInterfaces/brumnet-palo-pf-srv1-nic-0"
            ],
            "os_disk": [
              {
                "caching": "ReadWrite",
                "diff_disk_settings": [],
                "disk_encryption_set_id": "",
                "disk_size_gb": 30,
                "name": "brumnet-palo-pf-srv1_disk1_1c88a58222534e9ba4d4d6ce95c239da",
                "secure_vm_disk_encryption_set_id": "",
                "security_encryption_type": "",
                "storage_account_type": "StandardSSD_LRS",
                "write_accelerator_enabled": false
              }
            ],
            "patch_assessment_mode": "ImageDefault",
            "patch_mode": "ImageDefault",
            "plan": [],
            "platform_fault_domain": -1,
            "priority": "Regular",
            "private_ip_address": "91.52.201.29",
            "private_ip_addresses": [
              "91.52.201.29"
            ],
            "provision_vm_agent": true,
            "proximity_placement_group_id": "",
            "public_ip_address": "",
            "public_ip_addresses": [],
            "resource_group_name": "brumnet-palo-rg",
            "secret": [],
            "secure_boot_enabled": false,
            "size": "Standard_D2s_v4",
            "source_image_id": "",
            "source_image_reference": [
              {
                "offer": "0001-com-ubuntu-server-focal",
                "publisher": "Canonical",
                "sku": "20_04-lts-gen2",
                "version": "20.04.202207130"
              }
            ],
            "tags": {
              "CreatedDate": "2024-03-29T18:47:38.4263907Z",
              "Creator": "ToBeSetByAutomation",
              "category": "",
              "description": "Postfix Ubuntu Server",
              "environment": "YOUR_RANGE_ENV",
              "region": "eastus"
            },
            "termination_notification": null,
            "timeouts": null,
            "user_data": "",
            "virtual_machine_id": "8ab6f302-1b16-4a6f-8e91-276c6cd953dd",
            "virtual_machine_scale_set_id": "",
            "vtpm_enabled": false,
            "zone": ""
          },
          "sensitive_attributes": [],
          "private": "eyJlMmJmYjczMC1lY2FhLTExZTYtOGY4OC0zNDM2M2JjN2M0YzAiOnsiY3JlYXRlIjoyNzAwMDAwMDAwMDAwLCJkZWxldGUiOjI3MDAwMDAwMDAwMDAsInJlYWQiOjMwMDAwMDAwMDAwMCwidXBkYXRlIjoyNzAwMDAwMDAwMDAwfX0=",
          "dependencies": [
            "azurerm_subnet.support",
            "azurerm_virtual_network.vnet3",
            "module.rgroup.azurerm_resource_group.resource_group",
            "module.support-pf-srv1.azurerm_network_interface.main"
          ]
        }
      ]
    },
    {
      "module": "module.support-pf-srv1",
      "mode": "managed",
      "type": "azurerm_network_interface",
      "name": "main",
      "provider": "provider[\"registry.terraform.io/hashicorp/azurerm\"]",
      "instances": [
        {
          "index_key": 0,
          "schema_version": 0,
          "attributes": {
            "applied_dns_servers": [],
            "dns_servers": [],
            "edge_zone": "",
            "enable_accelerated_networking": false,
            "enable_ip_forwarding": true,
            "id": "/subscriptions/aab8f84c-7790-4073-afe3-bf27ed5b639e/resourceGroups/brumnet-palo-rg/providers/Microsoft.Network/networkInterfaces/brumnet-palo-pf-srv1-nic-0",
            "internal_dns_name_label": "",
            "internal_domain_name_suffix": "xwtypo2eiipuvhdkq3cxxivbqh.bx.internal.cloudapp.net",
            "ip_configuration": [
              {
                "gateway_load_balancer_frontend_ip_configuration_id": "",
                "name": "internal",
                "primary": true,
                "private_ip_address": "91.52.201.29",
                "private_ip_address_allocation": "Static",
                "private_ip_address_version": "IPv4",
                "public_ip_address_id": "",
                "subnet_id": "/subscriptions/aab8f84c-7790-4073-afe3-bf27ed5b639e/resourceGroups/brumnet-palo-rg/providers/Microsoft.Network/virtualNetworks/brumnet-palo-vnet3/subnets/brumnet-palo-support"
              }
            ],
            "location": "eastus",
            "mac_address": "",
            "name": "brumnet-palo-pf-srv1-nic-0",
            "private_ip_address": "91.52.201.29",
            "private_ip_addresses": [
              "91.52.201.29"
            ],
            "resource_group_name": "brumnet-palo-rg",
            "tags": {
              "CreatedDate": "2024-03-29T18:47:36.8362641Z",
              "Creator": "ToBeSetByAutomation"
            },
            "timeouts": null,
            "virtual_machine_id": ""
          },
          "sensitive_attributes": [],
          "private": "eyJlMmJmYjczMC1lY2FhLTExZTYtOGY4OC0zNDM2M2JjN2M0YzAiOnsiY3JlYXRlIjoxODAwMDAwMDAwMDAwLCJkZWxldGUiOjE4MDAwMDAwMDAwMDAsInJlYWQiOjMwMDAwMDAwMDAwMCwidXBkYXRlIjoxODAwMDAwMDAwMDAwfX0=",
          "dependencies": [
            "azurerm_subnet.support",
            "azurerm_virtual_network.vnet3",
            "module.rgroup.azurerm_resource_group.resource_group"
          ]
        }
      ]
    },
    {
      "module": "module.support-web-srv3",
      "mode": "managed",
      "type": "azurerm_linux_virtual_machine",
      "name": "main",
      "provider": "provider[\"registry.terraform.io/hashicorp/azurerm\"]",
      "instances": [
        {
          "schema_version": 0,
          "attributes": {
            "additional_capabilities": [],
            "admin_password": "LtCyber1!",
            "admin_ssh_key": [
              {
                "public_key": "ssh-rsa AAAAB3NzaC1yc2EAAAADAQABAAACAQCXID8jsBr9HBSAUEUw0zst4tIQbN9Q1R0VLM2SjCp4qI760uXf/P5Fq3Bi+z4wA0WuRQKZCBFYZ18doo5j4mmcNNdFYtjNGvclZR6zNHvDtu4TRpIO3UMDCnqLD1/xQYna2sQQGRcQXC+gw6FXbtpQKdPpnXg62SKLpOCQHuO2QnFBcZ/z5LdcXpwTioi9bdz+pd6wWyNN/cHwpY3cZUp6ctsuvTYSrlt2/69vkESBPXHT8uWeJLYJAtdnXaP1gNw73YCurG6Q8RzMz3UfC02FKpva2rMh8qV9ULOF6GcDX7S2b9hCYJm0C+QSNGlWJzHGe86Jptqcd3+lJkuVuDOz8I37XULczCTMLPqtuyQuqpPO6bzwj9MCaQZtDovKRu7i7Hw3dJkguluyrhQxuhyQPM4IEm2L+aydJ2JfPLQsYyhvcu2HqhMYtM7UaHJ4AvC5pqb64XS60vUdrgq0crN6EG5bncZiYCWelhgv8QxdERD5QSZxUbXZ7a/Ewiq5i8nj0LC/9+cvrRbBJyPz9nZW0HqQlpAq/M3AIw5UEXDqt5YxBPNbeRJEbrRgP1zQJc1DfYHLmImXcAt56Db6PmX2h2Gr5o/oYNnTZ/xQWUAQC7Yv+6fcfzPLGlwxpqnxlJyESYvP2DV33zgYb0Lyxknwpr350NrFksqmSzOpKFOluw== sbrumley@M-WHQTJW63YP\n",
                "username": "adminuser"
              }
            ],
            "admin_username": "adminuser",
            "allow_extension_operations": true,
            "availability_set_id": "",
            "boot_diagnostics": [],
            "capacity_reservation_group_id": "",
            "computer_name": "brumnet-palo-support-web-srv3",
            "custom_data": null,
            "dedicated_host_group_id": "",
            "dedicated_host_id": "",
            "disable_password_authentication": false,
            "edge_zone": "",
            "encryption_at_host_enabled": false,
            "eviction_policy": "",
            "extensions_time_budget": "PT1H30M",
            "gallery_application": [],
            "id": "/subscriptions/aab8f84c-7790-4073-afe3-bf27ed5b639e/resourceGroups/brumnet-palo-rg/providers/Microsoft.Compute/virtualMachines/brumnet-palo-support-web-srv3",
            "identity": [],
            "license_type": "",
            "location": "eastus",
            "max_bid_price": -1,
            "name": "brumnet-palo-support-web-srv3",
            "network_interface_ids": [
              "/subscriptions/aab8f84c-7790-4073-afe3-bf27ed5b639e/resourceGroups/brumnet-palo-rg/providers/Microsoft.Network/networkInterfaces/brumnet-palo-support-web-srv3-nic-0"
            ],
            "os_disk": [
              {
                "caching": "ReadWrite",
                "diff_disk_settings": [],
                "disk_encryption_set_id": "",
                "disk_size_gb": 30,
                "name": "brumnet-palo-support-web-srv3_disk1_a9d42537e21a4b89b83b26cc168c0ea4",
                "secure_vm_disk_encryption_set_id": "",
                "security_encryption_type": "",
                "storage_account_type": "StandardSSD_LRS",
                "write_accelerator_enabled": false
              }
            ],
            "patch_assessment_mode": "ImageDefault",
            "patch_mode": "ImageDefault",
            "plan": [],
            "platform_fault_domain": -1,
            "priority": "Regular",
            "private_ip_address": "91.52.201.21",
            "private_ip_addresses": [
              "91.52.201.21"
            ],
            "provision_vm_agent": true,
            "proximity_placement_group_id": "",
            "public_ip_address": "",
            "public_ip_addresses": [],
            "resource_group_name": "brumnet-palo-rg",
            "secret": [],
            "secure_boot_enabled": false,
            "size": "Standard_D2s_v4",
            "source_image_id": "",
            "source_image_reference": [
              {
                "offer": "0001-com-ubuntu-server-focal",
                "publisher": "Canonical",
                "sku": "20_04-lts-gen2",
                "version": "20.04.202207130"
              }
            ],
            "tags": {
              "CreatedDate": "2024-03-29T18:49:20.6083799Z",
              "Creator": "ToBeSetByAutomation",
              "category": "",
              "description": "Web Ubuntu Server",
              "environment": "YOUR_RANGE_ENV",
              "region": "eastus"
            },
            "termination_notification": null,
            "timeouts": null,
            "user_data": "",
            "virtual_machine_id": "827597da-e997-4b1f-93cc-fddf7e03b4f1",
            "virtual_machine_scale_set_id": "",
            "vtpm_enabled": false,
            "zone": ""
          },
          "sensitive_attributes": [],
          "private": "eyJlMmJmYjczMC1lY2FhLTExZTYtOGY4OC0zNDM2M2JjN2M0YzAiOnsiY3JlYXRlIjoyNzAwMDAwMDAwMDAwLCJkZWxldGUiOjI3MDAwMDAwMDAwMDAsInJlYWQiOjMwMDAwMDAwMDAwMCwidXBkYXRlIjoyNzAwMDAwMDAwMDAwfX0=",
          "dependencies": [
            "azurerm_subnet.support",
            "azurerm_virtual_network.vnet3",
            "module.rgroup.azurerm_resource_group.resource_group",
            "module.support-dns-srv1.azurerm_network_interface.main",
            "module.support-web-srv3.azurerm_network_interface.main"
          ]
        }
      ]
    },
    {
      "module": "module.support-web-srv3",
      "mode": "managed",
      "type": "azurerm_network_interface",
      "name": "main",
      "provider": "provider[\"registry.terraform.io/hashicorp/azurerm\"]",
      "instances": [
        {
          "index_key": 0,
          "schema_version": 0,
          "attributes": {
            "applied_dns_servers": [],
            "dns_servers": [
              "91.52.201.22"
            ],
            "edge_zone": "",
            "enable_accelerated_networking": false,
            "enable_ip_forwarding": true,
            "id": "/subscriptions/aab8f84c-7790-4073-afe3-bf27ed5b639e/resourceGroups/brumnet-palo-rg/providers/Microsoft.Network/networkInterfaces/brumnet-palo-support-web-srv3-nic-0",
            "internal_dns_name_label": "",
            "internal_domain_name_suffix": "xwtypo2eiipuvhdkq3cxxivbqh.bx.internal.cloudapp.net",
            "ip_configuration": [
              {
                "gateway_load_balancer_frontend_ip_configuration_id": "",
                "name": "internal",
                "primary": true,
                "private_ip_address": "91.52.201.21",
                "private_ip_address_allocation": "Static",
                "private_ip_address_version": "IPv4",
                "public_ip_address_id": "",
                "subnet_id": "/subscriptions/aab8f84c-7790-4073-afe3-bf27ed5b639e/resourceGroups/brumnet-palo-rg/providers/Microsoft.Network/virtualNetworks/brumnet-palo-vnet3/subnets/brumnet-palo-support"
              }
            ],
            "location": "eastus",
            "mac_address": "",
            "name": "brumnet-palo-support-web-srv3-nic-0",
            "private_ip_address": "91.52.201.21",
            "private_ip_addresses": [
              "91.52.201.21"
            ],
            "resource_group_name": "brumnet-palo-rg",
            "tags": {
              "CreatedDate": "2024-03-29T18:49:09.9433299Z",
              "Creator": "ToBeSetByAutomation"
            },
            "timeouts": null,
            "virtual_machine_id": ""
          },
          "sensitive_attributes": [],
          "private": "eyJlMmJmYjczMC1lY2FhLTExZTYtOGY4OC0zNDM2M2JjN2M0YzAiOnsiY3JlYXRlIjoxODAwMDAwMDAwMDAwLCJkZWxldGUiOjE4MDAwMDAwMDAwMDAsInJlYWQiOjMwMDAwMDAwMDAwMCwidXBkYXRlIjoxODAwMDAwMDAwMDAwfX0=",
          "dependencies": [
            "azurerm_subnet.support",
            "azurerm_virtual_network.vnet3",
            "module.rgroup.azurerm_resource_group.resource_group",
            "module.support-dns-srv1.azurerm_network_interface.main"
          ]
        }
      ]
    }
  ],
  "check_results": null
}
